{
  "version": 4,
  "terraform_version": "1.15.8",
  "serial": 137,
  "lineage": "df8d8f10-7443-b134-c78f-6991d8cfef38",
  "outputs": {},
  "resources": [
    {
      "mode": "managed",
      "type": "aws_vpc",
      "name": "main",
      "provider": "provider[\"registry.terraform.io/hashicorp/aws\"]",
      "instances": [
        {
          "schema_version": 1,
          "attributes": {
            "arn": "arn:aws:ec2:us-east-1:186703948765:vpc/vpc-081c9ad625142a131",
            "assign_generated_ipv6_cidr_block": false,
            "cidr_block": "10.0.0.0/16",
            "default_network_acl_id": "acl-0659ab10dc9d42596",
            "default_route_table_id": "rtb-02a39a34e8ddb79b5",
            "default_security_group_id": "sg-0166f7bada15a27af",
            "dhcp_options_id": "dopt-05e0198ee81a64afd",
            "enable_dns_hostnames": true,
            "enable_dns_support": true,
            "enable_network_address_usage_metrics": false,
            "id": "vpc-081c9ad625142a131",
            "instance_tenancy": "default",
            "ipv4_ipam_pool_id": null,
            "ipv4_netmask_length": null,
            "ipv6_association_id": "",
            "ipv6_cidr_block": "",
            "ipv6_cidr_block_network_border_group": "",
            "ipv6_ipam_pool_id": "",
            "ipv6_netmask_length": 0,
            "main_route_table_id": "rtb-02a39a34e8ddb79b5",
            "owner_id": "186703948765",
            "tags": {
              "Name": "ecs-fargate-vpc"
            },
            "tags_all": {
              "Name": "ecs-fargate-vpc"
            }
          },
          "sensitive_attributes": [],
          "identity_schema_version": 0,
          "private": "eyJzY2hlbWFfdmVyc2lvbiI6IjEifQ=="
        }
      ]
    }
  ],
  "check_results": null
}
