{
  "version": 4,
  "terraform_version": "1.15.8",
  "serial": 303,
  "lineage": "df8d8f10-7443-b134-c78f-6991d8cfef38",
  "outputs": {
    "alb_hostname": {
      "value": "ecs-20260810070555078600000014-1902485457.ap-south-2.elb.amazonaws.com",
      "type": "string"
    },
    "alb_security_group_id": {
      "value": "sg-0127ea60337dc761e",
      "type": "string"
    },
    "cloudfront_domain_name": {
      "value": "ticketdesk-ui-frontend-20260810070528540800000004.s3-website.ap-south-2.amazonaws.com",
      "type": "string"
    },
    "ecs_tasks_security_group_id": {
      "value": "sg-0ca2a70583f36632d",
      "type": "string"
    },
    "s3_bucket_name": {
      "value": "ticketdesk-ui-frontend-20260810070528540800000004",
      "type": "string"
    }
  },
  "resources": [
    {
      "mode": "data",
      "type": "archive_file",
      "name": "lambda_zip",
      "provider": "provider[\"registry.terraform.io/hashicorp/archive\"]",
      "instances": [
        {
          "schema_version": 0,
          "attributes": {
            "exclude_symlink_directories": null,
            "excludes": [
              "thumbnail.py",
              "thumbnail.txt",
              "thumbnail.zip"
            ],
            "id": "d2dce00867397c73ef4922d65677c84228f8a0b7",
            "output_base64sha256": "xqJRejCgUNzWJdA61GoFtsGzmtHquGeQz0AuJUr47Z8=",
            "output_base64sha512": "e2JcR3xuPIbG4yHz30xhM2hSd1S8K9BDlEO9nb/jAvLkMBJUPzK13yZNO3Bc53c2RYRUdvOsyYvZJqcTsfN7nw==",
            "output_file_mode": null,
            "output_md5": "3db15501b9c5fad60fefbfe11cf532e3",
            "output_path": "./../lambda/thumbnail.zip",
            "output_sha": "d2dce00867397c73ef4922d65677c84228f8a0b7",
            "output_sha256": "c6a2517a30a050dcd625d03ad46a05b6c1b39ad1eab86790cf402e254af8ed9f",
            "output_sha512": "7b625c477c6e3c86c6e321f3df4c613368527754bc2bd0439443bd9dbfe302f2e43012543f32b5df264d3b705ce7773645845476f3acc98bd926a713b1f37b9f",
            "output_size": 16276886,
            "source": [],
            "source_content": null,
            "source_content_filename": null,
            "source_dir": "./../lambda",
            "source_file": null,
            "type": "zip"
          },
          "sensitive_attributes": [],
          "identity_schema_version": 0
        }
      ]
    },
    {
      "mode": "data",
      "type": "aws_caller_identity",
      "name": "current",
      "provider": "provider[\"registry.terraform.io/hashicorp/aws\"]",
      "instances": [
        {
          "schema_version": 0,
          "attributes": {
            "account_id": "186703948765",
            "arn": "arn:aws:iam::186703948765:root",
            "id": "186703948765",
            "user_id": "186703948765"
          },
          "sensitive_attributes": [],
          "identity_schema_version": 0
        }
      ]
    },
    {
      "mode": "data",
      "type": "aws_region",
      "name": "current",
      "provider": "provider[\"registry.terraform.io/hashicorp/aws\"]",
      "instances": [
        {
          "schema_version": 0,
          "attributes": {
            "description": "Asia Pacific (Hyderabad)",
            "endpoint": "ec2.ap-south-2.amazonaws.com",
            "id": "ap-south-2",
            "name": "ap-south-2"
          },
          "sensitive_attributes": [],
          "identity_schema_version": 0
        }
      ]
    },
    {
      "mode": "managed",
      "type": "aws_alb",
      "name": "main",
      "provider": "provider[\"registry.terraform.io/hashicorp/aws\"]",
      "instances": [
        {
          "schema_version": 0,
          "attributes": {
            "access_logs": [
              {
                "bucket": "",
                "enabled": false,
                "prefix": ""
              }
            ],
            "arn": "arn:aws:elasticloadbalancing:ap-south-2:186703948765:loadbalancer/app/ecs-20260810070555078600000014/1c75082450ede0a6",
            "arn_suffix": "app/ecs-20260810070555078600000014/1c75082450ede0a6",
            "client_keep_alive": 3600,
            "connection_logs": [
              {
                "bucket": "",
                "enabled": false,
                "prefix": ""
              }
            ],
            "customer_owned_ipv4_pool": "",
            "desync_mitigation_mode": "defensive",
            "dns_name": "ecs-20260810070555078600000014-1902485457.ap-south-2.elb.amazonaws.com",
            "dns_record_client_routing_policy": null,
            "drop_invalid_header_fields": false,
            "enable_cross_zone_load_balancing": true,
            "enable_deletion_protection": false,
            "enable_http2": true,
            "enable_tls_version_and_cipher_suite_headers": false,
            "enable_waf_fail_open": false,
            "enable_xff_client_port": false,
            "enable_zonal_shift": false,
            "enforce_security_group_inbound_rules_on_private_link_traffic": "",
            "id": "arn:aws:elasticloadbalancing:ap-south-2:186703948765:loadbalancer/app/ecs-20260810070555078600000014/1c75082450ede0a6",
            "idle_timeout": 60,
            "internal": false,
            "ip_address_type": "ipv4",
            "ipam_pools": [],
            "load_balancer_type": "application",
            "minimum_load_balancer_capacity": [],
            "name": "ecs-20260810070555078600000014",
            "name_prefix": "ecs-",
            "preserve_host_header": false,
            "security_groups": [
              "sg-0127ea60337dc761e"
            ],
            "subnet_mapping": [
              {
                "allocation_id": "",
                "ipv6_address": "",
                "outpost_id": "",
                "private_ipv4_address": "",
                "subnet_id": "subnet-01a5e54f9b91a0e1f"
              },
              {
                "allocation_id": "",
                "ipv6_address": "",
                "outpost_id": "",
                "private_ipv4_address": "",
                "subnet_id": "subnet-07f80e2dac53ea21a"
              }
            ],
            "subnets": [
              "subnet-01a5e54f9b91a0e1f",
              "subnet-07f80e2dac53ea21a"
            ],
            "tags": {},
            "tags_all": {
              "CostCenter": "10001",
              "Environment": "Dev",
              "Owner": "Sravan",
              "Project": "It_Support_System"
            },
            "timeouts": null,
            "vpc_id": "vpc-0be4aa3e63777d83a",
            "xff_header_processing_mode": "append",
            "zone_id": "Z0173938T07WNTVAEPZN"
          },
          "sensitive_attributes": [],
          "identity_schema_version": 0,
          "private": "eyJlMmJmYjczMC1lY2FhLTExZTYtOGY4OC0zNDM2M2JjN2M0YzAiOnsiY3JlYXRlIjo2MDAwMDAwMDAwMDAsImRlbGV0ZSI6NjAwMDAwMDAwMDAwLCJ1cGRhdGUiOjYwMDAwMDAwMDAwMH19",
          "dependencies": [
            "aws_security_group.alb",
            "aws_subnet.public_1",
            "aws_subnet.public_2",
            "aws_vpc.main"
          ]
        }
      ]
    },
    {
      "mode": "managed",
      "type": "aws_alb_listener",
      "name": "config",
      "provider": "provider[\"registry.terraform.io/hashicorp/aws\"]",
      "instances": [
        {
          "schema_version": 0,
          "attributes": {
            "alpn_policy": null,
            "arn": "arn:aws:elasticloadbalancing:ap-south-2:186703948765:listener/app/ecs-20260810070555078600000014/1c75082450ede0a6/0d0bee9ab17895e1",
            "certificate_arn": null,
            "default_action": [
              {
                "authenticate_cognito": [],
                "authenticate_oidc": [],
                "fixed_response": [],
                "forward": [],
                "order": 1,
                "redirect": [],
                "target_group_arn": "arn:aws:elasticloadbalancing:ap-south-2:186703948765:targetgroup/tg-cfg2026081007054265130000000c/0f3f0381f138c4df",
                "type": "forward"
              }
            ],
            "id": "arn:aws:elasticloadbalancing:ap-south-2:186703948765:listener/app/ecs-20260810070555078600000014/1c75082450ede0a6/0d0bee9ab17895e1",
            "load_balancer_arn": "arn:aws:elasticloadbalancing:ap-south-2:186703948765:loadbalancer/app/ecs-20260810070555078600000014/1c75082450ede0a6",
            "mutual_authentication": [],
            "port": 8888,
            "protocol": "HTTP",
            "routing_http_request_x_amzn_mtls_clientcert_header_name": null,
            "routing_http_request_x_amzn_mtls_clientcert_issuer_header_name": null,
            "routing_http_request_x_amzn_mtls_clientcert_leaf_header_name": null,
            "routing_http_request_x_amzn_mtls_clientcert_serial_number_header_name": null,
            "routing_http_request_x_amzn_mtls_clientcert_subject_header_name": null,
            "routing_http_request_x_amzn_mtls_clientcert_validity_header_name": null,
            "routing_http_request_x_amzn_tls_cipher_suite_header_name": null,
            "routing_http_request_x_amzn_tls_version_header_name": null,
            "routing_http_response_access_control_allow_credentials_header_value": "",
            "routing_http_response_access_control_allow_headers_header_value": "",
            "routing_http_response_access_control_allow_methods_header_value": "",
            "routing_http_response_access_control_allow_origin_header_value": "",
            "routing_http_response_access_control_expose_headers_header_value": "",
            "routing_http_response_access_control_max_age_header_value": "",
            "routing_http_response_content_security_policy_header_value": "",
            "routing_http_response_server_enabled": true,
            "routing_http_response_strict_transport_security_header_value": "",
            "routing_http_response_x_content_type_options_header_value": "",
            "routing_http_response_x_frame_options_header_value": "",
            "ssl_policy": "",
            "tags": {},
            "tags_all": {
              "CostCenter": "10001",
              "Environment": "Dev",
              "Owner": "Sravan",
              "Project": "It_Support_System"
            },
            "tcp_idle_timeout_seconds": null,
            "timeouts": null
          },
          "sensitive_attributes": [],
          "identity_schema_version": 0,
          "private": "eyJlMmJmYjczMC1lY2FhLTExZTYtOGY4OC0zNDM2M2JjN2M0YzAiOnsiY3JlYXRlIjozMDAwMDAwMDAwMDAsInVwZGF0ZSI6MzAwMDAwMDAwMDAwfX0=",
          "dependencies": [
            "aws_alb.main",
            "aws_alb_target_group.config",
            "aws_security_group.alb",
            "aws_subnet.public_1",
            "aws_subnet.public_2",
            "aws_vpc.main"
          ]
        }
      ]
    },
    {
      "mode": "managed",
      "type": "aws_alb_listener",
      "name": "discovery",
      "provider": "provider[\"registry.terraform.io/hashicorp/aws\"]",
      "instances": [
        {
          "schema_version": 0,
          "attributes": {
            "alpn_policy": null,
            "arn": "arn:aws:elasticloadbalancing:ap-south-2:186703948765:listener/app/ecs-20260810070555078600000014/1c75082450ede0a6/e2409abb6574cf83",
            "certificate_arn": null,
            "default_action": [
              {
                "authenticate_cognito": [],
                "authenticate_oidc": [],
                "fixed_response": [],
                "forward": [],
                "order": 1,
                "redirect": [],
                "target_group_arn": "arn:aws:elasticloadbalancing:ap-south-2:186703948765:targetgroup/tg-dsc2026081007054265480000000e/f60363a3249d2d8d",
                "type": "forward"
              }
            ],
            "id": "arn:aws:elasticloadbalancing:ap-south-2:186703948765:listener/app/ecs-20260810070555078600000014/1c75082450ede0a6/e2409abb6574cf83",
            "load_balancer_arn": "arn:aws:elasticloadbalancing:ap-south-2:186703948765:loadbalancer/app/ecs-20260810070555078600000014/1c75082450ede0a6",
            "mutual_authentication": [],
            "port": 8761,
            "protocol": "HTTP",
            "routing_http_request_x_amzn_mtls_clientcert_header_name": null,
            "routing_http_request_x_amzn_mtls_clientcert_issuer_header_name": null,
            "routing_http_request_x_amzn_mtls_clientcert_leaf_header_name": null,
            "routing_http_request_x_amzn_mtls_clientcert_serial_number_header_name": null,
            "routing_http_request_x_amzn_mtls_clientcert_subject_header_name": null,
            "routing_http_request_x_amzn_mtls_clientcert_validity_header_name": null,
            "routing_http_request_x_amzn_tls_cipher_suite_header_name": null,
            "routing_http_request_x_amzn_tls_version_header_name": null,
            "routing_http_response_access_control_allow_credentials_header_value": "",
            "routing_http_response_access_control_allow_headers_header_value": "",
            "routing_http_response_access_control_allow_methods_header_value": "",
            "routing_http_response_access_control_allow_origin_header_value": "",
            "routing_http_response_access_control_expose_headers_header_value": "",
            "routing_http_response_access_control_max_age_header_value": "",
            "routing_http_response_content_security_policy_header_value": "",
            "routing_http_response_server_enabled": true,
            "routing_http_response_strict_transport_security_header_value": "",
            "routing_http_response_x_content_type_options_header_value": "",
            "routing_http_response_x_frame_options_header_value": "",
            "ssl_policy": "",
            "tags": {},
            "tags_all": {
              "CostCenter": "10001",
              "Environment": "Dev",
              "Owner": "Sravan",
              "Project": "It_Support_System"
            },
            "tcp_idle_timeout_seconds": null,
            "timeouts": null
          },
          "sensitive_attributes": [],
          "identity_schema_version": 0,
          "private": "eyJlMmJmYjczMC1lY2FhLTExZTYtOGY4OC0zNDM2M2JjN2M0YzAiOnsiY3JlYXRlIjozMDAwMDAwMDAwMDAsInVwZGF0ZSI6MzAwMDAwMDAwMDAwfX0=",
          "dependencies": [
            "aws_alb.main",
            "aws_alb_target_group.discovery",
            "aws_security_group.alb",
            "aws_subnet.public_1",
            "aws_subnet.public_2",
            "aws_vpc.main"
          ]
        }
      ]
    },
    {
      "mode": "managed",
      "type": "aws_alb_listener",
      "name": "front_end",
      "provider": "provider[\"registry.terraform.io/hashicorp/aws\"]",
      "instances": [
        {
          "schema_version": 0,
          "attributes": {
            "alpn_policy": null,
            "arn": "arn:aws:elasticloadbalancing:ap-south-2:186703948765:listener/app/ecs-20260810070555078600000014/1c75082450ede0a6/ea984a9e9cbd3034",
            "certificate_arn": null,
            "default_action": [
              {
                "authenticate_cognito": [],
                "authenticate_oidc": [],
                "fixed_response": [],
                "forward": [],
                "order": 1,
                "redirect": [],
                "target_group_arn": "arn:aws:elasticloadbalancing:ap-south-2:186703948765:targetgroup/tg-gw2026081007054265300000000d/c69b2b2dab8db3e1",
                "type": "forward"
              }
            ],
            "id": "arn:aws:elasticloadbalancing:ap-south-2:186703948765:listener/app/ecs-20260810070555078600000014/1c75082450ede0a6/ea984a9e9cbd3034",
            "load_balancer_arn": "arn:aws:elasticloadbalancing:ap-south-2:186703948765:loadbalancer/app/ecs-20260810070555078600000014/1c75082450ede0a6",
            "mutual_authentication": [],
            "port": 80,
            "protocol": "HTTP",
            "routing_http_request_x_amzn_mtls_clientcert_header_name": null,
            "routing_http_request_x_amzn_mtls_clientcert_issuer_header_name": null,
            "routing_http_request_x_amzn_mtls_clientcert_leaf_header_name": null,
            "routing_http_request_x_amzn_mtls_clientcert_serial_number_header_name": null,
            "routing_http_request_x_amzn_mtls_clientcert_subject_header_name": null,
            "routing_http_request_x_amzn_mtls_clientcert_validity_header_name": null,
            "routing_http_request_x_amzn_tls_cipher_suite_header_name": null,
            "routing_http_request_x_amzn_tls_version_header_name": null,
            "routing_http_response_access_control_allow_credentials_header_value": "",
            "routing_http_response_access_control_allow_headers_header_value": "",
            "routing_http_response_access_control_allow_methods_header_value": "",
            "routing_http_response_access_control_allow_origin_header_value": "",
            "routing_http_response_access_control_expose_headers_header_value": "",
            "routing_http_response_access_control_max_age_header_value": "",
            "routing_http_response_content_security_policy_header_value": "",
            "routing_http_response_server_enabled": true,
            "routing_http_response_strict_transport_security_header_value": "",
            "routing_http_response_x_content_type_options_header_value": "",
            "routing_http_response_x_frame_options_header_value": "",
            "ssl_policy": "",
            "tags": {},
            "tags_all": {
              "CostCenter": "10001",
              "Environment": "Dev",
              "Owner": "Sravan",
              "Project": "It_Support_System"
            },
            "tcp_idle_timeout_seconds": null,
            "timeouts": null
          },
          "sensitive_attributes": [],
          "identity_schema_version": 0,
          "private": "eyJlMmJmYjczMC1lY2FhLTExZTYtOGY4OC0zNDM2M2JjN2M0YzAiOnsiY3JlYXRlIjozMDAwMDAwMDAwMDAsInVwZGF0ZSI6MzAwMDAwMDAwMDAwfX0=",
          "dependencies": [
            "aws_alb.main",
            "aws_alb_target_group.gateway",
            "aws_security_group.alb",
            "aws_subnet.public_1",
            "aws_subnet.public_2",
            "aws_vpc.main"
          ]
        }
      ]
    },
    {
      "mode": "managed",
      "type": "aws_alb_target_group",
      "name": "config",
      "provider": "provider[\"registry.terraform.io/hashicorp/aws\"]",
      "instances": [
        {
          "schema_version": 0,
          "attributes": {
            "arn": "arn:aws:elasticloadbalancing:ap-south-2:186703948765:targetgroup/tg-cfg2026081007054265130000000c/0f3f0381f138c4df",
            "arn_suffix": "targetgroup/tg-cfg2026081007054265130000000c/0f3f0381f138c4df",
            "connection_termination": null,
            "deregistration_delay": "300",
            "health_check": [
              {
                "enabled": true,
                "healthy_threshold": 3,
                "interval": 30,
                "matcher": "200,404",
                "path": "/config-server/dev",
                "port": "traffic-port",
                "protocol": "HTTP",
                "timeout": 5,
                "unhealthy_threshold": 3
              }
            ],
            "id": "arn:aws:elasticloadbalancing:ap-south-2:186703948765:targetgroup/tg-cfg2026081007054265130000000c/0f3f0381f138c4df",
            "ip_address_type": "ipv4",
            "lambda_multi_value_headers_enabled": false,
            "load_balancer_arns": [
              "arn:aws:elasticloadbalancing:ap-south-2:186703948765:loadbalancer/app/ecs-20260810070555078600000014/1c75082450ede0a6"
            ],
            "load_balancing_algorithm_type": "round_robin",
            "load_balancing_anomaly_mitigation": "off",
            "load_balancing_cross_zone_enabled": "use_load_balancer_configuration",
            "name": "tg-cfg2026081007054265130000000c",
            "name_prefix": "tg-cfg",
            "port": 8888,
            "preserve_client_ip": null,
            "protocol": "HTTP",
            "protocol_version": "HTTP1",
            "proxy_protocol_v2": false,
            "slow_start": 0,
            "stickiness": [
              {
                "cookie_duration": 86400,
                "cookie_name": "",
                "enabled": false,
                "type": "lb_cookie"
              }
            ],
            "tags": {},
            "tags_all": {
              "CostCenter": "10001",
              "Environment": "Dev",
              "Owner": "Sravan",
              "Project": "It_Support_System"
            },
            "target_failover": [
              {
                "on_deregistration": null,
                "on_unhealthy": null
              }
            ],
            "target_group_health": [
              {
                "dns_failover": [
                  {
                    "minimum_healthy_targets_count": "1",
                    "minimum_healthy_targets_percentage": "off"
                  }
                ],
                "unhealthy_state_routing": [
                  {
                    "minimum_healthy_targets_count": 1,
                    "minimum_healthy_targets_percentage": "off"
                  }
                ]
              }
            ],
            "target_health_state": [
              {
                "enable_unhealthy_connection_termination": null,
                "unhealthy_draining_interval": null
              }
            ],
            "target_type": "ip",
            "vpc_id": "vpc-0be4aa3e63777d83a"
          },
          "sensitive_attributes": [],
          "identity_schema_version": 0,
          "private": "bnVsbA==",
          "dependencies": [
            "aws_vpc.main"
          ]
        }
      ]
    },
    {
      "mode": "managed",
      "type": "aws_alb_target_group",
      "name": "discovery",
      "provider": "provider[\"registry.terraform.io/hashicorp/aws\"]",
      "instances": [
        {
          "schema_version": 0,
          "attributes": {
            "arn": "arn:aws:elasticloadbalancing:ap-south-2:186703948765:targetgroup/tg-dsc2026081007054265480000000e/f60363a3249d2d8d",
            "arn_suffix": "targetgroup/tg-dsc2026081007054265480000000e/f60363a3249d2d8d",
            "connection_termination": null,
            "deregistration_delay": "300",
            "health_check": [
              {
                "enabled": true,
                "healthy_threshold": 3,
                "interval": 30,
                "matcher": "200",
                "path": "/",
                "port": "traffic-port",
                "protocol": "HTTP",
                "timeout": 5,
                "unhealthy_threshold": 3
              }
            ],
            "id": "arn:aws:elasticloadbalancing:ap-south-2:186703948765:targetgroup/tg-dsc2026081007054265480000000e/f60363a3249d2d8d",
            "ip_address_type": "ipv4",
            "lambda_multi_value_headers_enabled": false,
            "load_balancer_arns": [
              "arn:aws:elasticloadbalancing:ap-south-2:186703948765:loadbalancer/app/ecs-20260810070555078600000014/1c75082450ede0a6"
            ],
            "load_balancing_algorithm_type": "round_robin",
            "load_balancing_anomaly_mitigation": "off",
            "load_balancing_cross_zone_enabled": "use_load_balancer_configuration",
            "name": "tg-dsc2026081007054265480000000e",
            "name_prefix": "tg-dsc",
            "port": 8761,
            "preserve_client_ip": null,
            "protocol": "HTTP",
            "protocol_version": "HTTP1",
            "proxy_protocol_v2": false,
            "slow_start": 0,
            "stickiness": [
              {
                "cookie_duration": 86400,
                "cookie_name": "",
                "enabled": false,
                "type": "lb_cookie"
              }
            ],
            "tags": {},
            "tags_all": {
              "CostCenter": "10001",
              "Environment": "Dev",
              "Owner": "Sravan",
              "Project": "It_Support_System"
            },
            "target_failover": [
              {
                "on_deregistration": null,
                "on_unhealthy": null
              }
            ],
            "target_group_health": [
              {
                "dns_failover": [
                  {
                    "minimum_healthy_targets_count": "1",
                    "minimum_healthy_targets_percentage": "off"
                  }
                ],
                "unhealthy_state_routing": [
                  {
                    "minimum_healthy_targets_count": 1,
                    "minimum_healthy_targets_percentage": "off"
                  }
                ]
              }
            ],
            "target_health_state": [
              {
                "enable_unhealthy_connection_termination": null,
                "unhealthy_draining_interval": null
              }
            ],
            "target_type": "ip",
            "vpc_id": "vpc-0be4aa3e63777d83a"
          },
          "sensitive_attributes": [],
          "identity_schema_version": 0,
          "private": "bnVsbA==",
          "dependencies": [
            "aws_vpc.main"
          ]
        }
      ]
    },
    {
      "mode": "managed",
      "type": "aws_alb_target_group",
      "name": "gateway",
      "provider": "provider[\"registry.terraform.io/hashicorp/aws\"]",
      "instances": [
        {
          "schema_version": 0,
          "attributes": {
            "arn": "arn:aws:elasticloadbalancing:ap-south-2:186703948765:targetgroup/tg-gw2026081007054265300000000d/c69b2b2dab8db3e1",
            "arn_suffix": "targetgroup/tg-gw2026081007054265300000000d/c69b2b2dab8db3e1",
            "connection_termination": null,
            "deregistration_delay": "300",
            "health_check": [
              {
                "enabled": true,
                "healthy_threshold": 3,
                "interval": 45,
                "matcher": "200,404",
                "path": "/actuator/health",
                "port": "traffic-port",
                "protocol": "HTTP",
                "timeout": 10,
                "unhealthy_threshold": 3
              }
            ],
            "id": "arn:aws:elasticloadbalancing:ap-south-2:186703948765:targetgroup/tg-gw2026081007054265300000000d/c69b2b2dab8db3e1",
            "ip_address_type": "ipv4",
            "lambda_multi_value_headers_enabled": false,
            "load_balancer_arns": [
              "arn:aws:elasticloadbalancing:ap-south-2:186703948765:loadbalancer/app/ecs-20260810070555078600000014/1c75082450ede0a6"
            ],
            "load_balancing_algorithm_type": "round_robin",
            "load_balancing_anomaly_mitigation": "off",
            "load_balancing_cross_zone_enabled": "use_load_balancer_configuration",
            "name": "tg-gw2026081007054265300000000d",
            "name_prefix": "tg-gw",
            "port": 8080,
            "preserve_client_ip": null,
            "protocol": "HTTP",
            "protocol_version": "HTTP1",
            "proxy_protocol_v2": false,
            "slow_start": 0,
            "stickiness": [
              {
                "cookie_duration": 86400,
                "cookie_name": "",
                "enabled": false,
                "type": "lb_cookie"
              }
            ],
            "tags": {},
            "tags_all": {
              "CostCenter": "10001",
              "Environment": "Dev",
              "Owner": "Sravan",
              "Project": "It_Support_System"
            },
            "target_failover": [
              {
                "on_deregistration": null,
                "on_unhealthy": null
              }
            ],
            "target_group_health": [
              {
                "dns_failover": [
                  {
                    "minimum_healthy_targets_count": "1",
                    "minimum_healthy_targets_percentage": "off"
                  }
                ],
                "unhealthy_state_routing": [
                  {
                    "minimum_healthy_targets_count": 1,
                    "minimum_healthy_targets_percentage": "off"
                  }
                ]
              }
            ],
            "target_health_state": [
              {
                "enable_unhealthy_connection_termination": null,
                "unhealthy_draining_interval": null
              }
            ],
            "target_type": "ip",
            "vpc_id": "vpc-0be4aa3e63777d83a"
          },
          "sensitive_attributes": [],
          "identity_schema_version": 0,
          "private": "bnVsbA==",
          "dependencies": [
            "aws_vpc.main"
          ]
        }
      ]
    },
    {
      "mode": "managed",
      "type": "aws_cloudwatch_dashboard",
      "name": "main",
      "provider": "provider[\"registry.terraform.io/hashicorp/aws\"]",
      "instances": [
        {
          "schema_version": 0,
          "attributes": {
            "dashboard_arn": "arn:aws:cloudwatch::186703948765:dashboard/ECS-Fargate-Microservices-Dashboard",
            "dashboard_body": "{\"widgets\":[{\"height\":6,\"properties\":{\"metrics\":[[\"AWS/ApplicationELB\",\"RequestCount\",\"LoadBalancer\",\"app/ecs-20260810070555078600000014/1c75082450ede0a6\"]],\"period\":60,\"region\":\"ap-south-2\",\"stat\":\"Sum\",\"title\":\"Load Balancer Request Count\"},\"type\":\"metric\",\"width\":12},{\"height\":6,\"properties\":{\"metrics\":[[\"AWS/ApplicationELB\",\"HTTPCode_Target_5XX_Count\",\"LoadBalancer\",\"app/ecs-20260810070555078600000014/1c75082450ede0a6\"]],\"period\":60,\"region\":\"ap-south-2\",\"stat\":\"Sum\",\"title\":\"Target 5XX Response Count\"},\"type\":\"metric\",\"width\":12},{\"height\":6,\"properties\":{\"metrics\":[[\"AWS/ApplicationELB\",\"TargetResponseTime\",\"LoadBalancer\",\"app/ecs-20260810070555078600000014/1c75082450ede0a6\"]],\"period\":60,\"region\":\"ap-south-2\",\"stat\":\"Average\",\"title\":\"Target Response Time\"},\"type\":\"metric\",\"width\":12},{\"height\":6,\"properties\":{\"metrics\":[[\"AWS/RDS\",\"DatabaseConnections\",\"DBInstanceIdentifier\",\"ticketdesk-db\"]],\"period\":60,\"region\":\"ap-south-2\",\"stat\":\"Average\",\"title\":\"Database Connections\"},\"type\":\"metric\",\"width\":12}]}",
            "dashboard_name": "ECS-Fargate-Microservices-Dashboard",
            "id": "ECS-Fargate-Microservices-Dashboard"
          },
          "sensitive_attributes": [],
          "identity_schema_version": 0,
          "private": "bnVsbA==",
          "dependencies": [
            "aws_alb.main",
            "aws_db_instance.main",
            "aws_db_subnet_group.db_subnets",
            "aws_security_group.alb",
            "aws_security_group.db_sg",
            "aws_security_group.ecs_tasks",
            "aws_subnet.private_1",
            "aws_subnet.private_2",
            "aws_subnet.public_1",
            "aws_subnet.public_2",
            "aws_vpc.main",
            "random_password.db_password"
          ]
        }
      ]
    },
    {
      "mode": "managed",
      "type": "aws_cloudwatch_log_group",
      "name": "ecs_log_group",
      "provider": "provider[\"registry.terraform.io/hashicorp/aws\"]",
      "instances": [
        {
          "schema_version": 0,
          "attributes": {
            "arn": "arn:aws:logs:ap-south-2:186703948765:log-group:/ecs/ecs-fargate-app",
            "id": "/ecs/ecs-fargate-app",
            "kms_key_id": "",
            "log_group_class": "STANDARD",
            "name": "/ecs/ecs-fargate-app",
            "name_prefix": "",
            "retention_in_days": 7,
            "skip_destroy": false,
            "tags": {},
            "tags_all": {
              "CostCenter": "10001",
              "Environment": "Dev",
              "Owner": "Sravan",
              "Project": "It_Support_System"
            }
          },
          "sensitive_attributes": [],
          "identity_schema_version": 0,
          "private": "bnVsbA=="
        }
      ]
    },
    {
      "mode": "managed",
      "type": "aws_cloudwatch_metric_alarm",
      "name": "db_cpu",
      "provider": "provider[\"registry.terraform.io/hashicorp/aws\"]",
      "instances": [
        {
          "schema_version": 1,
          "attributes": {
            "actions_enabled": true,
            "alarm_actions": [
              "arn:aws:sns:ap-south-2:186703948765:cloudwatch-alerts-topic"
            ],
            "alarm_description": "",
            "alarm_name": "high-database-cpu",
            "arn": "arn:aws:cloudwatch:ap-south-2:186703948765:alarm:high-database-cpu",
            "comparison_operator": "GreaterThanThreshold",
            "datapoints_to_alarm": 0,
            "dimensions": {
              "DBInstanceIdentifier": "ticketdesk-db"
            },
            "evaluate_low_sample_count_percentiles": "",
            "evaluation_periods": 2,
            "extended_statistic": "",
            "id": "high-database-cpu",
            "insufficient_data_actions": [],
            "metric_name": "CPUUtilization",
            "metric_query": [],
            "namespace": "AWS/RDS",
            "ok_actions": [],
            "period": 300,
            "statistic": "Average",
            "tags": {},
            "tags_all": {
              "CostCenter": "10001",
              "Environment": "Dev",
              "Owner": "Sravan",
              "Project": "It_Support_System"
            },
            "threshold": 80,
            "threshold_metric_id": "",
            "treat_missing_data": "missing",
            "unit": ""
          },
          "sensitive_attributes": [],
          "identity_schema_version": 0,
          "private": "eyJzY2hlbWFfdmVyc2lvbiI6IjEifQ==",
          "dependencies": [
            "aws_db_instance.main",
            "aws_db_subnet_group.db_subnets",
            "aws_security_group.alb",
            "aws_security_group.db_sg",
            "aws_security_group.ecs_tasks",
            "aws_sns_topic.alerts",
            "aws_subnet.private_1",
            "aws_subnet.private_2",
            "aws_vpc.main",
            "random_password.db_password"
          ]
        }
      ]
    },
    {
      "mode": "managed",
      "type": "aws_cloudwatch_metric_alarm",
      "name": "http_5xx",
      "provider": "provider[\"registry.terraform.io/hashicorp/aws\"]",
      "instances": [
        {
          "schema_version": 1,
          "attributes": {
            "actions_enabled": true,
            "alarm_actions": [
              "arn:aws:sns:ap-south-2:186703948765:cloudwatch-alerts-topic"
            ],
            "alarm_description": "",
            "alarm_name": "alb-target-5xx-errors",
            "arn": "arn:aws:cloudwatch:ap-south-2:186703948765:alarm:alb-target-5xx-errors",
            "comparison_operator": "GreaterThanThreshold",
            "datapoints_to_alarm": 0,
            "dimensions": {
              "LoadBalancer": "app/ecs-20260810070555078600000014/1c75082450ede0a6"
            },
            "evaluate_low_sample_count_percentiles": "",
            "evaluation_periods": 1,
            "extended_statistic": "",
            "id": "alb-target-5xx-errors",
            "insufficient_data_actions": [],
            "metric_name": "HTTPCode_Target_5XX_Count",
            "metric_query": [],
            "namespace": "AWS/ApplicationELB",
            "ok_actions": [],
            "period": 60,
            "statistic": "Sum",
            "tags": {},
            "tags_all": {
              "CostCenter": "10001",
              "Environment": "Dev",
              "Owner": "Sravan",
              "Project": "It_Support_System"
            },
            "threshold": 5,
            "threshold_metric_id": "",
            "treat_missing_data": "missing",
            "unit": ""
          },
          "sensitive_attributes": [],
          "identity_schema_version": 0,
          "private": "eyJzY2hlbWFfdmVyc2lvbiI6IjEifQ==",
          "dependencies": [
            "aws_alb.main",
            "aws_security_group.alb",
            "aws_sns_topic.alerts",
            "aws_subnet.public_1",
            "aws_subnet.public_2",
            "aws_vpc.main"
          ]
        }
      ]
    },
    {
      "mode": "managed",
      "type": "aws_cloudwatch_metric_alarm",
      "name": "unhealthy_targets",
      "provider": "provider[\"registry.terraform.io/hashicorp/aws\"]",
      "instances": [
        {
          "schema_version": 1,
          "attributes": {
            "actions_enabled": true,
            "alarm_actions": [
              "arn:aws:sns:ap-south-2:186703948765:cloudwatch-alerts-topic"
            ],
            "alarm_description": "",
            "alarm_name": "unhealthy-target-hosts",
            "arn": "arn:aws:cloudwatch:ap-south-2:186703948765:alarm:unhealthy-target-hosts",
            "comparison_operator": "GreaterThanOrEqualToThreshold",
            "datapoints_to_alarm": 0,
            "dimensions": {
              "LoadBalancer": "app/ecs-20260810070555078600000014/1c75082450ede0a6",
              "TargetGroup": "targetgroup/tg-gw2026081007054265300000000d/c69b2b2dab8db3e1"
            },
            "evaluate_low_sample_count_percentiles": "",
            "evaluation_periods": 1,
            "extended_statistic": "",
            "id": "unhealthy-target-hosts",
            "insufficient_data_actions": [],
            "metric_name": "UnHealthyHostCount",
            "metric_query": [],
            "namespace": "AWS/ApplicationELB",
            "ok_actions": [],
            "period": 60,
            "statistic": "Average",
            "tags": {},
            "tags_all": {
              "CostCenter": "10001",
              "Environment": "Dev",
              "Owner": "Sravan",
              "Project": "It_Support_System"
            },
            "threshold": 1,
            "threshold_metric_id": "",
            "treat_missing_data": "missing",
            "unit": ""
          },
          "sensitive_attributes": [],
          "identity_schema_version": 0,
          "private": "eyJzY2hlbWFfdmVyc2lvbiI6IjEifQ==",
          "dependencies": [
            "aws_alb.main",
            "aws_alb_target_group.gateway",
            "aws_security_group.alb",
            "aws_sns_topic.alerts",
            "aws_subnet.public_1",
            "aws_subnet.public_2",
            "aws_vpc.main"
          ]
        }
      ]
    },
    {
      "mode": "managed",
      "type": "aws_db_instance",
      "name": "main",
      "provider": "provider[\"registry.terraform.io/hashicorp/aws\"]",
      "instances": [
        {
          "schema_version": 2,
          "attributes": {
            "address": "ticketdesk-db.cz0wmy2y8j2k.ap-south-2.rds.amazonaws.com",
            "allocated_storage": 20,
            "allow_major_version_upgrade": null,
            "apply_immediately": false,
            "arn": "arn:aws:rds:ap-south-2:186703948765:db:ticketdesk-db",
            "auto_minor_version_upgrade": true,
            "availability_zone": "ap-south-2b",
            "backup_retention_period": 0,
            "backup_target": "region",
            "backup_window": "08:16-08:46",
            "blue_green_update": [],
            "ca_cert_identifier": "rds-ca-rsa2048-g1",
            "character_set_name": "",
            "copy_tags_to_snapshot": false,
            "custom_iam_instance_profile": "",
            "customer_owned_ip_enabled": false,
            "database_insights_mode": "standard",
            "db_name": "ticketdesk_ticket",
            "db_subnet_group_name": "ecs-fargate-db-subnet-group",
            "dedicated_log_volume": false,
            "delete_automated_backups": true,
            "deletion_protection": false,
            "domain": "",
            "domain_auth_secret_arn": "",
            "domain_dns_ips": [],
            "domain_fqdn": "",
            "domain_iam_role_name": "",
            "domain_ou": "",
            "enabled_cloudwatch_logs_exports": [],
            "endpoint": "ticketdesk-db.cz0wmy2y8j2k.ap-south-2.rds.amazonaws.com:3306",
            "engine": "mysql",
            "engine_lifecycle_support": "open-source-rds-extended-support",
            "engine_version": "8.0",
            "engine_version_actual": "8.0.46",
            "final_snapshot_identifier": null,
            "hosted_zone_id": "Z098687625BJA6F8S4YLC",
            "iam_database_authentication_enabled": false,
            "id": "db-N7ED7PTJHEDXDWE5ZM6VOKZFAA",
            "identifier": "ticketdesk-db",
            "identifier_prefix": "",
            "instance_class": "db.t3.micro",
            "iops": 0,
            "kms_key_id": "",
            "latest_restorable_time": "",
            "license_model": "general-public-license",
            "listener_endpoint": [],
            "maintenance_window": "wed:09:13-wed:09:43",
            "manage_master_user_password": null,
            "master_user_secret": [],
            "master_user_secret_kms_key_id": null,
            "max_allocated_storage": 0,
            "monitoring_interval": 0,
            "monitoring_role_arn": "",
            "multi_az": false,
            "nchar_character_set_name": "",
            "network_type": "IPV4",
            "option_group_name": "default:mysql-8-0",
            "parameter_group_name": "default.mysql8.0",
            "password": "wGznKRDqyaN9kQUB",
            "password_wo": null,
            "password_wo_version": null,
            "performance_insights_enabled": false,
            "performance_insights_kms_key_id": "",
            "performance_insights_retention_period": 0,
            "port": 3306,
            "publicly_accessible": false,
            "replica_mode": "",
            "replicas": [],
            "replicate_source_db": "",
            "resource_id": "db-N7ED7PTJHEDXDWE5ZM6VOKZFAA",
            "restore_to_point_in_time": [],
            "s3_import": [],
            "skip_final_snapshot": true,
            "snapshot_identifier": null,
            "status": "available",
            "storage_encrypted": false,
            "storage_throughput": 0,
            "storage_type": "gp2",
            "tags": {},
            "tags_all": {
              "CostCenter": "10001",
              "Environment": "Dev",
              "Owner": "Sravan",
              "Project": "It_Support_System"
            },
            "timeouts": null,
            "timezone": "",
            "upgrade_storage_config": null,
            "username": "dbadmin",
            "vpc_security_group_ids": [
              "sg-041c2a3f0eac45d72"
            ]
          },
          "sensitive_attributes": [
            [
              {
                "type": "get_attr",
                "value": "password"
              }
            ],
            [
              {
                "type": "get_attr",
                "value": "password_wo"
              }
            ]
          ],
          "identity_schema_version": 0,
          "private": "eyJlMmJmYjczMC1lY2FhLTExZTYtOGY4OC0zNDM2M2JjN2M0YzAiOnsiY3JlYXRlIjozMDAwMDAwMDAwMDAwLCJkZWxldGUiOjM2MDAwMDAwMDAwMDAsInVwZGF0ZSI6NDgwMDAwMDAwMDAwMH0sInNjaGVtYV92ZXJzaW9uIjoiMiJ9",
          "dependencies": [
            "aws_db_subnet_group.db_subnets",
            "aws_security_group.alb",
            "aws_security_group.db_sg",
            "aws_security_group.ecs_tasks",
            "aws_subnet.private_1",
            "aws_subnet.private_2",
            "aws_vpc.main",
            "random_password.db_password"
          ]
        }
      ]
    },
    {
      "mode": "managed",
      "type": "aws_db_subnet_group",
      "name": "db_subnets",
      "provider": "provider[\"registry.terraform.io/hashicorp/aws\"]",
      "instances": [
        {
          "schema_version": 0,
          "attributes": {
            "arn": "arn:aws:rds:ap-south-2:186703948765:subgrp:ecs-fargate-db-subnet-group",
            "description": "Managed by Terraform",
            "id": "ecs-fargate-db-subnet-group",
            "name": "ecs-fargate-db-subnet-group",
            "name_prefix": "",
            "subnet_ids": [
              "subnet-0469a02836b236858",
              "subnet-0db8423c592dd847b"
            ],
            "supported_network_types": [
              "IPV4"
            ],
            "tags": {},
            "tags_all": {
              "CostCenter": "10001",
              "Environment": "Dev",
              "Owner": "Sravan",
              "Project": "It_Support_System"
            },
            "vpc_id": "vpc-0be4aa3e63777d83a"
          },
          "sensitive_attributes": [],
          "identity_schema_version": 0,
          "private": "bnVsbA==",
          "dependencies": [
            "aws_subnet.private_1",
            "aws_subnet.private_2",
            "aws_vpc.main"
          ]
        }
      ]
    },
    {
      "mode": "managed",
      "type": "aws_ecr_repository",
      "name": "repos",
      "provider": "provider[\"registry.terraform.io/hashicorp/aws\"]",
      "instances": [
        {
          "index_key": "api-gateway",
          "schema_version": 0,
          "attributes": {
            "arn": "arn:aws:ecr:ap-south-2:186703948765:repository/api-gateway",
            "encryption_configuration": [
              {
                "encryption_type": "AES256",
                "kms_key": ""
              }
            ],
            "force_delete": null,
            "id": "api-gateway",
            "image_scanning_configuration": [
              {
                "scan_on_push": true
              }
            ],
            "image_tag_mutability": "MUTABLE",
            "name": "api-gateway",
            "registry_id": "186703948765",
            "repository_url": "186703948765.dkr.ecr.ap-south-2.amazonaws.com/api-gateway",
            "tags": {
              "Environment": "Dev"
            },
            "tags_all": {
              "CostCenter": "10001",
              "Environment": "Dev",
              "Owner": "Sravan",
              "Project": "It_Support_System"
            },
            "timeouts": null
          },
          "sensitive_attributes": [],
          "identity_schema_version": 0,
          "private": "eyJlMmJmYjczMC1lY2FhLTExZTYtOGY4OC0zNDM2M2JjN2M0YzAiOnsiZGVsZXRlIjoxMjAwMDAwMDAwMDAwfX0="
        },
        {
          "index_key": "attachment-service",
          "schema_version": 0,
          "attributes": {
            "arn": "arn:aws:ecr:ap-south-2:186703948765:repository/attachment-service",
            "encryption_configuration": [
              {
                "encryption_type": "AES256",
                "kms_key": ""
              }
            ],
            "force_delete": null,
            "id": "attachment-service",
            "image_scanning_configuration": [
              {
                "scan_on_push": true
              }
            ],
            "image_tag_mutability": "MUTABLE",
            "name": "attachment-service",
            "registry_id": "186703948765",
            "repository_url": "186703948765.dkr.ecr.ap-south-2.amazonaws.com/attachment-service",
            "tags": {
              "Environment": "Dev"
            },
            "tags_all": {
              "CostCenter": "10001",
              "Environment": "Dev",
              "Owner": "Sravan",
              "Project": "It_Support_System"
            },
            "timeouts": null
          },
          "sensitive_attributes": [],
          "identity_schema_version": 0,
          "private": "eyJlMmJmYjczMC1lY2FhLTExZTYtOGY4OC0zNDM2M2JjN2M0YzAiOnsiZGVsZXRlIjoxMjAwMDAwMDAwMDAwfX0="
        },
        {
          "index_key": "auth-service",
          "schema_version": 0,
          "attributes": {
            "arn": "arn:aws:ecr:ap-south-2:186703948765:repository/auth-service",
            "encryption_configuration": [
              {
                "encryption_type": "AES256",
                "kms_key": ""
              }
            ],
            "force_delete": null,
            "id": "auth-service",
            "image_scanning_configuration": [
              {
                "scan_on_push": true
              }
            ],
            "image_tag_mutability": "MUTABLE",
            "name": "auth-service",
            "registry_id": "186703948765",
            "repository_url": "186703948765.dkr.ecr.ap-south-2.amazonaws.com/auth-service",
            "tags": {
              "Environment": "Dev"
            },
            "tags_all": {
              "CostCenter": "10001",
              "Environment": "Dev",
              "Owner": "Sravan",
              "Project": "It_Support_System"
            },
            "timeouts": null
          },
          "sensitive_attributes": [],
          "identity_schema_version": 0,
          "private": "eyJlMmJmYjczMC1lY2FhLTExZTYtOGY4OC0zNDM2M2JjN2M0YzAiOnsiZGVsZXRlIjoxMjAwMDAwMDAwMDAwfX0="
        },
        {
          "index_key": "config-server",
          "schema_version": 0,
          "attributes": {
            "arn": "arn:aws:ecr:ap-south-2:186703948765:repository/config-server",
            "encryption_configuration": [
              {
                "encryption_type": "AES256",
                "kms_key": ""
              }
            ],
            "force_delete": null,
            "id": "config-server",
            "image_scanning_configuration": [
              {
                "scan_on_push": true
              }
            ],
            "image_tag_mutability": "MUTABLE",
            "name": "config-server",
            "registry_id": "186703948765",
            "repository_url": "186703948765.dkr.ecr.ap-south-2.amazonaws.com/config-server",
            "tags": {
              "Environment": "Dev"
            },
            "tags_all": {
              "CostCenter": "10001",
              "Environment": "Dev",
              "Owner": "Sravan",
              "Project": "It_Support_System"
            },
            "timeouts": null
          },
          "sensitive_attributes": [],
          "identity_schema_version": 0,
          "private": "eyJlMmJmYjczMC1lY2FhLTExZTYtOGY4OC0zNDM2M2JjN2M0YzAiOnsiZGVsZXRlIjoxMjAwMDAwMDAwMDAwfX0="
        },
        {
          "index_key": "discovery-server",
          "schema_version": 0,
          "attributes": {
            "arn": "arn:aws:ecr:ap-south-2:186703948765:repository/discovery-server",
            "encryption_configuration": [
              {
                "encryption_type": "AES256",
                "kms_key": ""
              }
            ],
            "force_delete": null,
            "id": "discovery-server",
            "image_scanning_configuration": [
              {
                "scan_on_push": true
              }
            ],
            "image_tag_mutability": "MUTABLE",
            "name": "discovery-server",
            "registry_id": "186703948765",
            "repository_url": "186703948765.dkr.ecr.ap-south-2.amazonaws.com/discovery-server",
            "tags": {
              "Environment": "Dev"
            },
            "tags_all": {
              "CostCenter": "10001",
              "Environment": "Dev",
              "Owner": "Sravan",
              "Project": "It_Support_System"
            },
            "timeouts": null
          },
          "sensitive_attributes": [],
          "identity_schema_version": 0,
          "private": "eyJlMmJmYjczMC1lY2FhLTExZTYtOGY4OC0zNDM2M2JjN2M0YzAiOnsiZGVsZXRlIjoxMjAwMDAwMDAwMDAwfX0="
        },
        {
          "index_key": "notification-service",
          "schema_version": 0,
          "attributes": {
            "arn": "arn:aws:ecr:ap-south-2:186703948765:repository/notification-service",
            "encryption_configuration": [
              {
                "encryption_type": "AES256",
                "kms_key": ""
              }
            ],
            "force_delete": null,
            "id": "notification-service",
            "image_scanning_configuration": [
              {
                "scan_on_push": true
              }
            ],
            "image_tag_mutability": "MUTABLE",
            "name": "notification-service",
            "registry_id": "186703948765",
            "repository_url": "186703948765.dkr.ecr.ap-south-2.amazonaws.com/notification-service",
            "tags": {
              "Environment": "Dev"
            },
            "tags_all": {
              "CostCenter": "10001",
              "Environment": "Dev",
              "Owner": "Sravan",
              "Project": "It_Support_System"
            },
            "timeouts": null
          },
          "sensitive_attributes": [],
          "identity_schema_version": 0,
          "private": "eyJlMmJmYjczMC1lY2FhLTExZTYtOGY4OC0zNDM2M2JjN2M0YzAiOnsiZGVsZXRlIjoxMjAwMDAwMDAwMDAwfX0="
        },
        {
          "index_key": "ticket-service",
          "schema_version": 0,
          "attributes": {
            "arn": "arn:aws:ecr:ap-south-2:186703948765:repository/ticket-service",
            "encryption_configuration": [
              {
                "encryption_type": "AES256",
                "kms_key": ""
              }
            ],
            "force_delete": null,
            "id": "ticket-service",
            "image_scanning_configuration": [
              {
                "scan_on_push": true
              }
            ],
            "image_tag_mutability": "MUTABLE",
            "name": "ticket-service",
            "registry_id": "186703948765",
            "repository_url": "186703948765.dkr.ecr.ap-south-2.amazonaws.com/ticket-service",
            "tags": {
              "Environment": "Dev"
            },
            "tags_all": {
              "CostCenter": "10001",
              "Environment": "Dev",
              "Owner": "Sravan",
              "Project": "It_Support_System"
            },
            "timeouts": null
          },
          "sensitive_attributes": [],
          "identity_schema_version": 0,
          "private": "eyJlMmJmYjczMC1lY2FhLTExZTYtOGY4OC0zNDM2M2JjN2M0YzAiOnsiZGVsZXRlIjoxMjAwMDAwMDAwMDAwfX0="
        },
        {
          "index_key": "ticketdesk-ui",
          "schema_version": 0,
          "attributes": {
            "arn": "arn:aws:ecr:ap-south-2:186703948765:repository/ticketdesk-ui",
            "encryption_configuration": [
              {
                "encryption_type": "AES256",
                "kms_key": ""
              }
            ],
            "force_delete": null,
            "id": "ticketdesk-ui",
            "image_scanning_configuration": [
              {
                "scan_on_push": true
              }
            ],
            "image_tag_mutability": "MUTABLE",
            "name": "ticketdesk-ui",
            "registry_id": "186703948765",
            "repository_url": "186703948765.dkr.ecr.ap-south-2.amazonaws.com/ticketdesk-ui",
            "tags": {
              "Environment": "Dev"
            },
            "tags_all": {
              "CostCenter": "10001",
              "Environment": "Dev",
              "Owner": "Sravan",
              "Project": "It_Support_System"
            },
            "timeouts": null
          },
          "sensitive_attributes": [],
          "identity_schema_version": 0,
          "private": "eyJlMmJmYjczMC1lY2FhLTExZTYtOGY4OC0zNDM2M2JjN2M0YzAiOnsiZGVsZXRlIjoxMjAwMDAwMDAwMDAwfX0="
        }
      ]
    },
    {
      "mode": "managed",
      "type": "aws_ecs_cluster",
      "name": "main",
      "provider": "provider[\"registry.terraform.io/hashicorp/aws\"]",
      "instances": [
        {
          "schema_version": 0,
          "attributes": {
            "arn": "arn:aws:ecs:ap-south-2:186703948765:cluster/ecs-fargate-cluster",
            "configuration": [],
            "id": "arn:aws:ecs:ap-south-2:186703948765:cluster/ecs-fargate-cluster",
            "name": "ecs-fargate-cluster",
            "service_connect_defaults": [],
            "setting": [
              {
                "name": "containerInsights",
                "value": "disabled"
              }
            ],
            "tags": {},
            "tags_all": {
              "CostCenter": "10001",
              "Environment": "Dev",
              "Owner": "Sravan",
              "Project": "It_Support_System"
            }
          },
          "sensitive_attributes": [],
          "identity_schema_version": 0,
          "private": "bnVsbA=="
        }
      ]
    },
    {
      "mode": "managed",
      "type": "aws_ecs_service",
      "name": "attachment",
      "provider": "provider[\"registry.terraform.io/hashicorp/aws\"]",
      "instances": [
        {
          "schema_version": 1,
          "attributes": {
            "alarms": [],
            "availability_zone_rebalancing": "DISABLED",
            "capacity_provider_strategy": [],
            "cluster": "arn:aws:ecs:ap-south-2:186703948765:cluster/ecs-fargate-cluster",
            "deployment_circuit_breaker": [
              {
                "enable": false,
                "rollback": false
              }
            ],
            "deployment_controller": [
              {
                "type": "ECS"
              }
            ],
            "deployment_maximum_percent": 200,
            "deployment_minimum_healthy_percent": 100,
            "desired_count": 1,
            "enable_ecs_managed_tags": false,
            "enable_execute_command": false,
            "force_delete": null,
            "force_new_deployment": null,
            "health_check_grace_period_seconds": 0,
            "iam_role": "/aws-service-role/ecs.amazonaws.com/AWSServiceRoleForECS",
            "id": "arn:aws:ecs:ap-south-2:186703948765:service/ecs-fargate-cluster/attachment-service",
            "launch_type": "FARGATE",
            "load_balancer": [],
            "name": "attachment-service",
            "network_configuration": [
              {
                "assign_public_ip": false,
                "security_groups": [
                  "sg-0ca2a70583f36632d"
                ],
                "subnets": [
                  "subnet-0469a02836b236858",
                  "subnet-0db8423c592dd847b"
                ]
              }
            ],
            "ordered_placement_strategy": [],
            "placement_constraints": [],
            "platform_version": "LATEST",
            "propagate_tags": "NONE",
            "scheduling_strategy": "REPLICA",
            "service_connect_configuration": [],
            "service_registries": [
              {
                "container_name": "",
                "container_port": 0,
                "port": 0,
                "registry_arn": "arn:aws:servicediscovery:ap-south-2:186703948765:service/srv-xmkfezldvh6lfuyh"
              }
            ],
            "tags": {},
            "tags_all": {
              "CostCenter": "10001",
              "Environment": "Dev",
              "Owner": "Sravan",
              "Project": "It_Support_System"
            },
            "task_definition": "arn:aws:ecs:ap-south-2:186703948765:task-definition/attachment-service:4",
            "timeouts": null,
            "triggers": {},
            "volume_configuration": [],
            "vpc_lattice_configurations": [],
            "wait_for_steady_state": false
          },
          "sensitive_attributes": [],
          "identity_schema_version": 0,
          "private": "eyJlMmJmYjczMC1lY2FhLTExZTYtOGY4OC0zNDM2M2JjN2M0YzAiOnsiY3JlYXRlIjoxMjAwMDAwMDAwMDAwLCJkZWxldGUiOjEyMDAwMDAwMDAwMDAsInVwZGF0ZSI6MTIwMDAwMDAwMDAwMH0sInNjaGVtYV92ZXJzaW9uIjoiMSJ9",
          "dependencies": [
            "aws_alb.main",
            "aws_alb_listener.config",
            "aws_alb_target_group.config",
            "aws_cloudwatch_log_group.ecs_log_group",
            "aws_db_instance.main",
            "aws_db_subnet_group.db_subnets",
            "aws_ecs_cluster.main",
            "aws_ecs_service.config",
            "aws_ecs_task_definition.attachment",
            "aws_ecs_task_definition.config",
            "aws_iam_role.ecs_task_execution_role",
            "aws_iam_role.ecs_task_role",
            "aws_secretsmanager_secret.db_password",
            "aws_security_group.alb",
            "aws_security_group.db_sg",
            "aws_security_group.ecs_tasks",
            "aws_service_discovery_private_dns_namespace.main",
            "aws_service_discovery_service.attachment",
            "aws_service_discovery_service.config_server",
            "aws_ssm_parameter.db_url_attachment",
            "aws_ssm_parameter.db_username",
            "aws_subnet.private_1",
            "aws_subnet.private_2",
            "aws_subnet.public_1",
            "aws_subnet.public_2",
            "aws_vpc.main",
            "data.aws_caller_identity.current",
            "data.aws_region.current",
            "random_password.db_password"
          ]
        }
      ]
    },
    {
      "mode": "managed",
      "type": "aws_ecs_service",
      "name": "auth",
      "provider": "provider[\"registry.terraform.io/hashicorp/aws\"]",
      "instances": [
        {
          "schema_version": 1,
          "attributes": {
            "alarms": [],
            "availability_zone_rebalancing": "DISABLED",
            "capacity_provider_strategy": [],
            "cluster": "arn:aws:ecs:ap-south-2:186703948765:cluster/ecs-fargate-cluster",
            "deployment_circuit_breaker": [
              {
                "enable": false,
                "rollback": false
              }
            ],
            "deployment_controller": [
              {
                "type": "ECS"
              }
            ],
            "deployment_maximum_percent": 200,
            "deployment_minimum_healthy_percent": 100,
            "desired_count": 1,
            "enable_ecs_managed_tags": false,
            "enable_execute_command": false,
            "force_delete": null,
            "force_new_deployment": null,
            "health_check_grace_period_seconds": 0,
            "iam_role": "/aws-service-role/ecs.amazonaws.com/AWSServiceRoleForECS",
            "id": "arn:aws:ecs:ap-south-2:186703948765:service/ecs-fargate-cluster/auth-service",
            "launch_type": "FARGATE",
            "load_balancer": [],
            "name": "auth-service",
            "network_configuration": [
              {
                "assign_public_ip": false,
                "security_groups": [
                  "sg-0ca2a70583f36632d"
                ],
                "subnets": [
                  "subnet-0469a02836b236858",
                  "subnet-0db8423c592dd847b"
                ]
              }
            ],
            "ordered_placement_strategy": [],
            "placement_constraints": [],
            "platform_version": "LATEST",
            "propagate_tags": "NONE",
            "scheduling_strategy": "REPLICA",
            "service_connect_configuration": [],
            "service_registries": [
              {
                "container_name": "",
                "container_port": 0,
                "port": 0,
                "registry_arn": "arn:aws:servicediscovery:ap-south-2:186703948765:service/srv-fx5adw33rfbyutzu"
              }
            ],
            "tags": {},
            "tags_all": {
              "CostCenter": "10001",
              "Environment": "Dev",
              "Owner": "Sravan",
              "Project": "It_Support_System"
            },
            "task_definition": "arn:aws:ecs:ap-south-2:186703948765:task-definition/auth-service:4",
            "timeouts": null,
            "triggers": {},
            "volume_configuration": [],
            "vpc_lattice_configurations": [],
            "wait_for_steady_state": false
          },
          "sensitive_attributes": [],
          "identity_schema_version": 0,
          "private": "eyJlMmJmYjczMC1lY2FhLTExZTYtOGY4OC0zNDM2M2JjN2M0YzAiOnsiY3JlYXRlIjoxMjAwMDAwMDAwMDAwLCJkZWxldGUiOjEyMDAwMDAwMDAwMDAsInVwZGF0ZSI6MTIwMDAwMDAwMDAwMH0sInNjaGVtYV92ZXJzaW9uIjoiMSJ9",
          "dependencies": [
            "aws_alb.main",
            "aws_alb_listener.config",
            "aws_alb_target_group.config",
            "aws_cloudwatch_log_group.ecs_log_group",
            "aws_db_instance.main",
            "aws_db_subnet_group.db_subnets",
            "aws_ecs_cluster.main",
            "aws_ecs_service.config",
            "aws_ecs_task_definition.auth",
            "aws_ecs_task_definition.config",
            "aws_iam_role.ecs_task_execution_role",
            "aws_secretsmanager_secret.db_password",
            "aws_security_group.alb",
            "aws_security_group.db_sg",
            "aws_security_group.ecs_tasks",
            "aws_service_discovery_private_dns_namespace.main",
            "aws_service_discovery_service.auth_service",
            "aws_service_discovery_service.config_server",
            "aws_ssm_parameter.db_url_auth",
            "aws_ssm_parameter.db_username",
            "aws_subnet.private_1",
            "aws_subnet.private_2",
            "aws_subnet.public_1",
            "aws_subnet.public_2",
            "aws_vpc.main",
            "data.aws_caller_identity.current",
            "data.aws_region.current",
            "random_password.db_password"
          ]
        }
      ]
    },
    {
      "mode": "managed",
      "type": "aws_ecs_service",
      "name": "config",
      "provider": "provider[\"registry.terraform.io/hashicorp/aws\"]",
      "instances": [
        {
          "schema_version": 1,
          "attributes": {
            "alarms": [],
            "availability_zone_rebalancing": "DISABLED",
            "capacity_provider_strategy": [],
            "cluster": "arn:aws:ecs:ap-south-2:186703948765:cluster/ecs-fargate-cluster",
            "deployment_circuit_breaker": [
              {
                "enable": false,
                "rollback": false
              }
            ],
            "deployment_controller": [
              {
                "type": "ECS"
              }
            ],
            "deployment_maximum_percent": 200,
            "deployment_minimum_healthy_percent": 100,
            "desired_count": 1,
            "enable_ecs_managed_tags": false,
            "enable_execute_command": false,
            "force_delete": null,
            "force_new_deployment": null,
            "health_check_grace_period_seconds": 0,
            "iam_role": "/aws-service-role/ecs.amazonaws.com/AWSServiceRoleForECS",
            "id": "arn:aws:ecs:ap-south-2:186703948765:service/ecs-fargate-cluster/config-server",
            "launch_type": "FARGATE",
            "load_balancer": [
              {
                "container_name": "config-server",
                "container_port": 8888,
                "elb_name": "",
                "target_group_arn": "arn:aws:elasticloadbalancing:ap-south-2:186703948765:targetgroup/tg-cfg2026081007054265130000000c/0f3f0381f138c4df"
              }
            ],
            "name": "config-server",
            "network_configuration": [
              {
                "assign_public_ip": false,
                "security_groups": [
                  "sg-0ca2a70583f36632d"
                ],
                "subnets": [
                  "subnet-0469a02836b236858",
                  "subnet-0db8423c592dd847b"
                ]
              }
            ],
            "ordered_placement_strategy": [],
            "placement_constraints": [],
            "platform_version": "LATEST",
            "propagate_tags": "NONE",
            "scheduling_strategy": "REPLICA",
            "service_connect_configuration": [],
            "service_registries": [
              {
                "container_name": "",
                "container_port": 0,
                "port": 0,
                "registry_arn": "arn:aws:servicediscovery:ap-south-2:186703948765:service/srv-sotniw5ny2uo6tsl"
              }
            ],
            "tags": {},
            "tags_all": {
              "CostCenter": "10001",
              "Environment": "Dev",
              "Owner": "Sravan",
              "Project": "It_Support_System"
            },
            "task_definition": "arn:aws:ecs:ap-south-2:186703948765:task-definition/config-server:4",
            "timeouts": null,
            "triggers": {},
            "volume_configuration": [],
            "vpc_lattice_configurations": [],
            "wait_for_steady_state": false
          },
          "sensitive_attributes": [],
          "identity_schema_version": 0,
          "private": "eyJlMmJmYjczMC1lY2FhLTExZTYtOGY4OC0zNDM2M2JjN2M0YzAiOnsiY3JlYXRlIjoxMjAwMDAwMDAwMDAwLCJkZWxldGUiOjEyMDAwMDAwMDAwMDAsInVwZGF0ZSI6MTIwMDAwMDAwMDAwMH0sInNjaGVtYV92ZXJzaW9uIjoiMSJ9",
          "dependencies": [
            "aws_alb.main",
            "aws_alb_listener.config",
            "aws_alb_target_group.config",
            "aws_cloudwatch_log_group.ecs_log_group",
            "aws_ecs_cluster.main",
            "aws_ecs_task_definition.config",
            "aws_iam_role.ecs_task_execution_role",
            "aws_security_group.alb",
            "aws_security_group.ecs_tasks",
            "aws_service_discovery_private_dns_namespace.main",
            "aws_service_discovery_service.config_server",
            "aws_subnet.private_1",
            "aws_subnet.private_2",
            "aws_subnet.public_1",
            "aws_subnet.public_2",
            "aws_vpc.main",
            "data.aws_caller_identity.current",
            "data.aws_region.current"
          ]
        }
      ]
    },
    {
      "mode": "managed",
      "type": "aws_ecs_service",
      "name": "discovery",
      "provider": "provider[\"registry.terraform.io/hashicorp/aws\"]",
      "instances": [
        {
          "schema_version": 1,
          "attributes": {
            "alarms": [],
            "availability_zone_rebalancing": "DISABLED",
            "capacity_provider_strategy": [],
            "cluster": "arn:aws:ecs:ap-south-2:186703948765:cluster/ecs-fargate-cluster",
            "deployment_circuit_breaker": [
              {
                "enable": false,
                "rollback": false
              }
            ],
            "deployment_controller": [
              {
                "type": "ECS"
              }
            ],
            "deployment_maximum_percent": 200,
            "deployment_minimum_healthy_percent": 100,
            "desired_count": 1,
            "enable_ecs_managed_tags": false,
            "enable_execute_command": false,
            "force_delete": null,
            "force_new_deployment": null,
            "health_check_grace_period_seconds": 0,
            "iam_role": "/aws-service-role/ecs.amazonaws.com/AWSServiceRoleForECS",
            "id": "arn:aws:ecs:ap-south-2:186703948765:service/ecs-fargate-cluster/discovery-server",
            "launch_type": "FARGATE",
            "load_balancer": [
              {
                "container_name": "discovery-server",
                "container_port": 8761,
                "elb_name": "",
                "target_group_arn": "arn:aws:elasticloadbalancing:ap-south-2:186703948765:targetgroup/tg-dsc2026081007054265480000000e/f60363a3249d2d8d"
              }
            ],
            "name": "discovery-server",
            "network_configuration": [
              {
                "assign_public_ip": false,
                "security_groups": [
                  "sg-0ca2a70583f36632d"
                ],
                "subnets": [
                  "subnet-0469a02836b236858",
                  "subnet-0db8423c592dd847b"
                ]
              }
            ],
            "ordered_placement_strategy": [],
            "placement_constraints": [],
            "platform_version": "LATEST",
            "propagate_tags": "NONE",
            "scheduling_strategy": "REPLICA",
            "service_connect_configuration": [],
            "service_registries": [
              {
                "container_name": "",
                "container_port": 0,
                "port": 0,
                "registry_arn": "arn:aws:servicediscovery:ap-south-2:186703948765:service/srv-w7746q4l5u4b4mpe"
              }
            ],
            "tags": {},
            "tags_all": {
              "CostCenter": "10001",
              "Environment": "Dev",
              "Owner": "Sravan",
              "Project": "It_Support_System"
            },
            "task_definition": "arn:aws:ecs:ap-south-2:186703948765:task-definition/discovery-server:4",
            "timeouts": null,
            "triggers": {},
            "volume_configuration": [],
            "vpc_lattice_configurations": [],
            "wait_for_steady_state": false
          },
          "sensitive_attributes": [],
          "identity_schema_version": 0,
          "private": "eyJlMmJmYjczMC1lY2FhLTExZTYtOGY4OC0zNDM2M2JjN2M0YzAiOnsiY3JlYXRlIjoxMjAwMDAwMDAwMDAwLCJkZWxldGUiOjEyMDAwMDAwMDAwMDAsInVwZGF0ZSI6MTIwMDAwMDAwMDAwMH0sInNjaGVtYV92ZXJzaW9uIjoiMSJ9",
          "dependencies": [
            "aws_alb.main",
            "aws_alb_listener.discovery",
            "aws_alb_target_group.discovery",
            "aws_cloudwatch_log_group.ecs_log_group",
            "aws_ecs_cluster.main",
            "aws_ecs_task_definition.discovery",
            "aws_iam_role.ecs_task_execution_role",
            "aws_security_group.alb",
            "aws_security_group.ecs_tasks",
            "aws_service_discovery_private_dns_namespace.main",
            "aws_service_discovery_service.discovery_server",
            "aws_subnet.private_1",
            "aws_subnet.private_2",
            "aws_subnet.public_1",
            "aws_subnet.public_2",
            "aws_vpc.main",
            "data.aws_caller_identity.current",
            "data.aws_region.current"
          ]
        }
      ]
    },
    {
      "mode": "managed",
      "type": "aws_ecs_service",
      "name": "gateway",
      "provider": "provider[\"registry.terraform.io/hashicorp/aws\"]",
      "instances": [
        {
          "schema_version": 1,
          "attributes": {
            "alarms": [],
            "availability_zone_rebalancing": "DISABLED",
            "capacity_provider_strategy": [],
            "cluster": "arn:aws:ecs:ap-south-2:186703948765:cluster/ecs-fargate-cluster",
            "deployment_circuit_breaker": [
              {
                "enable": false,
                "rollback": false
              }
            ],
            "deployment_controller": [
              {
                "type": "ECS"
              }
            ],
            "deployment_maximum_percent": 200,
            "deployment_minimum_healthy_percent": 100,
            "desired_count": 1,
            "enable_ecs_managed_tags": false,
            "enable_execute_command": false,
            "force_delete": null,
            "force_new_deployment": null,
            "health_check_grace_period_seconds": 0,
            "iam_role": "/aws-service-role/ecs.amazonaws.com/AWSServiceRoleForECS",
            "id": "arn:aws:ecs:ap-south-2:186703948765:service/ecs-fargate-cluster/api-gateway",
            "launch_type": "FARGATE",
            "load_balancer": [
              {
                "container_name": "api-gateway",
                "container_port": 8080,
                "elb_name": "",
                "target_group_arn": "arn:aws:elasticloadbalancing:ap-south-2:186703948765:targetgroup/tg-gw2026081007054265300000000d/c69b2b2dab8db3e1"
              }
            ],
            "name": "api-gateway",
            "network_configuration": [
              {
                "assign_public_ip": false,
                "security_groups": [
                  "sg-0ca2a70583f36632d"
                ],
                "subnets": [
                  "subnet-0469a02836b236858",
                  "subnet-0db8423c592dd847b"
                ]
              }
            ],
            "ordered_placement_strategy": [],
            "placement_constraints": [],
            "platform_version": "LATEST",
            "propagate_tags": "NONE",
            "scheduling_strategy": "REPLICA",
            "service_connect_configuration": [],
            "service_registries": [
              {
                "container_name": "",
                "container_port": 0,
                "port": 0,
                "registry_arn": "arn:aws:servicediscovery:ap-south-2:186703948765:service/srv-3q23hgg3dankvh6s"
              }
            ],
            "tags": {},
            "tags_all": {
              "CostCenter": "10001",
              "Environment": "Dev",
              "Owner": "Sravan",
              "Project": "It_Support_System"
            },
            "task_definition": "arn:aws:ecs:ap-south-2:186703948765:task-definition/api-gateway:4",
            "timeouts": null,
            "triggers": {},
            "volume_configuration": [],
            "vpc_lattice_configurations": [],
            "wait_for_steady_state": false
          },
          "sensitive_attributes": [],
          "identity_schema_version": 0,
          "private": "eyJlMmJmYjczMC1lY2FhLTExZTYtOGY4OC0zNDM2M2JjN2M0YzAiOnsiY3JlYXRlIjoxMjAwMDAwMDAwMDAwLCJkZWxldGUiOjEyMDAwMDAwMDAwMDAsInVwZGF0ZSI6MTIwMDAwMDAwMDAwMH0sInNjaGVtYV92ZXJzaW9uIjoiMSJ9",
          "dependencies": [
            "aws_alb.main",
            "aws_alb_listener.config",
            "aws_alb_listener.front_end",
            "aws_alb_target_group.config",
            "aws_alb_target_group.gateway",
            "aws_cloudwatch_log_group.ecs_log_group",
            "aws_ecs_cluster.main",
            "aws_ecs_service.config",
            "aws_ecs_task_definition.config",
            "aws_ecs_task_definition.gateway",
            "aws_iam_role.ecs_task_execution_role",
            "aws_security_group.alb",
            "aws_security_group.ecs_tasks",
            "aws_service_discovery_private_dns_namespace.main",
            "aws_service_discovery_service.api_gateway",
            "aws_service_discovery_service.config_server",
            "aws_subnet.private_1",
            "aws_subnet.private_2",
            "aws_subnet.public_1",
            "aws_subnet.public_2",
            "aws_vpc.main",
            "data.aws_caller_identity.current",
            "data.aws_region.current"
          ]
        }
      ]
    },
    {
      "mode": "managed",
      "type": "aws_ecs_service",
      "name": "notification",
      "provider": "provider[\"registry.terraform.io/hashicorp/aws\"]",
      "instances": [
        {
          "schema_version": 1,
          "attributes": {
            "alarms": [],
            "availability_zone_rebalancing": "DISABLED",
            "capacity_provider_strategy": [],
            "cluster": "arn:aws:ecs:ap-south-2:186703948765:cluster/ecs-fargate-cluster",
            "deployment_circuit_breaker": [
              {
                "enable": false,
                "rollback": false
              }
            ],
            "deployment_controller": [
              {
                "type": "ECS"
              }
            ],
            "deployment_maximum_percent": 200,
            "deployment_minimum_healthy_percent": 100,
            "desired_count": 1,
            "enable_ecs_managed_tags": false,
            "enable_execute_command": false,
            "force_delete": null,
            "force_new_deployment": null,
            "health_check_grace_period_seconds": 0,
            "iam_role": "/aws-service-role/ecs.amazonaws.com/AWSServiceRoleForECS",
            "id": "arn:aws:ecs:ap-south-2:186703948765:service/ecs-fargate-cluster/notification-service",
            "launch_type": "FARGATE",
            "load_balancer": [],
            "name": "notification-service",
            "network_configuration": [
              {
                "assign_public_ip": false,
                "security_groups": [
                  "sg-0ca2a70583f36632d"
                ],
                "subnets": [
                  "subnet-0469a02836b236858",
                  "subnet-0db8423c592dd847b"
                ]
              }
            ],
            "ordered_placement_strategy": [],
            "placement_constraints": [],
            "platform_version": "LATEST",
            "propagate_tags": "NONE",
            "scheduling_strategy": "REPLICA",
            "service_connect_configuration": [],
            "service_registries": [
              {
                "container_name": "",
                "container_port": 0,
                "port": 0,
                "registry_arn": "arn:aws:servicediscovery:ap-south-2:186703948765:service/srv-qcjr33vk4qz54x3e"
              }
            ],
            "tags": {},
            "tags_all": {
              "CostCenter": "10001",
              "Environment": "Dev",
              "Owner": "Sravan",
              "Project": "It_Support_System"
            },
            "task_definition": "arn:aws:ecs:ap-south-2:186703948765:task-definition/notification-service:4",
            "timeouts": null,
            "triggers": {},
            "volume_configuration": [],
            "vpc_lattice_configurations": [],
            "wait_for_steady_state": false
          },
          "sensitive_attributes": [],
          "identity_schema_version": 0,
          "private": "eyJlMmJmYjczMC1lY2FhLTExZTYtOGY4OC0zNDM2M2JjN2M0YzAiOnsiY3JlYXRlIjoxMjAwMDAwMDAwMDAwLCJkZWxldGUiOjEyMDAwMDAwMDAwMDAsInVwZGF0ZSI6MTIwMDAwMDAwMDAwMH0sInNjaGVtYV92ZXJzaW9uIjoiMSJ9",
          "dependencies": [
            "aws_alb.main",
            "aws_alb_listener.config",
            "aws_alb_target_group.config",
            "aws_cloudwatch_log_group.ecs_log_group",
            "aws_ecs_cluster.main",
            "aws_ecs_service.config",
            "aws_ecs_task_definition.config",
            "aws_ecs_task_definition.notification",
            "aws_iam_role.ecs_task_execution_role",
            "aws_security_group.alb",
            "aws_security_group.ecs_tasks",
            "aws_service_discovery_private_dns_namespace.main",
            "aws_service_discovery_service.config_server",
            "aws_service_discovery_service.notification",
            "aws_subnet.private_1",
            "aws_subnet.private_2",
            "aws_subnet.public_1",
            "aws_subnet.public_2",
            "aws_vpc.main",
            "data.aws_caller_identity.current",
            "data.aws_region.current"
          ]
        }
      ]
    },
    {
      "mode": "managed",
      "type": "aws_ecs_service",
      "name": "ticket",
      "provider": "provider[\"registry.terraform.io/hashicorp/aws\"]",
      "instances": [
        {
          "schema_version": 1,
          "attributes": {
            "alarms": [],
            "availability_zone_rebalancing": "DISABLED",
            "capacity_provider_strategy": [],
            "cluster": "arn:aws:ecs:ap-south-2:186703948765:cluster/ecs-fargate-cluster",
            "deployment_circuit_breaker": [
              {
                "enable": false,
                "rollback": false
              }
            ],
            "deployment_controller": [
              {
                "type": "ECS"
              }
            ],
            "deployment_maximum_percent": 200,
            "deployment_minimum_healthy_percent": 100,
            "desired_count": 1,
            "enable_ecs_managed_tags": false,
            "enable_execute_command": false,
            "force_delete": null,
            "force_new_deployment": null,
            "health_check_grace_period_seconds": 0,
            "iam_role": "/aws-service-role/ecs.amazonaws.com/AWSServiceRoleForECS",
            "id": "arn:aws:ecs:ap-south-2:186703948765:service/ecs-fargate-cluster/ticket-service",
            "launch_type": "FARGATE",
            "load_balancer": [],
            "name": "ticket-service",
            "network_configuration": [
              {
                "assign_public_ip": false,
                "security_groups": [
                  "sg-0ca2a70583f36632d"
                ],
                "subnets": [
                  "subnet-0469a02836b236858",
                  "subnet-0db8423c592dd847b"
                ]
              }
            ],
            "ordered_placement_strategy": [],
            "placement_constraints": [],
            "platform_version": "LATEST",
            "propagate_tags": "NONE",
            "scheduling_strategy": "REPLICA",
            "service_connect_configuration": [],
            "service_registries": [
              {
                "container_name": "",
                "container_port": 0,
                "port": 0,
                "registry_arn": "arn:aws:servicediscovery:ap-south-2:186703948765:service/srv-oluoqqwrymryuixb"
              }
            ],
            "tags": {},
            "tags_all": {
              "CostCenter": "10001",
              "Environment": "Dev",
              "Owner": "Sravan",
              "Project": "It_Support_System"
            },
            "task_definition": "arn:aws:ecs:ap-south-2:186703948765:task-definition/ticket-service:4",
            "timeouts": null,
            "triggers": {},
            "volume_configuration": [],
            "vpc_lattice_configurations": [],
            "wait_for_steady_state": false
          },
          "sensitive_attributes": [],
          "identity_schema_version": 0,
          "private": "eyJlMmJmYjczMC1lY2FhLTExZTYtOGY4OC0zNDM2M2JjN2M0YzAiOnsiY3JlYXRlIjoxMjAwMDAwMDAwMDAwLCJkZWxldGUiOjEyMDAwMDAwMDAwMDAsInVwZGF0ZSI6MTIwMDAwMDAwMDAwMH0sInNjaGVtYV92ZXJzaW9uIjoiMSJ9",
          "dependencies": [
            "aws_alb.main",
            "aws_alb_listener.config",
            "aws_alb_target_group.config",
            "aws_cloudwatch_log_group.ecs_log_group",
            "aws_db_instance.main",
            "aws_db_subnet_group.db_subnets",
            "aws_ecs_cluster.main",
            "aws_ecs_service.config",
            "aws_ecs_task_definition.config",
            "aws_ecs_task_definition.ticket",
            "aws_iam_role.ecs_task_execution_role",
            "aws_iam_role.ecs_task_role",
            "aws_secretsmanager_secret.db_password",
            "aws_security_group.alb",
            "aws_security_group.db_sg",
            "aws_security_group.ecs_tasks",
            "aws_service_discovery_private_dns_namespace.main",
            "aws_service_discovery_service.config_server",
            "aws_service_discovery_service.ticket",
            "aws_ssm_parameter.db_url_ticket",
            "aws_ssm_parameter.db_username",
            "aws_subnet.private_1",
            "aws_subnet.private_2",
            "aws_subnet.public_1",
            "aws_subnet.public_2",
            "aws_vpc.main",
            "data.aws_caller_identity.current",
            "data.aws_region.current",
            "random_password.db_password"
          ]
        }
      ]
    },
    {
      "mode": "managed",
      "type": "aws_ecs_task_definition",
      "name": "attachment",
      "provider": "provider[\"registry.terraform.io/hashicorp/aws\"]",
      "instances": [
        {
          "schema_version": 1,
          "attributes": {
            "arn": "arn:aws:ecs:ap-south-2:186703948765:task-definition/attachment-service:4",
            "arn_without_revision": "arn:aws:ecs:ap-south-2:186703948765:task-definition/attachment-service",
            "container_definitions": "[{\"environment\":[{\"name\":\"EUREKA_CLIENT_SERVICEURL_DEFAULTZONE\",\"value\":\"http://discovery-server.it-support.local:8761/eureka/\"},{\"name\":\"SPRING_CLOUD_CONFIG_URI\",\"value\":\"http://config-server.it-support.local:8888\"},{\"name\":\"SPRING_JPA_DATABASE_PLATFORM\",\"value\":\"org.hibernate.dialect.MySQLDialect\"},{\"name\":\"SPRING_JPA_PROPERTIES_HIBERNATE_DIALECT\",\"value\":\"org.hibernate.dialect.MySQLDialect\"},{\"name\":\"SPRING_PROFILES_ACTIVE\",\"value\":\"dev\"}],\"essential\":true,\"image\":\"186703948765.dkr.ecr.ap-south-2.amazonaws.com/attachment-service:6851f2e\",\"logConfiguration\":{\"logDriver\":\"awslogs\",\"options\":{\"awslogs-group\":\"/ecs/ecs-fargate-app\",\"awslogs-region\":\"ap-south-2\",\"awslogs-stream-prefix\":\"attachment\"}},\"mountPoints\":[],\"name\":\"attachment-service\",\"portMappings\":[{\"containerPort\":8084,\"hostPort\":8084,\"protocol\":\"tcp\"}],\"secrets\":[{\"name\":\"DB_PASSWORD\",\"valueFrom\":\"arn:aws:secretsmanager:ap-south-2:186703948765:secret:ecs-fargate-db-password-20260810070527366000000001-FnXJLb\"},{\"name\":\"DB_USERNAME\",\"valueFrom\":\"arn:aws:ssm:ap-south-2:186703948765:parameter/config/app/db_username\"},{\"name\":\"SPRING_DATASOURCE_URL\",\"valueFrom\":\"arn:aws:ssm:ap-south-2:186703948765:parameter/config/attachment-service/db_url\"}],\"systemControls\":[],\"volumesFrom\":[]}]",
            "cpu": "256",
            "enable_fault_injection": false,
            "ephemeral_storage": [],
            "execution_role_arn": "arn:aws:iam::186703948765:role/ecs-task-execution-role",
            "family": "attachment-service",
            "id": "attachment-service",
            "inference_accelerator": [],
            "ipc_mode": "",
            "memory": "512",
            "network_mode": "awsvpc",
            "pid_mode": "",
            "placement_constraints": [],
            "proxy_configuration": [],
            "requires_compatibilities": [
              "FARGATE"
            ],
            "revision": 4,
            "runtime_platform": [],
            "skip_destroy": false,
            "tags": null,
            "tags_all": {
              "CostCenter": "10001",
              "Environment": "Dev",
              "Owner": "Sravan",
              "Project": "It_Support_System"
            },
            "task_role_arn": "arn:aws:iam::186703948765:role/ecs-task-role",
            "track_latest": false,
            "volume": []
          },
          "sensitive_attributes": [],
          "identity_schema_version": 0,
          "private": "eyJzY2hlbWFfdmVyc2lvbiI6IjEifQ==",
          "dependencies": [
            "aws_cloudwatch_log_group.ecs_log_group",
            "aws_db_instance.main",
            "aws_db_subnet_group.db_subnets",
            "aws_iam_role.ecs_task_execution_role",
            "aws_iam_role.ecs_task_role",
            "aws_secretsmanager_secret.db_password",
            "aws_security_group.alb",
            "aws_security_group.db_sg",
            "aws_security_group.ecs_tasks",
            "aws_ssm_parameter.db_url_attachment",
            "aws_ssm_parameter.db_username",
            "aws_subnet.private_1",
            "aws_subnet.private_2",
            "aws_vpc.main",
            "data.aws_caller_identity.current",
            "data.aws_region.current",
            "random_password.db_password"
          ]
        }
      ]
    },
    {
      "mode": "managed",
      "type": "aws_ecs_task_definition",
      "name": "auth",
      "provider": "provider[\"registry.terraform.io/hashicorp/aws\"]",
      "instances": [
        {
          "schema_version": 1,
          "attributes": {
            "arn": "arn:aws:ecs:ap-south-2:186703948765:task-definition/auth-service:4",
            "arn_without_revision": "arn:aws:ecs:ap-south-2:186703948765:task-definition/auth-service",
            "container_definitions": "[{\"environment\":[{\"name\":\"EUREKA_CLIENT_SERVICEURL_DEFAULTZONE\",\"value\":\"http://discovery-server.it-support.local:8761/eureka/\"},{\"name\":\"SPRING_CLOUD_CONFIG_URI\",\"value\":\"http://config-server.it-support.local:8888\"},{\"name\":\"SPRING_JPA_DATABASE_PLATFORM\",\"value\":\"org.hibernate.dialect.MySQLDialect\"},{\"name\":\"SPRING_JPA_PROPERTIES_HIBERNATE_DIALECT\",\"value\":\"org.hibernate.dialect.MySQLDialect\"},{\"name\":\"SPRING_PROFILES_ACTIVE\",\"value\":\"dev\"}],\"essential\":true,\"image\":\"186703948765.dkr.ecr.ap-south-2.amazonaws.com/auth-service:6851f2e\",\"logConfiguration\":{\"logDriver\":\"awslogs\",\"options\":{\"awslogs-region\":\"ap-south-2\",\"awslogs-stream-prefix\":\"auth\",\"awslogs-group\":\"/ecs/ecs-fargate-app\"}},\"mountPoints\":[],\"name\":\"auth-service\",\"portMappings\":[{\"containerPort\":8085,\"hostPort\":8085,\"protocol\":\"tcp\"}],\"secrets\":[{\"name\":\"DB_PASSWORD\",\"valueFrom\":\"arn:aws:secretsmanager:ap-south-2:186703948765:secret:ecs-fargate-db-password-20260810070527366000000001-FnXJLb\"},{\"name\":\"DB_USERNAME\",\"valueFrom\":\"arn:aws:ssm:ap-south-2:186703948765:parameter/config/app/db_username\"},{\"name\":\"SPRING_DATASOURCE_URL\",\"valueFrom\":\"arn:aws:ssm:ap-south-2:186703948765:parameter/config/auth-service/db_url\"}],\"systemControls\":[],\"volumesFrom\":[]}]",
            "cpu": "256",
            "enable_fault_injection": false,
            "ephemeral_storage": [],
            "execution_role_arn": "arn:aws:iam::186703948765:role/ecs-task-execution-role",
            "family": "auth-service",
            "id": "auth-service",
            "inference_accelerator": [],
            "ipc_mode": "",
            "memory": "512",
            "network_mode": "awsvpc",
            "pid_mode": "",
            "placement_constraints": [],
            "proxy_configuration": [],
            "requires_compatibilities": [
              "FARGATE"
            ],
            "revision": 4,
            "runtime_platform": [],
            "skip_destroy": false,
            "tags": null,
            "tags_all": {
              "CostCenter": "10001",
              "Environment": "Dev",
              "Owner": "Sravan",
              "Project": "It_Support_System"
            },
            "task_role_arn": "",
            "track_latest": false,
            "volume": []
          },
          "sensitive_attributes": [],
          "identity_schema_version": 0,
          "private": "eyJzY2hlbWFfdmVyc2lvbiI6IjEifQ==",
          "dependencies": [
            "aws_cloudwatch_log_group.ecs_log_group",
            "aws_db_instance.main",
            "aws_db_subnet_group.db_subnets",
            "aws_iam_role.ecs_task_execution_role",
            "aws_secretsmanager_secret.db_password",
            "aws_security_group.alb",
            "aws_security_group.db_sg",
            "aws_security_group.ecs_tasks",
            "aws_ssm_parameter.db_url_auth",
            "aws_ssm_parameter.db_username",
            "aws_subnet.private_1",
            "aws_subnet.private_2",
            "aws_vpc.main",
            "data.aws_caller_identity.current",
            "data.aws_region.current",
            "random_password.db_password"
          ]
        }
      ]
    },
    {
      "mode": "managed",
      "type": "aws_ecs_task_definition",
      "name": "config",
      "provider": "provider[\"registry.terraform.io/hashicorp/aws\"]",
      "instances": [
        {
          "schema_version": 1,
          "attributes": {
            "arn": "arn:aws:ecs:ap-south-2:186703948765:task-definition/config-server:4",
            "arn_without_revision": "arn:aws:ecs:ap-south-2:186703948765:task-definition/config-server",
            "container_definitions": "[{\"environment\":[{\"name\":\"EUREKA_CLIENT_SERVICEURL_DEFAULTZONE\",\"value\":\"http://discovery-server.it-support.local:8761/eureka/\"},{\"name\":\"SPRING_PROFILES_ACTIVE\",\"value\":\"native\"}],\"essential\":true,\"image\":\"186703948765.dkr.ecr.ap-south-2.amazonaws.com/config-server:6851f2e\",\"logConfiguration\":{\"logDriver\":\"awslogs\",\"options\":{\"awslogs-stream-prefix\":\"config\",\"awslogs-group\":\"/ecs/ecs-fargate-app\",\"awslogs-region\":\"ap-south-2\"}},\"mountPoints\":[],\"name\":\"config-server\",\"portMappings\":[{\"containerPort\":8888,\"hostPort\":8888,\"protocol\":\"tcp\"}],\"systemControls\":[],\"volumesFrom\":[]}]",
            "cpu": "256",
            "enable_fault_injection": false,
            "ephemeral_storage": [],
            "execution_role_arn": "arn:aws:iam::186703948765:role/ecs-task-execution-role",
            "family": "config-server",
            "id": "config-server",
            "inference_accelerator": [],
            "ipc_mode": "",
            "memory": "512",
            "network_mode": "awsvpc",
            "pid_mode": "",
            "placement_constraints": [],
            "proxy_configuration": [],
            "requires_compatibilities": [
              "FARGATE"
            ],
            "revision": 4,
            "runtime_platform": [],
            "skip_destroy": false,
            "tags": null,
            "tags_all": {
              "CostCenter": "10001",
              "Environment": "Dev",
              "Owner": "Sravan",
              "Project": "It_Support_System"
            },
            "task_role_arn": "",
            "track_latest": false,
            "volume": []
          },
          "sensitive_attributes": [],
          "identity_schema_version": 0,
          "private": "eyJzY2hlbWFfdmVyc2lvbiI6IjEifQ==",
          "dependencies": [
            "aws_cloudwatch_log_group.ecs_log_group",
            "aws_iam_role.ecs_task_execution_role",
            "data.aws_caller_identity.current",
            "data.aws_region.current"
          ]
        }
      ]
    },
    {
      "mode": "managed",
      "type": "aws_ecs_task_definition",
      "name": "discovery",
      "provider": "provider[\"registry.terraform.io/hashicorp/aws\"]",
      "instances": [
        {
          "schema_version": 1,
          "attributes": {
            "arn": "arn:aws:ecs:ap-south-2:186703948765:task-definition/discovery-server:4",
            "arn_without_revision": "arn:aws:ecs:ap-south-2:186703948765:task-definition/discovery-server",
            "container_definitions": "[{\"environment\":[{\"name\":\"EUREKA_CLIENT_FETCH_REGISTRY\",\"value\":\"false\"},{\"name\":\"EUREKA_CLIENT_REGISTER_WITH_EUREKA\",\"value\":\"false\"},{\"name\":\"EUREKA_INSTANCE_HOSTNAME\",\"value\":\"discovery-server.it-support.local\"},{\"name\":\"SPRING_CLOUD_CONFIG_URI\",\"value\":\"http://config-server.it-support.local:8888\"}],\"essential\":true,\"image\":\"186703948765.dkr.ecr.ap-south-2.amazonaws.com/discovery-server:6851f2e\",\"logConfiguration\":{\"logDriver\":\"awslogs\",\"options\":{\"awslogs-stream-prefix\":\"discovery\",\"awslogs-group\":\"/ecs/ecs-fargate-app\",\"awslogs-region\":\"ap-south-2\"}},\"mountPoints\":[],\"name\":\"discovery-server\",\"portMappings\":[{\"containerPort\":8761,\"hostPort\":8761,\"protocol\":\"tcp\"}],\"systemControls\":[],\"volumesFrom\":[]}]",
            "cpu": "256",
            "enable_fault_injection": false,
            "ephemeral_storage": [],
            "execution_role_arn": "arn:aws:iam::186703948765:role/ecs-task-execution-role",
            "family": "discovery-server",
            "id": "discovery-server",
            "inference_accelerator": [],
            "ipc_mode": "",
            "memory": "512",
            "network_mode": "awsvpc",
            "pid_mode": "",
            "placement_constraints": [],
            "proxy_configuration": [],
            "requires_compatibilities": [
              "FARGATE"
            ],
            "revision": 4,
            "runtime_platform": [],
            "skip_destroy": false,
            "tags": null,
            "tags_all": {
              "CostCenter": "10001",
              "Environment": "Dev",
              "Owner": "Sravan",
              "Project": "It_Support_System"
            },
            "task_role_arn": "",
            "track_latest": false,
            "volume": []
          },
          "sensitive_attributes": [],
          "identity_schema_version": 0,
          "private": "eyJzY2hlbWFfdmVyc2lvbiI6IjEifQ==",
          "dependencies": [
            "aws_cloudwatch_log_group.ecs_log_group",
            "aws_iam_role.ecs_task_execution_role",
            "data.aws_caller_identity.current",
            "data.aws_region.current"
          ]
        }
      ]
    },
    {
      "mode": "managed",
      "type": "aws_ecs_task_definition",
      "name": "gateway",
      "provider": "provider[\"registry.terraform.io/hashicorp/aws\"]",
      "instances": [
        {
          "schema_version": 1,
          "attributes": {
            "arn": "arn:aws:ecs:ap-south-2:186703948765:task-definition/api-gateway:4",
            "arn_without_revision": "arn:aws:ecs:ap-south-2:186703948765:task-definition/api-gateway",
            "container_definitions": "[{\"environment\":[{\"name\":\"EUREKA_CLIENT_SERVICEURL_DEFAULTZONE\",\"value\":\"http://discovery-server.it-support.local:8761/eureka/\"},{\"name\":\"SPRING_CLOUD_CONFIG_URI\",\"value\":\"http://config-server.it-support.local:8888\"}],\"essential\":true,\"image\":\"186703948765.dkr.ecr.ap-south-2.amazonaws.com/api-gateway:6851f2e\",\"logConfiguration\":{\"logDriver\":\"awslogs\",\"options\":{\"awslogs-group\":\"/ecs/ecs-fargate-app\",\"awslogs-region\":\"ap-south-2\",\"awslogs-stream-prefix\":\"gateway\"}},\"mountPoints\":[],\"name\":\"api-gateway\",\"portMappings\":[{\"containerPort\":8080,\"hostPort\":8080,\"protocol\":\"tcp\"}],\"systemControls\":[],\"volumesFrom\":[]}]",
            "cpu": "256",
            "enable_fault_injection": false,
            "ephemeral_storage": [],
            "execution_role_arn": "arn:aws:iam::186703948765:role/ecs-task-execution-role",
            "family": "api-gateway",
            "id": "api-gateway",
            "inference_accelerator": [],
            "ipc_mode": "",
            "memory": "512",
            "network_mode": "awsvpc",
            "pid_mode": "",
            "placement_constraints": [],
            "proxy_configuration": [],
            "requires_compatibilities": [
              "FARGATE"
            ],
            "revision": 4,
            "runtime_platform": [],
            "skip_destroy": false,
            "tags": null,
            "tags_all": {
              "CostCenter": "10001",
              "Environment": "Dev",
              "Owner": "Sravan",
              "Project": "It_Support_System"
            },
            "task_role_arn": "",
            "track_latest": false,
            "volume": []
          },
          "sensitive_attributes": [],
          "identity_schema_version": 0,
          "private": "eyJzY2hlbWFfdmVyc2lvbiI6IjEifQ==",
          "dependencies": [
            "aws_cloudwatch_log_group.ecs_log_group",
            "aws_iam_role.ecs_task_execution_role",
            "data.aws_caller_identity.current",
            "data.aws_region.current"
          ]
        }
      ]
    },
    {
      "mode": "managed",
      "type": "aws_ecs_task_definition",
      "name": "notification",
      "provider": "provider[\"registry.terraform.io/hashicorp/aws\"]",
      "instances": [
        {
          "schema_version": 1,
          "attributes": {
            "arn": "arn:aws:ecs:ap-south-2:186703948765:task-definition/notification-service:4",
            "arn_without_revision": "arn:aws:ecs:ap-south-2:186703948765:task-definition/notification-service",
            "container_definitions": "[{\"environment\":[{\"name\":\"EUREKA_CLIENT_SERVICEURL_DEFAULTZONE\",\"value\":\"http://discovery-server.it-support.local:8761/eureka/\"},{\"name\":\"SPRING_CLOUD_CONFIG_URI\",\"value\":\"http://config-server.it-support.local:8888\"}],\"essential\":true,\"image\":\"186703948765.dkr.ecr.ap-south-2.amazonaws.com/notification-service:6851f2e\",\"logConfiguration\":{\"logDriver\":\"awslogs\",\"options\":{\"awslogs-group\":\"/ecs/ecs-fargate-app\",\"awslogs-region\":\"ap-south-2\",\"awslogs-stream-prefix\":\"notification\"}},\"mountPoints\":[],\"name\":\"notification-service\",\"portMappings\":[{\"containerPort\":8083,\"hostPort\":8083,\"protocol\":\"tcp\"}],\"systemControls\":[],\"volumesFrom\":[]}]",
            "cpu": "256",
            "enable_fault_injection": false,
            "ephemeral_storage": [],
            "execution_role_arn": "arn:aws:iam::186703948765:role/ecs-task-execution-role",
            "family": "notification-service",
            "id": "notification-service",
            "inference_accelerator": [],
            "ipc_mode": "",
            "memory": "512",
            "network_mode": "awsvpc",
            "pid_mode": "",
            "placement_constraints": [],
            "proxy_configuration": [],
            "requires_compatibilities": [
              "FARGATE"
            ],
            "revision": 4,
            "runtime_platform": [],
            "skip_destroy": false,
            "tags": null,
            "tags_all": {
              "CostCenter": "10001",
              "Environment": "Dev",
              "Owner": "Sravan",
              "Project": "It_Support_System"
            },
            "task_role_arn": "",
            "track_latest": false,
            "volume": []
          },
          "sensitive_attributes": [],
          "identity_schema_version": 0,
          "private": "eyJzY2hlbWFfdmVyc2lvbiI6IjEifQ==",
          "dependencies": [
            "aws_cloudwatch_log_group.ecs_log_group",
            "aws_iam_role.ecs_task_execution_role",
            "data.aws_caller_identity.current",
            "data.aws_region.current"
          ]
        }
      ]
    },
    {
      "mode": "managed",
      "type": "aws_ecs_task_definition",
      "name": "ticket",
      "provider": "provider[\"registry.terraform.io/hashicorp/aws\"]",
      "instances": [
        {
          "schema_version": 1,
          "attributes": {
            "arn": "arn:aws:ecs:ap-south-2:186703948765:task-definition/ticket-service:4",
            "arn_without_revision": "arn:aws:ecs:ap-south-2:186703948765:task-definition/ticket-service",
            "container_definitions": "[{\"environment\":[{\"name\":\"EUREKA_CLIENT_SERVICEURL_DEFAULTZONE\",\"value\":\"http://discovery-server.it-support.local:8761/eureka/\"},{\"name\":\"SPRING_CLOUD_CONFIG_URI\",\"value\":\"http://config-server.it-support.local:8888\"},{\"name\":\"SPRING_JPA_DATABASE_PLATFORM\",\"value\":\"org.hibernate.dialect.MySQLDialect\"},{\"name\":\"SPRING_JPA_PROPERTIES_HIBERNATE_DIALECT\",\"value\":\"org.hibernate.dialect.MySQLDialect\"},{\"name\":\"SPRING_PROFILES_ACTIVE\",\"value\":\"dev\"}],\"essential\":true,\"image\":\"186703948765.dkr.ecr.ap-south-2.amazonaws.com/ticket-service:6851f2e\",\"logConfiguration\":{\"logDriver\":\"awslogs\",\"options\":{\"awslogs-region\":\"ap-south-2\",\"awslogs-stream-prefix\":\"ticket\",\"awslogs-group\":\"/ecs/ecs-fargate-app\"}},\"mountPoints\":[],\"name\":\"ticket-service\",\"portMappings\":[{\"containerPort\":8082,\"hostPort\":8082,\"protocol\":\"tcp\"}],\"secrets\":[{\"name\":\"DB_PASSWORD\",\"valueFrom\":\"arn:aws:secretsmanager:ap-south-2:186703948765:secret:ecs-fargate-db-password-20260810070527366000000001-FnXJLb\"},{\"name\":\"DB_USERNAME\",\"valueFrom\":\"arn:aws:ssm:ap-south-2:186703948765:parameter/config/app/db_username\"},{\"name\":\"SPRING_DATASOURCE_URL\",\"valueFrom\":\"arn:aws:ssm:ap-south-2:186703948765:parameter/config/ticket-service/db_url\"}],\"systemControls\":[],\"volumesFrom\":[]}]",
            "cpu": "256",
            "enable_fault_injection": false,
            "ephemeral_storage": [],
            "execution_role_arn": "arn:aws:iam::186703948765:role/ecs-task-execution-role",
            "family": "ticket-service",
            "id": "ticket-service",
            "inference_accelerator": [],
            "ipc_mode": "",
            "memory": "512",
            "network_mode": "awsvpc",
            "pid_mode": "",
            "placement_constraints": [],
            "proxy_configuration": [],
            "requires_compatibilities": [
              "FARGATE"
            ],
            "revision": 4,
            "runtime_platform": [],
            "skip_destroy": false,
            "tags": null,
            "tags_all": {
              "CostCenter": "10001",
              "Environment": "Dev",
              "Owner": "Sravan",
              "Project": "It_Support_System"
            },
            "task_role_arn": "arn:aws:iam::186703948765:role/ecs-task-role",
            "track_latest": false,
            "volume": []
          },
          "sensitive_attributes": [],
          "identity_schema_version": 0,
          "private": "eyJzY2hlbWFfdmVyc2lvbiI6IjEifQ==",
          "dependencies": [
            "aws_cloudwatch_log_group.ecs_log_group",
            "aws_db_instance.main",
            "aws_db_subnet_group.db_subnets",
            "aws_iam_role.ecs_task_execution_role",
            "aws_iam_role.ecs_task_role",
            "aws_secretsmanager_secret.db_password",
            "aws_security_group.alb",
            "aws_security_group.db_sg",
            "aws_security_group.ecs_tasks",
            "aws_ssm_parameter.db_url_ticket",
            "aws_ssm_parameter.db_username",
            "aws_subnet.private_1",
            "aws_subnet.private_2",
            "aws_vpc.main",
            "data.aws_caller_identity.current",
            "data.aws_region.current",
            "random_password.db_password"
          ]
        }
      ]
    },
    {
      "mode": "managed",
      "type": "aws_eip",
      "name": "nat",
      "provider": "provider[\"registry.terraform.io/hashicorp/aws\"]",
      "instances": [
        {
          "schema_version": 0,
          "attributes": {
            "address": null,
            "allocation_id": "eipalloc-04b67df03a8173b76",
            "arn": "arn:aws:ec2:ap-south-2:186703948765:elastic-ip/eipalloc-04b67df03a8173b76",
            "associate_with_private_ip": null,
            "association_id": "eipassoc-0ace053ada4710a39",
            "carrier_ip": "",
            "customer_owned_ip": "",
            "customer_owned_ipv4_pool": "",
            "domain": "vpc",
            "id": "eipalloc-04b67df03a8173b76",
            "instance": "",
            "ipam_pool_id": null,
            "network_border_group": "ap-south-2",
            "network_interface": "eni-0ec2f577c3c733d5a",
            "private_dns": "ip-10-0-1-65.ap-south-2.compute.internal",
            "private_ip": "10.0.1.65",
            "ptr_record": "",
            "public_dns": "ec2-16-113-57-189.ap-south-2.compute.amazonaws.com",
            "public_ip": "16.113.57.189",
            "public_ipv4_pool": "amazon",
            "tags": {
              "Name": "ecs-fargate-nat-eip"
            },
            "tags_all": {
              "CostCenter": "10001",
              "Environment": "Dev",
              "Name": "ecs-fargate-nat-eip",
              "Owner": "Sravan",
              "Project": "It_Support_System"
            },
            "timeouts": null,
            "vpc": true
          },
          "sensitive_attributes": [],
          "identity_schema_version": 0,
          "private": "eyJlMmJmYjczMC1lY2FhLTExZTYtOGY4OC0zNDM2M2JjN2M0YzAiOnsiZGVsZXRlIjoxODAwMDAwMDAwMDAsInJlYWQiOjkwMDAwMDAwMDAwMCwidXBkYXRlIjozMDAwMDAwMDAwMDB9fQ=="
        }
      ]
    },
    {
      "mode": "managed",
      "type": "aws_iam_role",
      "name": "ecs_task_execution_role",
      "provider": "provider[\"registry.terraform.io/hashicorp/aws\"]",
      "instances": [
        {
          "schema_version": 0,
          "attributes": {
            "arn": "arn:aws:iam::186703948765:role/ecs-task-execution-role",
            "assume_role_policy": "{\"Statement\":[{\"Action\":\"sts:AssumeRole\",\"Effect\":\"Allow\",\"Principal\":{\"Service\":\"ecs-tasks.amazonaws.com\"}}],\"Version\":\"2012-10-17\"}",
            "create_date": "2026-08-10T07:05:27Z",
            "description": "",
            "force_detach_policies": false,
            "id": "ecs-task-execution-role",
            "inline_policy": [
              {
                "name": "ecs-execution-secrets-policy",
                "policy": "{\"Version\":\"2012-10-17\",\"Statement\":[{\"Action\":[\"secretsmanager:GetSecretValue\",\"ssm:GetParameters\",\"ssm:GetParameter\"],\"Effect\":\"Allow\",\"Resource\":[\"arn:aws:secretsmanager:ap-south-2:186703948765:secret:ecs-fargate-db-password-20260810070527366000000001-FnXJLb\",\"arn:aws:ssm:ap-south-2:186703948765:parameter/config/app/db_username\",\"arn:aws:ssm:ap-south-2:186703948765:parameter/config/ticket-service/db_url\",\"arn:aws:ssm:ap-south-2:186703948765:parameter/config/auth-service/db_url\",\"arn:aws:ssm:ap-south-2:186703948765:parameter/config/attachment-service/db_url\"]}]}"
              }
            ],
            "managed_policy_arns": [
              "arn:aws:iam::aws:policy/service-role/AmazonECSTaskExecutionRolePolicy"
            ],
            "max_session_duration": 3600,
            "name": "ecs-task-execution-role",
            "name_prefix": "",
            "path": "/",
            "permissions_boundary": "",
            "tags": {},
            "tags_all": {
              "CostCenter": "10001",
              "Environment": "Dev",
              "Owner": "Sravan",
              "Project": "It_Support_System"
            },
            "unique_id": "AROASW6DMFPOTT7LRJPQN"
          },
          "sensitive_attributes": [],
          "identity_schema_version": 0,
          "private": "bnVsbA=="
        }
      ]
    },
    {
      "mode": "managed",
      "type": "aws_iam_role",
      "name": "ecs_task_role",
      "provider": "provider[\"registry.terraform.io/hashicorp/aws\"]",
      "instances": [
        {
          "schema_version": 0,
          "attributes": {
            "arn": "arn:aws:iam::186703948765:role/ecs-task-role",
            "assume_role_policy": "{\"Statement\":[{\"Action\":\"sts:AssumeRole\",\"Effect\":\"Allow\",\"Principal\":{\"Service\":\"ecs-tasks.amazonaws.com\"}}],\"Version\":\"2012-10-17\"}",
            "create_date": "2026-08-10T07:05:28Z",
            "description": "",
            "force_detach_policies": false,
            "id": "ecs-task-role",
            "inline_policy": [],
            "managed_policy_arns": [
              "arn:aws:iam::aws:policy/AmazonS3FullAccess"
            ],
            "max_session_duration": 3600,
            "name": "ecs-task-role",
            "name_prefix": "",
            "path": "/",
            "permissions_boundary": "",
            "tags": {},
            "tags_all": {
              "CostCenter": "10001",
              "Environment": "Dev",
              "Owner": "Sravan",
              "Project": "It_Support_System"
            },
            "unique_id": "AROASW6DMFPOUETXBUR66"
          },
          "sensitive_attributes": [],
          "identity_schema_version": 0,
          "private": "bnVsbA=="
        }
      ]
    },
    {
      "mode": "managed",
      "type": "aws_iam_role",
      "name": "lambda_role",
      "provider": "provider[\"registry.terraform.io/hashicorp/aws\"]",
      "instances": [
        {
          "schema_version": 0,
          "attributes": {
            "arn": "arn:aws:iam::186703948765:role/thumbnail-lambda-role",
            "assume_role_policy": "{\"Statement\":[{\"Action\":\"sts:AssumeRole\",\"Effect\":\"Allow\",\"Principal\":{\"Service\":\"lambda.amazonaws.com\"}}],\"Version\":\"2012-10-17\"}",
            "create_date": "2026-08-10T07:05:27Z",
            "description": "",
            "force_detach_policies": false,
            "id": "thumbnail-lambda-role",
            "inline_policy": [],
            "managed_policy_arns": [
              "arn:aws:iam::aws:policy/AmazonS3FullAccess",
              "arn:aws:iam::aws:policy/service-role/AWSLambdaBasicExecutionRole"
            ],
            "max_session_duration": 3600,
            "name": "thumbnail-lambda-role",
            "name_prefix": "",
            "path": "/",
            "permissions_boundary": "",
            "tags": {},
            "tags_all": {
              "CostCenter": "10001",
              "Environment": "Dev",
              "Owner": "Sravan",
              "Project": "It_Support_System"
            },
            "unique_id": "AROASW6DMFPO4GP7MWCNG"
          },
          "sensitive_attributes": [],
          "identity_schema_version": 0,
          "private": "bnVsbA=="
        }
      ]
    },
    {
      "mode": "managed",
      "type": "aws_iam_role_policy",
      "name": "ecs_execution_secrets",
      "provider": "provider[\"registry.terraform.io/hashicorp/aws\"]",
      "instances": [
        {
          "schema_version": 0,
          "attributes": {
            "id": "ecs-task-execution-role:ecs-execution-secrets-policy",
            "name": "ecs-execution-secrets-policy",
            "name_prefix": "",
            "policy": "{\"Version\":\"2012-10-17\",\"Statement\":[{\"Action\":[\"secretsmanager:GetSecretValue\",\"ssm:GetParameters\",\"ssm:GetParameter\"],\"Effect\":\"Allow\",\"Resource\":[\"arn:aws:secretsmanager:ap-south-2:186703948765:secret:ecs-fargate-db-password-20260810070527366000000001-FnXJLb\",\"arn:aws:ssm:ap-south-2:186703948765:parameter/config/app/db_username\",\"arn:aws:ssm:ap-south-2:186703948765:parameter/config/ticket-service/db_url\",\"arn:aws:ssm:ap-south-2:186703948765:parameter/config/auth-service/db_url\",\"arn:aws:ssm:ap-south-2:186703948765:parameter/config/attachment-service/db_url\"]}]}",
            "role": "ecs-task-execution-role"
          },
          "sensitive_attributes": [],
          "identity_schema_version": 0,
          "private": "bnVsbA==",
          "dependencies": [
            "aws_db_instance.main",
            "aws_db_subnet_group.db_subnets",
            "aws_iam_role.ecs_task_execution_role",
            "aws_secretsmanager_secret.db_password",
            "aws_security_group.alb",
            "aws_security_group.db_sg",
            "aws_security_group.ecs_tasks",
            "aws_ssm_parameter.db_url_attachment",
            "aws_ssm_parameter.db_url_auth",
            "aws_ssm_parameter.db_url_ticket",
            "aws_ssm_parameter.db_username",
            "aws_subnet.private_1",
            "aws_subnet.private_2",
            "aws_vpc.main",
            "random_password.db_password"
          ]
        }
      ]
    },
    {
      "mode": "managed",
      "type": "aws_iam_role_policy_attachment",
      "name": "ecs_task_execution_role_policy",
      "provider": "provider[\"registry.terraform.io/hashicorp/aws\"]",
      "instances": [
        {
          "schema_version": 0,
          "attributes": {
            "id": "ecs-task-execution-role-20260810070529356200000008",
            "policy_arn": "arn:aws:iam::aws:policy/service-role/AmazonECSTaskExecutionRolePolicy",
            "role": "ecs-task-execution-role"
          },
          "sensitive_attributes": [],
          "identity_schema_version": 0,
          "private": "bnVsbA==",
          "dependencies": [
            "aws_iam_role.ecs_task_execution_role"
          ]
        }
      ]
    },
    {
      "mode": "managed",
      "type": "aws_iam_role_policy_attachment",
      "name": "ecs_task_s3_policy",
      "provider": "provider[\"registry.terraform.io/hashicorp/aws\"]",
      "instances": [
        {
          "schema_version": 0,
          "attributes": {
            "id": "ecs-task-role-20260810070530416600000009",
            "policy_arn": "arn:aws:iam::aws:policy/AmazonS3FullAccess",
            "role": "ecs-task-role"
          },
          "sensitive_attributes": [],
          "identity_schema_version": 0,
          "private": "bnVsbA==",
          "dependencies": [
            "aws_iam_role.ecs_task_role"
          ]
        }
      ]
    },
    {
      "mode": "managed",
      "type": "aws_iam_role_policy_attachment",
      "name": "lambda_basic",
      "provider": "provider[\"registry.terraform.io/hashicorp/aws\"]",
      "instances": [
        {
          "schema_version": 0,
          "attributes": {
            "id": "thumbnail-lambda-role-20260810070529120700000005",
            "policy_arn": "arn:aws:iam::aws:policy/service-role/AWSLambdaBasicExecutionRole",
            "role": "thumbnail-lambda-role"
          },
          "sensitive_attributes": [],
          "identity_schema_version": 0,
          "private": "bnVsbA==",
          "dependencies": [
            "aws_iam_role.lambda_role"
          ]
        }
      ]
    },
    {
      "mode": "managed",
      "type": "aws_iam_role_policy_attachment",
      "name": "lambda_s3",
      "provider": "provider[\"registry.terraform.io/hashicorp/aws\"]",
      "instances": [
        {
          "schema_version": 0,
          "attributes": {
            "id": "thumbnail-lambda-role-20260810070529252100000007",
            "policy_arn": "arn:aws:iam::aws:policy/AmazonS3FullAccess",
            "role": "thumbnail-lambda-role"
          },
          "sensitive_attributes": [],
          "identity_schema_version": 0,
          "private": "bnVsbA==",
          "dependencies": [
            "aws_iam_role.lambda_role"
          ]
        }
      ]
    },
    {
      "mode": "managed",
      "type": "aws_internet_gateway",
      "name": "gw",
      "provider": "provider[\"registry.terraform.io/hashicorp/aws\"]",
      "instances": [
        {
          "schema_version": 0,
          "attributes": {
            "arn": "arn:aws:ec2:ap-south-2:186703948765:internet-gateway/igw-0076b9a5d37b22e42",
            "id": "igw-0076b9a5d37b22e42",
            "owner_id": "186703948765",
            "tags": {
              "Name": "ecs-fargate-igw"
            },
            "tags_all": {
              "CostCenter": "10001",
              "Environment": "Dev",
              "Name": "ecs-fargate-igw",
              "Owner": "Sravan",
              "Project": "It_Support_System"
            },
            "timeouts": null,
            "vpc_id": "vpc-0be4aa3e63777d83a"
          },
          "sensitive_attributes": [],
          "identity_schema_version": 0,
          "private": "eyJlMmJmYjczMC1lY2FhLTExZTYtOGY4OC0zNDM2M2JjN2M0YzAiOnsiY3JlYXRlIjoxMjAwMDAwMDAwMDAwLCJkZWxldGUiOjEyMDAwMDAwMDAwMDAsInVwZGF0ZSI6MTIwMDAwMDAwMDAwMH19",
          "dependencies": [
            "aws_vpc.main"
          ]
        }
      ]
    },
    {
      "mode": "managed",
      "type": "aws_lambda_function",
      "name": "thumbnail",
      "provider": "provider[\"registry.terraform.io/hashicorp/aws\"]",
      "instances": [
        {
          "schema_version": 0,
          "attributes": {
            "architectures": [
              "x86_64"
            ],
            "arn": "arn:aws:lambda:ap-south-2:186703948765:function:ticketdesk-thumbnail-generator",
            "code_sha256": "xqJRejCgUNzWJdA61GoFtsGzmtHquGeQz0AuJUr47Z8=",
            "code_signing_config_arn": null,
            "dead_letter_config": [],
            "description": "",
            "environment": [],
            "ephemeral_storage": [
              {
                "size": 512
              }
            ],
            "file_system_config": [],
            "filename": "./../lambda/thumbnail.zip",
            "function_name": "ticketdesk-thumbnail-generator",
            "handler": "index.handler",
            "id": "ticketdesk-thumbnail-generator",
            "image_config": [],
            "image_uri": "",
            "invoke_arn": "arn:aws:apigateway:ap-south-2:lambda:path/2015-03-31/functions/arn:aws:lambda:ap-south-2:186703948765:function:ticketdesk-thumbnail-generator/invocations",
            "kms_key_arn": "",
            "last_modified": "2026-08-10T07:05:33.900+0000",
            "layers": [],
            "logging_config": [
              {
                "application_log_level": "",
                "log_format": "Text",
                "log_group": "/aws/lambda/ticketdesk-thumbnail-generator",
                "system_log_level": ""
              }
            ],
            "memory_size": 512,
            "package_type": "Zip",
            "publish": false,
            "qualified_arn": "arn:aws:lambda:ap-south-2:186703948765:function:ticketdesk-thumbnail-generator:$LATEST",
            "qualified_invoke_arn": "arn:aws:apigateway:ap-south-2:lambda:path/2015-03-31/functions/arn:aws:lambda:ap-south-2:186703948765:function:ticketdesk-thumbnail-generator:$LATEST/invocations",
            "replace_security_groups_on_destroy": null,
            "replacement_security_group_ids": null,
            "reserved_concurrent_executions": -1,
            "role": "arn:aws:iam::186703948765:role/thumbnail-lambda-role",
            "runtime": "nodejs18.x",
            "s3_bucket": null,
            "s3_key": null,
            "s3_object_version": null,
            "signing_job_arn": "",
            "signing_profile_version_arn": "",
            "skip_destroy": false,
            "snap_start": [],
            "source_code_hash": "xqJRejCgUNzWJdA61GoFtsGzmtHquGeQz0AuJUr47Z8=",
            "source_code_size": 16276886,
            "tags": {},
            "tags_all": {
              "CostCenter": "10001",
              "Environment": "Dev",
              "Owner": "Sravan",
              "Project": "It_Support_System"
            },
            "timeout": 30,
            "timeouts": null,
            "tracing_config": [
              {
                "mode": "PassThrough"
              }
            ],
            "version": "$LATEST",
            "vpc_config": []
          },
          "sensitive_attributes": [],
          "identity_schema_version": 0,
          "private": "eyJlMmJmYjczMC1lY2FhLTExZTYtOGY4OC0zNDM2M2JjN2M0YzAiOnsiY3JlYXRlIjo2MDAwMDAwMDAwMDAsImRlbGV0ZSI6NjAwMDAwMDAwMDAwLCJ1cGRhdGUiOjYwMDAwMDAwMDAwMH19",
          "dependencies": [
            "aws_iam_role.lambda_role",
            "data.archive_file.lambda_zip"
          ]
        }
      ]
    },
    {
      "mode": "managed",
      "type": "aws_lambda_permission",
      "name": "allow_s3",
      "provider": "provider[\"registry.terraform.io/hashicorp/aws\"]",
      "instances": [
        {
          "schema_version": 0,
          "attributes": {
            "action": "lambda:InvokeFunction",
            "event_source_token": null,
            "function_name": "ticketdesk-thumbnail-generator",
            "function_url_auth_type": null,
            "id": "AllowExecutionFromS3",
            "principal": "s3.amazonaws.com",
            "principal_org_id": null,
            "qualifier": "",
            "source_account": null,
            "source_arn": "arn:aws:s3:::ticketdesk-attachments-20260810070528309500000003",
            "statement_id": "AllowExecutionFromS3",
            "statement_id_prefix": ""
          },
          "sensitive_attributes": [],
          "identity_schema_version": 0,
          "private": "bnVsbA==",
          "dependencies": [
            "aws_iam_role.lambda_role",
            "aws_lambda_function.thumbnail",
            "aws_s3_bucket.attachments_bucket",
            "data.archive_file.lambda_zip"
          ]
        }
      ]
    },
    {
      "mode": "managed",
      "type": "aws_nat_gateway",
      "name": "nat",
      "provider": "provider[\"registry.terraform.io/hashicorp/aws\"]",
      "instances": [
        {
          "schema_version": 0,
          "attributes": {
            "allocation_id": "eipalloc-04b67df03a8173b76",
            "association_id": "eipassoc-0ace053ada4710a39",
            "connectivity_type": "public",
            "id": "nat-0893ea0c8624d723e",
            "network_interface_id": "eni-0ec2f577c3c733d5a",
            "private_ip": "10.0.1.65",
            "public_ip": "16.113.57.189",
            "secondary_allocation_ids": [],
            "secondary_private_ip_address_count": 0,
            "secondary_private_ip_addresses": [],
            "subnet_id": "subnet-07f80e2dac53ea21a",
            "tags": {
              "Name": "ecs-fargate-nat-gw"
            },
            "tags_all": {
              "CostCenter": "10001",
              "Environment": "Dev",
              "Name": "ecs-fargate-nat-gw",
              "Owner": "Sravan",
              "Project": "It_Support_System"
            },
            "timeouts": null
          },
          "sensitive_attributes": [],
          "identity_schema_version": 0,
          "private": "eyJlMmJmYjczMC1lY2FhLTExZTYtOGY4OC0zNDM2M2JjN2M0YzAiOnsiY3JlYXRlIjo2MDAwMDAwMDAwMDAsImRlbGV0ZSI6MTgwMDAwMDAwMDAwMCwidXBkYXRlIjo2MDAwMDAwMDAwMDB9fQ==",
          "dependencies": [
            "aws_eip.nat",
            "aws_internet_gateway.gw",
            "aws_subnet.public_1",
            "aws_vpc.main"
          ]
        }
      ]
    },
    {
      "mode": "managed",
      "type": "aws_route_table",
      "name": "private",
      "provider": "provider[\"registry.terraform.io/hashicorp/aws\"]",
      "instances": [
        {
          "schema_version": 0,
          "attributes": {
            "arn": "arn:aws:ec2:ap-south-2:186703948765:route-table/rtb-053ca4075fcf2bda7",
            "id": "rtb-053ca4075fcf2bda7",
            "owner_id": "186703948765",
            "propagating_vgws": [],
            "route": [
              {
                "carrier_gateway_id": "",
                "cidr_block": "0.0.0.0/0",
                "core_network_arn": "",
                "destination_prefix_list_id": "",
                "egress_only_gateway_id": "",
                "gateway_id": "",
                "ipv6_cidr_block": "",
                "local_gateway_id": "",
                "nat_gateway_id": "nat-0893ea0c8624d723e",
                "network_interface_id": "",
                "transit_gateway_id": "",
                "vpc_endpoint_id": "",
                "vpc_peering_connection_id": ""
              }
            ],
            "tags": {
              "Name": "ecs-fargate-private-rt"
            },
            "tags_all": {
              "CostCenter": "10001",
              "Environment": "Dev",
              "Name": "ecs-fargate-private-rt",
              "Owner": "Sravan",
              "Project": "It_Support_System"
            },
            "timeouts": null,
            "vpc_id": "vpc-0be4aa3e63777d83a"
          },
          "sensitive_attributes": [],
          "identity_schema_version": 0,
          "private": "eyJlMmJmYjczMC1lY2FhLTExZTYtOGY4OC0zNDM2M2JjN2M0YzAiOnsiY3JlYXRlIjozMDAwMDAwMDAwMDAsImRlbGV0ZSI6MzAwMDAwMDAwMDAwLCJ1cGRhdGUiOjEyMDAwMDAwMDAwMH19",
          "dependencies": [
            "aws_eip.nat",
            "aws_internet_gateway.gw",
            "aws_nat_gateway.nat",
            "aws_subnet.public_1",
            "aws_vpc.main"
          ]
        }
      ]
    },
    {
      "mode": "managed",
      "type": "aws_route_table",
      "name": "public",
      "provider": "provider[\"registry.terraform.io/hashicorp/aws\"]",
      "instances": [
        {
          "schema_version": 0,
          "attributes": {
            "arn": "arn:aws:ec2:ap-south-2:186703948765:route-table/rtb-05ffa1130f5772ffd",
            "id": "rtb-05ffa1130f5772ffd",
            "owner_id": "186703948765",
            "propagating_vgws": [],
            "route": [
              {
                "carrier_gateway_id": "",
                "cidr_block": "0.0.0.0/0",
                "core_network_arn": "",
                "destination_prefix_list_id": "",
                "egress_only_gateway_id": "",
                "gateway_id": "igw-0076b9a5d37b22e42",
                "ipv6_cidr_block": "",
                "local_gateway_id": "",
                "nat_gateway_id": "",
                "network_interface_id": "",
                "transit_gateway_id": "",
                "vpc_endpoint_id": "",
                "vpc_peering_connection_id": ""
              }
            ],
            "tags": {
              "Name": "ecs-fargate-public-rt"
            },
            "tags_all": {
              "CostCenter": "10001",
              "Environment": "Dev",
              "Name": "ecs-fargate-public-rt",
              "Owner": "Sravan",
              "Project": "It_Support_System"
            },
            "timeouts": null,
            "vpc_id": "vpc-0be4aa3e63777d83a"
          },
          "sensitive_attributes": [],
          "identity_schema_version": 0,
          "private": "eyJlMmJmYjczMC1lY2FhLTExZTYtOGY4OC0zNDM2M2JjN2M0YzAiOnsiY3JlYXRlIjozMDAwMDAwMDAwMDAsImRlbGV0ZSI6MzAwMDAwMDAwMDAwLCJ1cGRhdGUiOjEyMDAwMDAwMDAwMH19",
          "dependencies": [
            "aws_internet_gateway.gw",
            "aws_vpc.main"
          ]
        }
      ]
    },
    {
      "mode": "managed",
      "type": "aws_route_table_association",
      "name": "private_1",
      "provider": "provider[\"registry.terraform.io/hashicorp/aws\"]",
      "instances": [
        {
          "schema_version": 0,
          "attributes": {
            "gateway_id": "",
            "id": "rtbassoc-028c91f5ef0f2fba2",
            "route_table_id": "rtb-053ca4075fcf2bda7",
            "subnet_id": "subnet-0469a02836b236858",
            "timeouts": null
          },
          "sensitive_attributes": [],
          "identity_schema_version": 0,
          "private": "eyJlMmJmYjczMC1lY2FhLTExZTYtOGY4OC0zNDM2M2JjN2M0YzAiOnsiY3JlYXRlIjozMDAwMDAwMDAwMDAsImRlbGV0ZSI6MzAwMDAwMDAwMDAwLCJ1cGRhdGUiOjEyMDAwMDAwMDAwMH19",
          "dependencies": [
            "aws_eip.nat",
            "aws_internet_gateway.gw",
            "aws_nat_gateway.nat",
            "aws_route_table.private",
            "aws_subnet.private_1",
            "aws_subnet.public_1",
            "aws_vpc.main"
          ]
        }
      ]
    },
    {
      "mode": "managed",
      "type": "aws_route_table_association",
      "name": "private_2",
      "provider": "provider[\"registry.terraform.io/hashicorp/aws\"]",
      "instances": [
        {
          "schema_version": 0,
          "attributes": {
            "gateway_id": "",
            "id": "rtbassoc-03dbff13cb89e95de",
            "route_table_id": "rtb-053ca4075fcf2bda7",
            "subnet_id": "subnet-0db8423c592dd847b",
            "timeouts": null
          },
          "sensitive_attributes": [],
          "identity_schema_version": 0,
          "private": "eyJlMmJmYjczMC1lY2FhLTExZTYtOGY4OC0zNDM2M2JjN2M0YzAiOnsiY3JlYXRlIjozMDAwMDAwMDAwMDAsImRlbGV0ZSI6MzAwMDAwMDAwMDAwLCJ1cGRhdGUiOjEyMDAwMDAwMDAwMH19",
          "dependencies": [
            "aws_eip.nat",
            "aws_internet_gateway.gw",
            "aws_nat_gateway.nat",
            "aws_route_table.private",
            "aws_subnet.private_2",
            "aws_subnet.public_1",
            "aws_vpc.main"
          ]
        }
      ]
    },
    {
      "mode": "managed",
      "type": "aws_route_table_association",
      "name": "public_1",
      "provider": "provider[\"registry.terraform.io/hashicorp/aws\"]",
      "instances": [
        {
          "schema_version": 0,
          "attributes": {
            "gateway_id": "",
            "id": "rtbassoc-0cf6039725b7c95a5",
            "route_table_id": "rtb-05ffa1130f5772ffd",
            "subnet_id": "subnet-07f80e2dac53ea21a",
            "timeouts": null
          },
          "sensitive_attributes": [],
          "identity_schema_version": 0,
          "private": "eyJlMmJmYjczMC1lY2FhLTExZTYtOGY4OC0zNDM2M2JjN2M0YzAiOnsiY3JlYXRlIjozMDAwMDAwMDAwMDAsImRlbGV0ZSI6MzAwMDAwMDAwMDAwLCJ1cGRhdGUiOjEyMDAwMDAwMDAwMH19",
          "dependencies": [
            "aws_internet_gateway.gw",
            "aws_route_table.public",
            "aws_subnet.public_1",
            "aws_vpc.main"
          ]
        }
      ]
    },
    {
      "mode": "managed",
      "type": "aws_route_table_association",
      "name": "public_2",
      "provider": "provider[\"registry.terraform.io/hashicorp/aws\"]",
      "instances": [
        {
          "schema_version": 0,
          "attributes": {
            "gateway_id": "",
            "id": "rtbassoc-09fad553a7976aeea",
            "route_table_id": "rtb-05ffa1130f5772ffd",
            "subnet_id": "subnet-01a5e54f9b91a0e1f",
            "timeouts": null
          },
          "sensitive_attributes": [],
          "identity_schema_version": 0,
          "private": "eyJlMmJmYjczMC1lY2FhLTExZTYtOGY4OC0zNDM2M2JjN2M0YzAiOnsiY3JlYXRlIjozMDAwMDAwMDAwMDAsImRlbGV0ZSI6MzAwMDAwMDAwMDAwLCJ1cGRhdGUiOjEyMDAwMDAwMDAwMH19",
          "dependencies": [
            "aws_internet_gateway.gw",
            "aws_route_table.public",
            "aws_subnet.public_2",
            "aws_vpc.main"
          ]
        }
      ]
    },
    {
      "mode": "managed",
      "type": "aws_s3_bucket",
      "name": "attachments_bucket",
      "provider": "provider[\"registry.terraform.io/hashicorp/aws\"]",
      "instances": [
        {
          "schema_version": 0,
          "attributes": {
            "acceleration_status": "",
            "acl": null,
            "arn": "arn:aws:s3:::ticketdesk-attachments-20260810070528309500000003",
            "bucket": "ticketdesk-attachments-20260810070528309500000003",
            "bucket_domain_name": "ticketdesk-attachments-20260810070528309500000003.s3.amazonaws.com",
            "bucket_prefix": "ticketdesk-attachments-",
            "bucket_regional_domain_name": "ticketdesk-attachments-20260810070528309500000003.s3.ap-south-2.amazonaws.com",
            "cors_rule": [],
            "force_destroy": true,
            "grant": [
              {
                "id": "ef0ec26c579004f7108760632b972d101aa17356ee7f80d233890ddcf875dd28",
                "permissions": [
                  "FULL_CONTROL"
                ],
                "type": "CanonicalUser",
                "uri": ""
              }
            ],
            "hosted_zone_id": "Z02976202B4EZMXIPMXF7",
            "id": "ticketdesk-attachments-20260810070528309500000003",
            "lifecycle_rule": [],
            "logging": [],
            "object_lock_configuration": [],
            "object_lock_enabled": false,
            "policy": "",
            "region": "ap-south-2",
            "replication_configuration": [],
            "request_payer": "BucketOwner",
            "server_side_encryption_configuration": [
              {
                "rule": [
                  {
                    "apply_server_side_encryption_by_default": [
                      {
                        "kms_master_key_id": "",
                        "sse_algorithm": "AES256"
                      }
                    ],
                    "bucket_key_enabled": false
                  }
                ]
              }
            ],
            "tags": {},
            "tags_all": {
              "CostCenter": "10001",
              "Environment": "Dev",
              "Owner": "Sravan",
              "Project": "It_Support_System"
            },
            "timeouts": null,
            "versioning": [
              {
                "enabled": false,
                "mfa_delete": false
              }
            ],
            "website": [],
            "website_domain": null,
            "website_endpoint": null
          },
          "sensitive_attributes": [],
          "identity_schema_version": 0,
          "private": "eyJlMmJmYjczMC1lY2FhLTExZTYtOGY4OC0zNDM2M2JjN2M0YzAiOnsiY3JlYXRlIjoxMjAwMDAwMDAwMDAwLCJkZWxldGUiOjM2MDAwMDAwMDAwMDAsInJlYWQiOjEyMDAwMDAwMDAwMDAsInVwZGF0ZSI6MTIwMDAwMDAwMDAwMH19"
        }
      ]
    },
    {
      "mode": "managed",
      "type": "aws_s3_bucket",
      "name": "frontend_bucket",
      "provider": "provider[\"registry.terraform.io/hashicorp/aws\"]",
      "instances": [
        {
          "schema_version": 0,
          "attributes": {
            "acceleration_status": "",
            "acl": null,
            "arn": "arn:aws:s3:::ticketdesk-ui-frontend-20260810070528540800000004",
            "bucket": "ticketdesk-ui-frontend-20260810070528540800000004",
            "bucket_domain_name": "ticketdesk-ui-frontend-20260810070528540800000004.s3.amazonaws.com",
            "bucket_prefix": "ticketdesk-ui-frontend-",
            "bucket_regional_domain_name": "ticketdesk-ui-frontend-20260810070528540800000004.s3.ap-south-2.amazonaws.com",
            "cors_rule": [],
            "force_destroy": true,
            "grant": [
              {
                "id": "ef0ec26c579004f7108760632b972d101aa17356ee7f80d233890ddcf875dd28",
                "permissions": [
                  "FULL_CONTROL"
                ],
                "type": "CanonicalUser",
                "uri": ""
              }
            ],
            "hosted_zone_id": "Z02976202B4EZMXIPMXF7",
            "id": "ticketdesk-ui-frontend-20260810070528540800000004",
            "lifecycle_rule": [],
            "logging": [],
            "object_lock_configuration": [],
            "object_lock_enabled": false,
            "policy": "{\"Statement\":[{\"Action\":\"s3:GetObject\",\"Effect\":\"Allow\",\"Principal\":\"*\",\"Resource\":\"arn:aws:s3:::ticketdesk-ui-frontend-20260810070528540800000004/*\",\"Sid\":\"PublicReadGetObject\"}],\"Version\":\"2012-10-17\"}",
            "region": "ap-south-2",
            "replication_configuration": [],
            "request_payer": "BucketOwner",
            "server_side_encryption_configuration": [
              {
                "rule": [
                  {
                    "apply_server_side_encryption_by_default": [
                      {
                        "kms_master_key_id": "",
                        "sse_algorithm": "AES256"
                      }
                    ],
                    "bucket_key_enabled": false
                  }
                ]
              }
            ],
            "tags": {},
            "tags_all": {
              "CostCenter": "10001",
              "Environment": "Dev",
              "Owner": "Sravan",
              "Project": "It_Support_System"
            },
            "timeouts": null,
            "versioning": [
              {
                "enabled": false,
                "mfa_delete": false
              }
            ],
            "website": [
              {
                "error_document": "index.html",
                "index_document": "index.html",
                "redirect_all_requests_to": "",
                "routing_rules": ""
              }
            ],
            "website_domain": "s3-website.ap-south-2.amazonaws.com",
            "website_endpoint": "ticketdesk-ui-frontend-20260810070528540800000004.s3-website.ap-south-2.amazonaws.com"
          },
          "sensitive_attributes": [],
          "identity_schema_version": 0,
          "private": "eyJlMmJmYjczMC1lY2FhLTExZTYtOGY4OC0zNDM2M2JjN2M0YzAiOnsiY3JlYXRlIjoxMjAwMDAwMDAwMDAwLCJkZWxldGUiOjM2MDAwMDAwMDAwMDAsInJlYWQiOjEyMDAwMDAwMDAwMDAsInVwZGF0ZSI6MTIwMDAwMDAwMDAwMH19"
        }
      ]
    },
    {
      "mode": "managed",
      "type": "aws_s3_bucket_notification",
      "name": "bucket_notification",
      "provider": "provider[\"registry.terraform.io/hashicorp/aws\"]",
      "instances": [
        {
          "schema_version": 0,
          "attributes": {
            "bucket": "ticketdesk-attachments-20260810070528309500000003",
            "eventbridge": false,
            "id": "ticketdesk-attachments-20260810070528309500000003",
            "lambda_function": [
              {
                "events": [
                  "s3:ObjectCreated:*"
                ],
                "filter_prefix": "uploads/",
                "filter_suffix": "",
                "id": "tf-s3-lambda-2026081007054152610000000a",
                "lambda_function_arn": "arn:aws:lambda:ap-south-2:186703948765:function:ticketdesk-thumbnail-generator"
              }
            ],
            "queue": [],
            "topic": []
          },
          "sensitive_attributes": [],
          "identity_schema_version": 0,
          "private": "bnVsbA==",
          "dependencies": [
            "aws_iam_role.lambda_role",
            "aws_lambda_function.thumbnail",
            "aws_lambda_permission.allow_s3",
            "aws_s3_bucket.attachments_bucket",
            "data.archive_file.lambda_zip"
          ]
        }
      ]
    },
    {
      "mode": "managed",
      "type": "aws_s3_bucket_policy",
      "name": "frontend_policy",
      "provider": "provider[\"registry.terraform.io/hashicorp/aws\"]",
      "instances": [
        {
          "schema_version": 0,
          "attributes": {
            "bucket": "ticketdesk-ui-frontend-20260810070528540800000004",
            "id": "ticketdesk-ui-frontend-20260810070528540800000004",
            "policy": "{\"Statement\":[{\"Action\":\"s3:GetObject\",\"Effect\":\"Allow\",\"Principal\":\"*\",\"Resource\":\"arn:aws:s3:::ticketdesk-ui-frontend-20260810070528540800000004/*\",\"Sid\":\"PublicReadGetObject\"}],\"Version\":\"2012-10-17\"}"
          },
          "sensitive_attributes": [],
          "identity_schema_version": 0,
          "private": "bnVsbA==",
          "dependencies": [
            "aws_s3_bucket.frontend_bucket",
            "aws_s3_bucket_public_access_block.frontend"
          ]
        }
      ]
    },
    {
      "mode": "managed",
      "type": "aws_s3_bucket_public_access_block",
      "name": "attachments",
      "provider": "provider[\"registry.terraform.io/hashicorp/aws\"]",
      "instances": [
        {
          "schema_version": 0,
          "attributes": {
            "block_public_acls": true,
            "block_public_policy": true,
            "bucket": "ticketdesk-attachments-20260810070528309500000003",
            "id": "ticketdesk-attachments-20260810070528309500000003",
            "ignore_public_acls": true,
            "restrict_public_buckets": true
          },
          "sensitive_attributes": [],
          "identity_schema_version": 0,
          "private": "bnVsbA==",
          "dependencies": [
            "aws_s3_bucket.attachments_bucket"
          ]
        }
      ]
    },
    {
      "mode": "managed",
      "type": "aws_s3_bucket_public_access_block",
      "name": "frontend",
      "provider": "provider[\"registry.terraform.io/hashicorp/aws\"]",
      "instances": [
        {
          "schema_version": 0,
          "attributes": {
            "block_public_acls": false,
            "block_public_policy": false,
            "bucket": "ticketdesk-ui-frontend-20260810070528540800000004",
            "id": "ticketdesk-ui-frontend-20260810070528540800000004",
            "ignore_public_acls": false,
            "restrict_public_buckets": false
          },
          "sensitive_attributes": [],
          "identity_schema_version": 0,
          "private": "bnVsbA==",
          "dependencies": [
            "aws_s3_bucket.frontend_bucket"
          ]
        }
      ]
    },
    {
      "mode": "managed",
      "type": "aws_s3_bucket_website_configuration",
      "name": "frontend",
      "provider": "provider[\"registry.terraform.io/hashicorp/aws\"]",
      "instances": [
        {
          "schema_version": 0,
          "attributes": {
            "bucket": "ticketdesk-ui-frontend-20260810070528540800000004",
            "error_document": [
              {
                "key": "index.html"
              }
            ],
            "expected_bucket_owner": "",
            "id": "ticketdesk-ui-frontend-20260810070528540800000004",
            "index_document": [
              {
                "suffix": "index.html"
              }
            ],
            "redirect_all_requests_to": [],
            "routing_rule": [],
            "routing_rules": "",
            "website_domain": "s3-website.ap-south-2.amazonaws.com",
            "website_endpoint": "ticketdesk-ui-frontend-20260810070528540800000004.s3-website.ap-south-2.amazonaws.com"
          },
          "sensitive_attributes": [],
          "identity_schema_version": 0,
          "private": "bnVsbA==",
          "dependencies": [
            "aws_s3_bucket.frontend_bucket"
          ]
        }
      ]
    },
    {
      "mode": "managed",
      "type": "aws_secretsmanager_secret",
      "name": "db_password",
      "provider": "provider[\"registry.terraform.io/hashicorp/aws\"]",
      "instances": [
        {
          "schema_version": 0,
          "attributes": {
            "arn": "arn:aws:secretsmanager:ap-south-2:186703948765:secret:ecs-fargate-db-password-20260810070527366000000001-FnXJLb",
            "description": "",
            "force_overwrite_replica_secret": false,
            "id": "arn:aws:secretsmanager:ap-south-2:186703948765:secret:ecs-fargate-db-password-20260810070527366000000001-FnXJLb",
            "kms_key_id": "",
            "name": "ecs-fargate-db-password-20260810070527366000000001",
            "name_prefix": "ecs-fargate-db-password-",
            "policy": "",
            "recovery_window_in_days": 0,
            "replica": [],
            "tags": {},
            "tags_all": {
              "CostCenter": "10001",
              "Environment": "Dev",
              "Owner": "Sravan",
              "Project": "It_Support_System"
            }
          },
          "sensitive_attributes": [],
          "identity_schema_version": 0,
          "private": "bnVsbA=="
        }
      ]
    },
    {
      "mode": "managed",
      "type": "aws_secretsmanager_secret_version",
      "name": "db_password_val",
      "provider": "provider[\"registry.terraform.io/hashicorp/aws\"]",
      "instances": [
        {
          "schema_version": 0,
          "attributes": {
            "arn": "arn:aws:secretsmanager:ap-south-2:186703948765:secret:ecs-fargate-db-password-20260810070527366000000001-FnXJLb",
            "has_secret_string_wo": null,
            "id": "arn:aws:secretsmanager:ap-south-2:186703948765:secret:ecs-fargate-db-password-20260810070527366000000001-FnXJLb|terraform-20260810070529223000000006",
            "secret_binary": "",
            "secret_id": "arn:aws:secretsmanager:ap-south-2:186703948765:secret:ecs-fargate-db-password-20260810070527366000000001-FnXJLb",
            "secret_string": "wGznKRDqyaN9kQUB",
            "secret_string_wo": null,
            "secret_string_wo_version": null,
            "version_id": "terraform-20260810070529223000000006",
            "version_stages": [
              "AWSCURRENT"
            ]
          },
          "sensitive_attributes": [
            [
              {
                "type": "get_attr",
                "value": "secret_binary"
              }
            ],
            [
              {
                "type": "get_attr",
                "value": "secret_string"
              }
            ],
            [
              {
                "type": "get_attr",
                "value": "secret_string_wo"
              }
            ]
          ],
          "identity_schema_version": 0,
          "private": "bnVsbA==",
          "dependencies": [
            "aws_secretsmanager_secret.db_password",
            "random_password.db_password"
          ]
        }
      ]
    },
    {
      "mode": "managed",
      "type": "aws_security_group",
      "name": "alb",
      "provider": "provider[\"registry.terraform.io/hashicorp/aws\"]",
      "instances": [
        {
          "schema_version": 1,
          "attributes": {
            "arn": "arn:aws:ec2:ap-south-2:186703948765:security-group/sg-0127ea60337dc761e",
            "description": "Access to the load balancer from the internet",
            "egress": [
              {
                "cidr_blocks": [
                  "0.0.0.0/0"
                ],
                "description": "",
                "from_port": 0,
                "ipv6_cidr_blocks": [],
                "prefix_list_ids": [],
                "protocol": "-1",
                "security_groups": [],
                "self": false,
                "to_port": 0
              }
            ],
            "id": "sg-0127ea60337dc761e",
            "ingress": [
              {
                "cidr_blocks": [
                  "0.0.0.0/0"
                ],
                "description": "",
                "from_port": 80,
                "ipv6_cidr_blocks": [],
                "prefix_list_ids": [],
                "protocol": "tcp",
                "security_groups": [],
                "self": false,
                "to_port": 80
              },
              {
                "cidr_blocks": [
                  "0.0.0.0/0"
                ],
                "description": "",
                "from_port": 8761,
                "ipv6_cidr_blocks": [],
                "prefix_list_ids": [],
                "protocol": "tcp",
                "security_groups": [],
                "self": false,
                "to_port": 8761
              },
              {
                "cidr_blocks": [
                  "0.0.0.0/0"
                ],
                "description": "",
                "from_port": 8888,
                "ipv6_cidr_blocks": [],
                "prefix_list_ids": [],
                "protocol": "tcp",
                "security_groups": [],
                "self": false,
                "to_port": 8888
              }
            ],
            "name": "ecs-fargate-alb-sg-2026081007054265750000000f",
            "name_prefix": "ecs-fargate-alb-sg-",
            "owner_id": "186703948765",
            "revoke_rules_on_delete": false,
            "tags": {
              "Name": "ecs-fargate-alb-sg"
            },
            "tags_all": {
              "CostCenter": "10001",
              "Environment": "Dev",
              "Name": "ecs-fargate-alb-sg",
              "Owner": "Sravan",
              "Project": "It_Support_System"
            },
            "timeouts": null,
            "vpc_id": "vpc-0be4aa3e63777d83a"
          },
          "sensitive_attributes": [],
          "identity_schema_version": 0,
          "private": "eyJlMmJmYjczMC1lY2FhLTExZTYtOGY4OC0zNDM2M2JjN2M0YzAiOnsiY3JlYXRlIjo2MDAwMDAwMDAwMDAsImRlbGV0ZSI6OTAwMDAwMDAwMDAwfSwic2NoZW1hX3ZlcnNpb24iOiIxIn0=",
          "dependencies": [
            "aws_vpc.main"
          ]
        }
      ]
    },
    {
      "mode": "managed",
      "type": "aws_security_group",
      "name": "db_sg",
      "provider": "provider[\"registry.terraform.io/hashicorp/aws\"]",
      "instances": [
        {
          "schema_version": 1,
          "attributes": {
            "arn": "arn:aws:ec2:ap-south-2:186703948765:security-group/sg-041c2a3f0eac45d72",
            "description": "Managed by Terraform",
            "egress": [
              {
                "cidr_blocks": [
                  "0.0.0.0/0"
                ],
                "description": "",
                "from_port": 0,
                "ipv6_cidr_blocks": [],
                "prefix_list_ids": [],
                "protocol": "-1",
                "security_groups": [],
                "self": false,
                "to_port": 0
              }
            ],
            "id": "sg-041c2a3f0eac45d72",
            "ingress": [
              {
                "cidr_blocks": [],
                "description": "",
                "from_port": 3306,
                "ipv6_cidr_blocks": [],
                "prefix_list_ids": [],
                "protocol": "tcp",
                "security_groups": [
                  "sg-0ca2a70583f36632d"
                ],
                "self": false,
                "to_port": 3306
              }
            ],
            "name": "ecs-fargate-db-sg-20260810070551172600000012",
            "name_prefix": "ecs-fargate-db-sg-",
            "owner_id": "186703948765",
            "revoke_rules_on_delete": false,
            "tags": {
              "Name": "ecs-fargate-db-sg"
            },
            "tags_all": {
              "CostCenter": "10001",
              "Environment": "Dev",
              "Name": "ecs-fargate-db-sg",
              "Owner": "Sravan",
              "Project": "It_Support_System"
            },
            "timeouts": null,
            "vpc_id": "vpc-0be4aa3e63777d83a"
          },
          "sensitive_attributes": [],
          "identity_schema_version": 0,
          "private": "eyJlMmJmYjczMC1lY2FhLTExZTYtOGY4OC0zNDM2M2JjN2M0YzAiOnsiY3JlYXRlIjo2MDAwMDAwMDAwMDAsImRlbGV0ZSI6OTAwMDAwMDAwMDAwfSwic2NoZW1hX3ZlcnNpb24iOiIxIn0=",
          "dependencies": [
            "aws_security_group.alb",
            "aws_security_group.ecs_tasks",
            "aws_vpc.main"
          ]
        }
      ]
    },
    {
      "mode": "managed",
      "type": "aws_security_group",
      "name": "ecs_tasks",
      "provider": "provider[\"registry.terraform.io/hashicorp/aws\"]",
      "instances": [
        {
          "schema_version": 1,
          "attributes": {
            "arn": "arn:aws:ec2:ap-south-2:186703948765:security-group/sg-0ca2a70583f36632d",
            "description": "Access to the ECS tasks from the ALB only",
            "egress": [
              {
                "cidr_blocks": [
                  "0.0.0.0/0"
                ],
                "description": "",
                "from_port": 0,
                "ipv6_cidr_blocks": [],
                "prefix_list_ids": [],
                "protocol": "-1",
                "security_groups": [],
                "self": false,
                "to_port": 0
              }
            ],
            "id": "sg-0ca2a70583f36632d",
            "ingress": [
              {
                "cidr_blocks": [],
                "description": "",
                "from_port": 0,
                "ipv6_cidr_blocks": [],
                "prefix_list_ids": [],
                "protocol": "-1",
                "security_groups": [],
                "self": true,
                "to_port": 0
              },
              {
                "cidr_blocks": [],
                "description": "",
                "from_port": 0,
                "ipv6_cidr_blocks": [],
                "prefix_list_ids": [],
                "protocol": "tcp",
                "security_groups": [
                  "sg-0127ea60337dc761e"
                ],
                "self": false,
                "to_port": 65535
              }
            ],
            "name": "ecs-fargate-tasks-sg-20260810070547275600000011",
            "name_prefix": "ecs-fargate-tasks-sg-",
            "owner_id": "186703948765",
            "revoke_rules_on_delete": false,
            "tags": {
              "Name": "ecs-fargate-tasks-sg"
            },
            "tags_all": {
              "CostCenter": "10001",
              "Environment": "Dev",
              "Name": "ecs-fargate-tasks-sg",
              "Owner": "Sravan",
              "Project": "It_Support_System"
            },
            "timeouts": null,
            "vpc_id": "vpc-0be4aa3e63777d83a"
          },
          "sensitive_attributes": [],
          "identity_schema_version": 0,
          "private": "eyJlMmJmYjczMC1lY2FhLTExZTYtOGY4OC0zNDM2M2JjN2M0YzAiOnsiY3JlYXRlIjo2MDAwMDAwMDAwMDAsImRlbGV0ZSI6OTAwMDAwMDAwMDAwfSwic2NoZW1hX3ZlcnNpb24iOiIxIn0=",
          "dependencies": [
            "aws_security_group.alb",
            "aws_vpc.main"
          ]
        }
      ]
    },
    {
      "mode": "managed",
      "type": "aws_service_discovery_private_dns_namespace",
      "name": "main",
      "provider": "provider[\"registry.terraform.io/hashicorp/aws\"]",
      "instances": [
        {
          "schema_version": 0,
          "attributes": {
            "arn": "arn:aws:servicediscovery:ap-south-2:186703948765:namespace/ns-bmy3532d5wn4ymzo",
            "description": "Internal service discovery namespace",
            "hosted_zone": "Z0959496W1G8M7Y85P4J",
            "id": "ns-bmy3532d5wn4ymzo",
            "name": "it-support.local",
            "tags": {},
            "tags_all": {
              "CostCenter": "10001",
              "Environment": "Dev",
              "Owner": "Sravan",
              "Project": "It_Support_System"
            },
            "vpc": "vpc-0be4aa3e63777d83a"
          },
          "sensitive_attributes": [],
          "identity_schema_version": 0,
          "private": "bnVsbA==",
          "dependencies": [
            "aws_vpc.main"
          ]
        }
      ]
    },
    {
      "mode": "managed",
      "type": "aws_service_discovery_service",
      "name": "api_gateway",
      "provider": "provider[\"registry.terraform.io/hashicorp/aws\"]",
      "instances": [
        {
          "schema_version": 0,
          "attributes": {
            "arn": "arn:aws:servicediscovery:ap-south-2:186703948765:service/srv-3q23hgg3dankvh6s",
            "description": "",
            "dns_config": [
              {
                "dns_records": [
                  {
                    "ttl": 10,
                    "type": "A"
                  }
                ],
                "namespace_id": "ns-bmy3532d5wn4ymzo",
                "routing_policy": "MULTIVALUE"
              }
            ],
            "force_destroy": false,
            "health_check_config": [],
            "health_check_custom_config": [],
            "id": "srv-3q23hgg3dankvh6s",
            "name": "api-gateway",
            "namespace_id": "ns-bmy3532d5wn4ymzo",
            "tags": {},
            "tags_all": {
              "CostCenter": "10001",
              "Environment": "Dev",
              "Owner": "Sravan",
              "Project": "It_Support_System"
            },
            "type": "DNS_HTTP"
          },
          "sensitive_attributes": [],
          "identity_schema_version": 0,
          "private": "bnVsbA==",
          "dependencies": [
            "aws_service_discovery_private_dns_namespace.main",
            "aws_vpc.main"
          ]
        }
      ]
    },
    {
      "mode": "managed",
      "type": "aws_service_discovery_service",
      "name": "attachment",
      "provider": "provider[\"registry.terraform.io/hashicorp/aws\"]",
      "instances": [
        {
          "schema_version": 0,
          "attributes": {
            "arn": "arn:aws:servicediscovery:ap-south-2:186703948765:service/srv-xmkfezldvh6lfuyh",
            "description": "",
            "dns_config": [
              {
                "dns_records": [
                  {
                    "ttl": 10,
                    "type": "A"
                  }
                ],
                "namespace_id": "ns-bmy3532d5wn4ymzo",
                "routing_policy": "MULTIVALUE"
              }
            ],
            "force_destroy": false,
            "health_check_config": [],
            "health_check_custom_config": [],
            "id": "srv-xmkfezldvh6lfuyh",
            "name": "attachment-service",
            "namespace_id": "ns-bmy3532d5wn4ymzo",
            "tags": {},
            "tags_all": {
              "CostCenter": "10001",
              "Environment": "Dev",
              "Owner": "Sravan",
              "Project": "It_Support_System"
            },
            "type": "DNS_HTTP"
          },
          "sensitive_attributes": [],
          "identity_schema_version": 0,
          "private": "bnVsbA==",
          "dependencies": [
            "aws_service_discovery_private_dns_namespace.main",
            "aws_vpc.main"
          ]
        }
      ]
    },
    {
      "mode": "managed",
      "type": "aws_service_discovery_service",
      "name": "auth_service",
      "provider": "provider[\"registry.terraform.io/hashicorp/aws\"]",
      "instances": [
        {
          "schema_version": 0,
          "attributes": {
            "arn": "arn:aws:servicediscovery:ap-south-2:186703948765:service/srv-fx5adw33rfbyutzu",
            "description": "",
            "dns_config": [
              {
                "dns_records": [
                  {
                    "ttl": 10,
                    "type": "A"
                  }
                ],
                "namespace_id": "ns-bmy3532d5wn4ymzo",
                "routing_policy": "MULTIVALUE"
              }
            ],
            "force_destroy": false,
            "health_check_config": [],
            "health_check_custom_config": [],
            "id": "srv-fx5adw33rfbyutzu",
            "name": "auth-service",
            "namespace_id": "ns-bmy3532d5wn4ymzo",
            "tags": {},
            "tags_all": {
              "CostCenter": "10001",
              "Environment": "Dev",
              "Owner": "Sravan",
              "Project": "It_Support_System"
            },
            "type": "DNS_HTTP"
          },
          "sensitive_attributes": [],
          "identity_schema_version": 0,
          "private": "bnVsbA==",
          "dependencies": [
            "aws_service_discovery_private_dns_namespace.main",
            "aws_vpc.main"
          ]
        }
      ]
    },
    {
      "mode": "managed",
      "type": "aws_service_discovery_service",
      "name": "config_server",
      "provider": "provider[\"registry.terraform.io/hashicorp/aws\"]",
      "instances": [
        {
          "schema_version": 0,
          "attributes": {
            "arn": "arn:aws:servicediscovery:ap-south-2:186703948765:service/srv-sotniw5ny2uo6tsl",
            "description": "",
            "dns_config": [
              {
                "dns_records": [
                  {
                    "ttl": 10,
                    "type": "A"
                  }
                ],
                "namespace_id": "ns-bmy3532d5wn4ymzo",
                "routing_policy": "MULTIVALUE"
              }
            ],
            "force_destroy": false,
            "health_check_config": [],
            "health_check_custom_config": [],
            "id": "srv-sotniw5ny2uo6tsl",
            "name": "config-server",
            "namespace_id": "ns-bmy3532d5wn4ymzo",
            "tags": {},
            "tags_all": {
              "CostCenter": "10001",
              "Environment": "Dev",
              "Owner": "Sravan",
              "Project": "It_Support_System"
            },
            "type": "DNS_HTTP"
          },
          "sensitive_attributes": [],
          "identity_schema_version": 0,
          "private": "bnVsbA==",
          "dependencies": [
            "aws_service_discovery_private_dns_namespace.main",
            "aws_vpc.main"
          ]
        }
      ]
    },
    {
      "mode": "managed",
      "type": "aws_service_discovery_service",
      "name": "discovery_server",
      "provider": "provider[\"registry.terraform.io/hashicorp/aws\"]",
      "instances": [
        {
          "schema_version": 0,
          "attributes": {
            "arn": "arn:aws:servicediscovery:ap-south-2:186703948765:service/srv-w7746q4l5u4b4mpe",
            "description": "",
            "dns_config": [
              {
                "dns_records": [
                  {
                    "ttl": 10,
                    "type": "A"
                  }
                ],
                "namespace_id": "ns-bmy3532d5wn4ymzo",
                "routing_policy": "MULTIVALUE"
              }
            ],
            "force_destroy": false,
            "health_check_config": [],
            "health_check_custom_config": [],
            "id": "srv-w7746q4l5u4b4mpe",
            "name": "discovery-server",
            "namespace_id": "ns-bmy3532d5wn4ymzo",
            "tags": {},
            "tags_all": {
              "CostCenter": "10001",
              "Environment": "Dev",
              "Owner": "Sravan",
              "Project": "It_Support_System"
            },
            "type": "DNS_HTTP"
          },
          "sensitive_attributes": [],
          "identity_schema_version": 0,
          "private": "bnVsbA==",
          "dependencies": [
            "aws_service_discovery_private_dns_namespace.main",
            "aws_vpc.main"
          ]
        }
      ]
    },
    {
      "mode": "managed",
      "type": "aws_service_discovery_service",
      "name": "notification",
      "provider": "provider[\"registry.terraform.io/hashicorp/aws\"]",
      "instances": [
        {
          "schema_version": 0,
          "attributes": {
            "arn": "arn:aws:servicediscovery:ap-south-2:186703948765:service/srv-qcjr33vk4qz54x3e",
            "description": "",
            "dns_config": [
              {
                "dns_records": [
                  {
                    "ttl": 10,
                    "type": "A"
                  }
                ],
                "namespace_id": "ns-bmy3532d5wn4ymzo",
                "routing_policy": "MULTIVALUE"
              }
            ],
            "force_destroy": false,
            "health_check_config": [],
            "health_check_custom_config": [],
            "id": "srv-qcjr33vk4qz54x3e",
            "name": "notification-service",
            "namespace_id": "ns-bmy3532d5wn4ymzo",
            "tags": {},
            "tags_all": {
              "CostCenter": "10001",
              "Environment": "Dev",
              "Owner": "Sravan",
              "Project": "It_Support_System"
            },
            "type": "DNS_HTTP"
          },
          "sensitive_attributes": [],
          "identity_schema_version": 0,
          "private": "bnVsbA==",
          "dependencies": [
            "aws_service_discovery_private_dns_namespace.main",
            "aws_vpc.main"
          ]
        }
      ]
    },
    {
      "mode": "managed",
      "type": "aws_service_discovery_service",
      "name": "ticket",
      "provider": "provider[\"registry.terraform.io/hashicorp/aws\"]",
      "instances": [
        {
          "schema_version": 0,
          "attributes": {
            "arn": "arn:aws:servicediscovery:ap-south-2:186703948765:service/srv-oluoqqwrymryuixb",
            "description": "",
            "dns_config": [
              {
                "dns_records": [
                  {
                    "ttl": 10,
                    "type": "A"
                  }
                ],
                "namespace_id": "ns-bmy3532d5wn4ymzo",
                "routing_policy": "MULTIVALUE"
              }
            ],
            "force_destroy": false,
            "health_check_config": [],
            "health_check_custom_config": [],
            "id": "srv-oluoqqwrymryuixb",
            "name": "ticket-service",
            "namespace_id": "ns-bmy3532d5wn4ymzo",
            "tags": {},
            "tags_all": {
              "CostCenter": "10001",
              "Environment": "Dev",
              "Owner": "Sravan",
              "Project": "It_Support_System"
            },
            "type": "DNS_HTTP"
          },
          "sensitive_attributes": [],
          "identity_schema_version": 0,
          "private": "bnVsbA==",
          "dependencies": [
            "aws_service_discovery_private_dns_namespace.main",
            "aws_vpc.main"
          ]
        }
      ]
    },
    {
      "mode": "managed",
      "type": "aws_sns_topic",
      "name": "alerts",
      "provider": "provider[\"registry.terraform.io/hashicorp/aws\"]",
      "instances": [
        {
          "schema_version": 0,
          "attributes": {
            "application_failure_feedback_role_arn": "",
            "application_success_feedback_role_arn": "",
            "application_success_feedback_sample_rate": 0,
            "archive_policy": "",
            "arn": "arn:aws:sns:ap-south-2:186703948765:cloudwatch-alerts-topic",
            "beginning_archive_time": "",
            "content_based_deduplication": false,
            "delivery_policy": "",
            "display_name": "",
            "fifo_throughput_scope": "",
            "fifo_topic": false,
            "firehose_failure_feedback_role_arn": "",
            "firehose_success_feedback_role_arn": "",
            "firehose_success_feedback_sample_rate": 0,
            "http_failure_feedback_role_arn": "",
            "http_success_feedback_role_arn": "",
            "http_success_feedback_sample_rate": 0,
            "id": "arn:aws:sns:ap-south-2:186703948765:cloudwatch-alerts-topic",
            "kms_master_key_id": "",
            "lambda_failure_feedback_role_arn": "",
            "lambda_success_feedback_role_arn": "",
            "lambda_success_feedback_sample_rate": 0,
            "name": "cloudwatch-alerts-topic",
            "name_prefix": "",
            "owner": "186703948765",
            "policy": "{\"Id\":\"__default_policy_ID\",\"Statement\":[{\"Action\":[\"SNS:GetTopicAttributes\",\"SNS:SetTopicAttributes\",\"SNS:AddPermission\",\"SNS:RemovePermission\",\"SNS:DeleteTopic\",\"SNS:Subscribe\",\"SNS:ListSubscriptionsByTopic\",\"SNS:Publish\"],\"Condition\":{\"StringEquals\":{\"AWS:SourceOwner\":\"186703948765\"}},\"Effect\":\"Allow\",\"Principal\":{\"AWS\":\"*\"},\"Resource\":\"arn:aws:sns:ap-south-2:186703948765:cloudwatch-alerts-topic\",\"Sid\":\"__default_statement_ID\"}],\"Version\":\"2008-10-17\"}",
            "signature_version": 0,
            "sqs_failure_feedback_role_arn": "",
            "sqs_success_feedback_role_arn": "",
            "sqs_success_feedback_sample_rate": 0,
            "tags": {},
            "tags_all": {
              "CostCenter": "10001",
              "Environment": "Dev",
              "Owner": "Sravan",
              "Project": "It_Support_System"
            },
            "tracing_config": ""
          },
          "sensitive_attributes": [],
          "identity_schema_version": 0,
          "private": "bnVsbA=="
        }
      ]
    },
    {
      "mode": "managed",
      "type": "aws_ssm_parameter",
      "name": "db_url_attachment",
      "provider": "provider[\"registry.terraform.io/hashicorp/aws\"]",
      "instances": [
        {
          "schema_version": 0,
          "attributes": {
            "allowed_pattern": "",
            "arn": "arn:aws:ssm:ap-south-2:186703948765:parameter/config/attachment-service/db_url",
            "data_type": "text",
            "description": "",
            "has_value_wo": null,
            "id": "/config/attachment-service/db_url",
            "insecure_value": null,
            "key_id": "",
            "name": "/config/attachment-service/db_url",
            "overwrite": null,
            "tags": {},
            "tags_all": {
              "CostCenter": "10001",
              "Environment": "Dev",
              "Owner": "Sravan",
              "Project": "It_Support_System"
            },
            "tier": "Standard",
            "type": "String",
            "value": "jdbc:mysql://ticketdesk-db.cz0wmy2y8j2k.ap-south-2.rds.amazonaws.com:3306/ticketdesk_attachment?createDatabaseIfNotExist=true\u0026useSSL=false\u0026allowPublicKeyRetrieval=true\u0026serverTimezone=UTC",
            "value_wo": null,
            "value_wo_version": null,
            "version": 1
          },
          "sensitive_attributes": [
            [
              {
                "type": "get_attr",
                "value": "value"
              }
            ],
            [
              {
                "type": "get_attr",
                "value": "value_wo"
              }
            ]
          ],
          "identity_schema_version": 0,
          "private": "bnVsbA==",
          "dependencies": [
            "aws_db_instance.main",
            "aws_db_subnet_group.db_subnets",
            "aws_security_group.alb",
            "aws_security_group.db_sg",
            "aws_security_group.ecs_tasks",
            "aws_subnet.private_1",
            "aws_subnet.private_2",
            "aws_vpc.main",
            "random_password.db_password"
          ]
        }
      ]
    },
    {
      "mode": "managed",
      "type": "aws_ssm_parameter",
      "name": "db_url_auth",
      "provider": "provider[\"registry.terraform.io/hashicorp/aws\"]",
      "instances": [
        {
          "schema_version": 0,
          "attributes": {
            "allowed_pattern": "",
            "arn": "arn:aws:ssm:ap-south-2:186703948765:parameter/config/auth-service/db_url",
            "data_type": "text",
            "description": "",
            "has_value_wo": null,
            "id": "/config/auth-service/db_url",
            "insecure_value": null,
            "key_id": "",
            "name": "/config/auth-service/db_url",
            "overwrite": null,
            "tags": {},
            "tags_all": {
              "CostCenter": "10001",
              "Environment": "Dev",
              "Owner": "Sravan",
              "Project": "It_Support_System"
            },
            "tier": "Standard",
            "type": "String",
            "value": "jdbc:mysql://ticketdesk-db.cz0wmy2y8j2k.ap-south-2.rds.amazonaws.com:3306/ticketdesk_auth?createDatabaseIfNotExist=true\u0026useSSL=false\u0026allowPublicKeyRetrieval=true\u0026serverTimezone=UTC",
            "value_wo": null,
            "value_wo_version": null,
            "version": 1
          },
          "sensitive_attributes": [
            [
              {
                "type": "get_attr",
                "value": "value"
              }
            ],
            [
              {
                "type": "get_attr",
                "value": "value_wo"
              }
            ]
          ],
          "identity_schema_version": 0,
          "private": "bnVsbA==",
          "dependencies": [
            "aws_db_instance.main",
            "aws_db_subnet_group.db_subnets",
            "aws_security_group.alb",
            "aws_security_group.db_sg",
            "aws_security_group.ecs_tasks",
            "aws_subnet.private_1",
            "aws_subnet.private_2",
            "aws_vpc.main",
            "random_password.db_password"
          ]
        }
      ]
    },
    {
      "mode": "managed",
      "type": "aws_ssm_parameter",
      "name": "db_url_ticket",
      "provider": "provider[\"registry.terraform.io/hashicorp/aws\"]",
      "instances": [
        {
          "schema_version": 0,
          "attributes": {
            "allowed_pattern": "",
            "arn": "arn:aws:ssm:ap-south-2:186703948765:parameter/config/ticket-service/db_url",
            "data_type": "text",
            "description": "",
            "has_value_wo": null,
            "id": "/config/ticket-service/db_url",
            "insecure_value": null,
            "key_id": "",
            "name": "/config/ticket-service/db_url",
            "overwrite": null,
            "tags": {},
            "tags_all": {
              "CostCenter": "10001",
              "Environment": "Dev",
              "Owner": "Sravan",
              "Project": "It_Support_System"
            },
            "tier": "Standard",
            "type": "String",
            "value": "jdbc:mysql://ticketdesk-db.cz0wmy2y8j2k.ap-south-2.rds.amazonaws.com:3306/ticketdesk_ticket?createDatabaseIfNotExist=true\u0026useSSL=false\u0026allowPublicKeyRetrieval=true\u0026serverTimezone=UTC",
            "value_wo": null,
            "value_wo_version": null,
            "version": 1
          },
          "sensitive_attributes": [
            [
              {
                "type": "get_attr",
                "value": "value"
              }
            ],
            [
              {
                "type": "get_attr",
                "value": "value_wo"
              }
            ]
          ],
          "identity_schema_version": 0,
          "private": "bnVsbA==",
          "dependencies": [
            "aws_db_instance.main",
            "aws_db_subnet_group.db_subnets",
            "aws_security_group.alb",
            "aws_security_group.db_sg",
            "aws_security_group.ecs_tasks",
            "aws_subnet.private_1",
            "aws_subnet.private_2",
            "aws_vpc.main",
            "random_password.db_password"
          ]
        }
      ]
    },
    {
      "mode": "managed",
      "type": "aws_ssm_parameter",
      "name": "db_username",
      "provider": "provider[\"registry.terraform.io/hashicorp/aws\"]",
      "instances": [
        {
          "schema_version": 0,
          "attributes": {
            "allowed_pattern": "",
            "arn": "arn:aws:ssm:ap-south-2:186703948765:parameter/config/app/db_username",
            "data_type": "text",
            "description": "",
            "has_value_wo": null,
            "id": "/config/app/db_username",
            "insecure_value": null,
            "key_id": "",
            "name": "/config/app/db_username",
            "overwrite": null,
            "tags": {},
            "tags_all": {
              "CostCenter": "10001",
              "Environment": "Dev",
              "Owner": "Sravan",
              "Project": "It_Support_System"
            },
            "tier": "Standard",
            "type": "String",
            "value": "dbadmin",
            "value_wo": null,
            "value_wo_version": null,
            "version": 1
          },
          "sensitive_attributes": [
            [
              {
                "type": "get_attr",
                "value": "value"
              }
            ],
            [
              {
                "type": "get_attr",
                "value": "value_wo"
              }
            ]
          ],
          "identity_schema_version": 0,
          "private": "bnVsbA=="
        }
      ]
    },
    {
      "mode": "managed",
      "type": "aws_subnet",
      "name": "private_1",
      "provider": "provider[\"registry.terraform.io/hashicorp/aws\"]",
      "instances": [
        {
          "schema_version": 1,
          "attributes": {
            "arn": "arn:aws:ec2:ap-south-2:186703948765:subnet/subnet-0469a02836b236858",
            "assign_ipv6_address_on_creation": false,
            "availability_zone": "ap-south-2a",
            "availability_zone_id": "aps2-az1",
            "cidr_block": "10.0.3.0/24",
            "customer_owned_ipv4_pool": "",
            "enable_dns64": false,
            "enable_lni_at_device_index": 0,
            "enable_resource_name_dns_a_record_on_launch": false,
            "enable_resource_name_dns_aaaa_record_on_launch": false,
            "id": "subnet-0469a02836b236858",
            "ipv6_cidr_block": "",
            "ipv6_cidr_block_association_id": "",
            "ipv6_native": false,
            "map_customer_owned_ip_on_launch": false,
            "map_public_ip_on_launch": false,
            "outpost_arn": "",
            "owner_id": "186703948765",
            "private_dns_hostname_type_on_launch": "ip-name",
            "tags": {
              "Name": "ecs-fargate-private-1"
            },
            "tags_all": {
              "CostCenter": "10001",
              "Environment": "Dev",
              "Name": "ecs-fargate-private-1",
              "Owner": "Sravan",
              "Project": "It_Support_System"
            },
            "timeouts": null,
            "vpc_id": "vpc-0be4aa3e63777d83a"
          },
          "sensitive_attributes": [],
          "identity_schema_version": 0,
          "private": "eyJlMmJmYjczMC1lY2FhLTExZTYtOGY4OC0zNDM2M2JjN2M0YzAiOnsiY3JlYXRlIjo2MDAwMDAwMDAwMDAsImRlbGV0ZSI6MTIwMDAwMDAwMDAwMH0sInNjaGVtYV92ZXJzaW9uIjoiMSJ9",
          "dependencies": [
            "aws_vpc.main"
          ]
        }
      ]
    },
    {
      "mode": "managed",
      "type": "aws_subnet",
      "name": "private_2",
      "provider": "provider[\"registry.terraform.io/hashicorp/aws\"]",
      "instances": [
        {
          "schema_version": 1,
          "attributes": {
            "arn": "arn:aws:ec2:ap-south-2:186703948765:subnet/subnet-0db8423c592dd847b",
            "assign_ipv6_address_on_creation": false,
            "availability_zone": "ap-south-2b",
            "availability_zone_id": "aps2-az2",
            "cidr_block": "10.0.4.0/24",
            "customer_owned_ipv4_pool": "",
            "enable_dns64": false,
            "enable_lni_at_device_index": 0,
            "enable_resource_name_dns_a_record_on_launch": false,
            "enable_resource_name_dns_aaaa_record_on_launch": false,
            "id": "subnet-0db8423c592dd847b",
            "ipv6_cidr_block": "",
            "ipv6_cidr_block_association_id": "",
            "ipv6_native": false,
            "map_customer_owned_ip_on_launch": false,
            "map_public_ip_on_launch": false,
            "outpost_arn": "",
            "owner_id": "186703948765",
            "private_dns_hostname_type_on_launch": "ip-name",
            "tags": {
              "Name": "ecs-fargate-private-2"
            },
            "tags_all": {
              "CostCenter": "10001",
              "Environment": "Dev",
              "Name": "ecs-fargate-private-2",
              "Owner": "Sravan",
              "Project": "It_Support_System"
            },
            "timeouts": null,
            "vpc_id": "vpc-0be4aa3e63777d83a"
          },
          "sensitive_attributes": [],
          "identity_schema_version": 0,
          "private": "eyJlMmJmYjczMC1lY2FhLTExZTYtOGY4OC0zNDM2M2JjN2M0YzAiOnsiY3JlYXRlIjo2MDAwMDAwMDAwMDAsImRlbGV0ZSI6MTIwMDAwMDAwMDAwMH0sInNjaGVtYV92ZXJzaW9uIjoiMSJ9",
          "dependencies": [
            "aws_vpc.main"
          ]
        }
      ]
    },
    {
      "mode": "managed",
      "type": "aws_subnet",
      "name": "public_1",
      "provider": "provider[\"registry.terraform.io/hashicorp/aws\"]",
      "instances": [
        {
          "schema_version": 1,
          "attributes": {
            "arn": "arn:aws:ec2:ap-south-2:186703948765:subnet/subnet-07f80e2dac53ea21a",
            "assign_ipv6_address_on_creation": false,
            "availability_zone": "ap-south-2a",
            "availability_zone_id": "aps2-az1",
            "cidr_block": "10.0.1.0/24",
            "customer_owned_ipv4_pool": "",
            "enable_dns64": false,
            "enable_lni_at_device_index": 0,
            "enable_resource_name_dns_a_record_on_launch": false,
            "enable_resource_name_dns_aaaa_record_on_launch": false,
            "id": "subnet-07f80e2dac53ea21a",
            "ipv6_cidr_block": "",
            "ipv6_cidr_block_association_id": "",
            "ipv6_native": false,
            "map_customer_owned_ip_on_launch": false,
            "map_public_ip_on_launch": true,
            "outpost_arn": "",
            "owner_id": "186703948765",
            "private_dns_hostname_type_on_launch": "ip-name",
            "tags": {
              "Name": "ecs-fargate-public-1"
            },
            "tags_all": {
              "CostCenter": "10001",
              "Environment": "Dev",
              "Name": "ecs-fargate-public-1",
              "Owner": "Sravan",
              "Project": "It_Support_System"
            },
            "timeouts": null,
            "vpc_id": "vpc-0be4aa3e63777d83a"
          },
          "sensitive_attributes": [],
          "identity_schema_version": 0,
          "private": "eyJlMmJmYjczMC1lY2FhLTExZTYtOGY4OC0zNDM2M2JjN2M0YzAiOnsiY3JlYXRlIjo2MDAwMDAwMDAwMDAsImRlbGV0ZSI6MTIwMDAwMDAwMDAwMH0sInNjaGVtYV92ZXJzaW9uIjoiMSJ9",
          "dependencies": [
            "aws_vpc.main"
          ]
        }
      ]
    },
    {
      "mode": "managed",
      "type": "aws_subnet",
      "name": "public_2",
      "provider": "provider[\"registry.terraform.io/hashicorp/aws\"]",
      "instances": [
        {
          "schema_version": 1,
          "attributes": {
            "arn": "arn:aws:ec2:ap-south-2:186703948765:subnet/subnet-01a5e54f9b91a0e1f",
            "assign_ipv6_address_on_creation": false,
            "availability_zone": "ap-south-2b",
            "availability_zone_id": "aps2-az2",
            "cidr_block": "10.0.2.0/24",
            "customer_owned_ipv4_pool": "",
            "enable_dns64": false,
            "enable_lni_at_device_index": 0,
            "enable_resource_name_dns_a_record_on_launch": false,
            "enable_resource_name_dns_aaaa_record_on_launch": false,
            "id": "subnet-01a5e54f9b91a0e1f",
            "ipv6_cidr_block": "",
            "ipv6_cidr_block_association_id": "",
            "ipv6_native": false,
            "map_customer_owned_ip_on_launch": false,
            "map_public_ip_on_launch": true,
            "outpost_arn": "",
            "owner_id": "186703948765",
            "private_dns_hostname_type_on_launch": "ip-name",
            "tags": {
              "Name": "ecs-fargate-public-2"
            },
            "tags_all": {
              "CostCenter": "10001",
              "Environment": "Dev",
              "Name": "ecs-fargate-public-2",
              "Owner": "Sravan",
              "Project": "It_Support_System"
            },
            "timeouts": null,
            "vpc_id": "vpc-0be4aa3e63777d83a"
          },
          "sensitive_attributes": [],
          "identity_schema_version": 0,
          "private": "eyJlMmJmYjczMC1lY2FhLTExZTYtOGY4OC0zNDM2M2JjN2M0YzAiOnsiY3JlYXRlIjo2MDAwMDAwMDAwMDAsImRlbGV0ZSI6MTIwMDAwMDAwMDAwMH0sInNjaGVtYV92ZXJzaW9uIjoiMSJ9",
          "dependencies": [
            "aws_vpc.main"
          ]
        }
      ]
    },
    {
      "mode": "managed",
      "type": "aws_vpc",
      "name": "main",
      "provider": "provider[\"registry.terraform.io/hashicorp/aws\"]",
      "instances": [
        {
          "schema_version": 1,
          "attributes": {
            "arn": "arn:aws:ec2:ap-south-2:186703948765:vpc/vpc-0be4aa3e63777d83a",
            "assign_generated_ipv6_cidr_block": false,
            "cidr_block": "10.0.0.0/16",
            "default_network_acl_id": "acl-0dea064ec618b0474",
            "default_route_table_id": "rtb-0b36dfd1ff16c448b",
            "default_security_group_id": "sg-0b19849c0418a7a9b",
            "dhcp_options_id": "dopt-09abdeb224ea09d01",
            "enable_dns_hostnames": true,
            "enable_dns_support": true,
            "enable_network_address_usage_metrics": false,
            "id": "vpc-0be4aa3e63777d83a",
            "instance_tenancy": "default",
            "ipv4_ipam_pool_id": null,
            "ipv4_netmask_length": null,
            "ipv6_association_id": "",
            "ipv6_cidr_block": "",
            "ipv6_cidr_block_network_border_group": "",
            "ipv6_ipam_pool_id": "",
            "ipv6_netmask_length": 0,
            "main_route_table_id": "rtb-0b36dfd1ff16c448b",
            "owner_id": "186703948765",
            "tags": {
              "Name": "ecs-fargate-vpc"
            },
            "tags_all": {
              "CostCenter": "10001",
              "Environment": "Dev",
              "Name": "ecs-fargate-vpc",
              "Owner": "Sravan",
              "Project": "It_Support_System"
            }
          },
          "sensitive_attributes": [],
          "identity_schema_version": 0,
          "private": "eyJzY2hlbWFfdmVyc2lvbiI6IjEifQ=="
        }
      ]
    },
    {
      "mode": "managed",
      "type": "random_password",
      "name": "db_password",
      "provider": "provider[\"registry.terraform.io/hashicorp/random\"]",
      "instances": [
        {
          "schema_version": 3,
          "attributes": {
            "bcrypt_hash": "$2a$10$C2Pn/mcL5Up76gk2hxM9L.l5k1KzWAQJ2oql8DD1/EIvB/fhw.Ngi",
            "id": "none",
            "keepers": null,
            "length": 16,
            "lower": true,
            "min_lower": 0,
            "min_numeric": 0,
            "min_special": 0,
            "min_upper": 0,
            "number": true,
            "numeric": true,
            "override_special": null,
            "result": "wGznKRDqyaN9kQUB",
            "special": false,
            "upper": true
          },
          "sensitive_attributes": [
            [
              {
                "type": "get_attr",
                "value": "bcrypt_hash"
              }
            ],
            [
              {
                "type": "get_attr",
                "value": "result"
              }
            ]
          ],
          "identity_schema_version": 0
        }
      ]
    }
  ],
  "check_results": null
}
