{
  "version": 4,
  "terraform_version": "1.15.8",
  "serial": 585,
  "lineage": "df8d8f10-7443-b134-c78f-6991d8cfef38",
  "outputs": {},
  "resources": [
    {
      "mode": "managed",
      "type": "aws_db_subnet_group",
      "name": "db_subnets",
      "provider": "provider[\"registry.terraform.io/hashicorp/aws\"]",
      "instances": [
        {
          "schema_version": 0,
          "attributes": {
            "arn": "arn:aws:rds:ap-south-2:186703948765:subgrp:ecs-fargate-db-subnet-group",
            "description": "Managed by Terraform",
            "id": "ecs-fargate-db-subnet-group",
            "name": "ecs-fargate-db-subnet-group",
            "name_prefix": "",
            "subnet_ids": [
              "subnet-041e20723d56a7fbb",
              "subnet-0e9dc01ebadfc677d"
            ],
            "supported_network_types": [
              "IPV4"
            ],
            "tags": {},
            "tags_all": {
              "CostCenter": "10001",
              "Environment": "Dev",
              "Owner": "Sravan",
              "Project": "It_Support_System"
            },
            "vpc_id": "vpc-00327659d6d3f9781"
          },
          "sensitive_attributes": [],
          "identity_schema_version": 0,
          "private": "bnVsbA==",
          "dependencies": [
            "aws_subnet.private_1",
            "aws_subnet.private_2",
            "aws_vpc.main"
          ]
        }
      ]
    },
    {
      "mode": "managed",
      "type": "aws_security_group",
      "name": "alb",
      "provider": "provider[\"registry.terraform.io/hashicorp/aws\"]",
      "instances": [
        {
          "schema_version": 1,
          "attributes": {
            "arn": "arn:aws:ec2:ap-south-2:186703948765:security-group/sg-0aabc44983e7cfd4d",
            "description": "Access to the load balancer from the internet",
            "egress": [
              {
                "cidr_blocks": [
                  "0.0.0.0/0"
                ],
                "description": "",
                "from_port": 0,
                "ipv6_cidr_blocks": [],
                "prefix_list_ids": [],
                "protocol": "-1",
                "security_groups": [],
                "self": false,
                "to_port": 0
              }
            ],
            "id": "sg-0aabc44983e7cfd4d",
            "ingress": [
              {
                "cidr_blocks": [
                  "0.0.0.0/0"
                ],
                "description": "",
                "from_port": 80,
                "ipv6_cidr_blocks": [],
                "prefix_list_ids": [],
                "protocol": "tcp",
                "security_groups": [],
                "self": false,
                "to_port": 80
              },
              {
                "cidr_blocks": [
                  "0.0.0.0/0"
                ],
                "description": "",
                "from_port": 8761,
                "ipv6_cidr_blocks": [],
                "prefix_list_ids": [],
                "protocol": "tcp",
                "security_groups": [],
                "self": false,
                "to_port": 8761
              },
              {
                "cidr_blocks": [
                  "0.0.0.0/0"
                ],
                "description": "",
                "from_port": 8888,
                "ipv6_cidr_blocks": [],
                "prefix_list_ids": [],
                "protocol": "tcp",
                "security_groups": [],
                "self": false,
                "to_port": 8888
              }
            ],
            "name": "ecs-fargate-alb-sg-2026081104441486510000000d",
            "name_prefix": "ecs-fargate-alb-sg-",
            "owner_id": "186703948765",
            "revoke_rules_on_delete": false,
            "tags": {
              "Name": "ecs-fargate-alb-sg"
            },
            "tags_all": {
              "CostCenter": "10001",
              "Environment": "Dev",
              "Name": "ecs-fargate-alb-sg",
              "Owner": "Sravan",
              "Project": "It_Support_System"
            },
            "timeouts": null,
            "vpc_id": "vpc-00327659d6d3f9781"
          },
          "sensitive_attributes": [],
          "identity_schema_version": 0,
          "private": "eyJlMmJmYjczMC1lY2FhLTExZTYtOGY4OC0zNDM2M2JjN2M0YzAiOnsiY3JlYXRlIjo2MDAwMDAwMDAwMDAsImRlbGV0ZSI6OTAwMDAwMDAwMDAwfSwic2NoZW1hX3ZlcnNpb24iOiIxIn0=",
          "dependencies": [
            "aws_vpc.main"
          ]
        }
      ]
    },
    {
      "mode": "managed",
      "type": "aws_security_group",
      "name": "db_sg",
      "provider": "provider[\"registry.terraform.io/hashicorp/aws\"]",
      "instances": [
        {
          "schema_version": 1,
          "attributes": {
            "arn": "arn:aws:ec2:ap-south-2:186703948765:security-group/sg-00d0242468a164802",
            "description": "Managed by Terraform",
            "egress": [
              {
                "cidr_blocks": [
                  "0.0.0.0/0"
                ],
                "description": "",
                "from_port": 0,
                "ipv6_cidr_blocks": [],
                "prefix_list_ids": [],
                "protocol": "-1",
                "security_groups": [],
                "self": false,
                "to_port": 0
              }
            ],
            "id": "sg-00d0242468a164802",
            "ingress": [
              {
                "cidr_blocks": [],
                "description": "",
                "from_port": 3306,
                "ipv6_cidr_blocks": [],
                "prefix_list_ids": [],
                "protocol": "tcp",
                "security_groups": [
                  "sg-0de4e4ce6ab88de34"
                ],
                "self": false,
                "to_port": 3306
              }
            ],
            "name": "ecs-fargate-db-sg-20260811044424512100000012",
            "name_prefix": "ecs-fargate-db-sg-",
            "owner_id": "186703948765",
            "revoke_rules_on_delete": false,
            "tags": {
              "Name": "ecs-fargate-db-sg"
            },
            "tags_all": {
              "CostCenter": "10001",
              "Environment": "Dev",
              "Name": "ecs-fargate-db-sg",
              "Owner": "Sravan",
              "Project": "It_Support_System"
            },
            "timeouts": null,
            "vpc_id": "vpc-00327659d6d3f9781"
          },
          "sensitive_attributes": [],
          "identity_schema_version": 0,
          "private": "eyJlMmJmYjczMC1lY2FhLTExZTYtOGY4OC0zNDM2M2JjN2M0YzAiOnsiY3JlYXRlIjo2MDAwMDAwMDAwMDAsImRlbGV0ZSI6OTAwMDAwMDAwMDAwfSwic2NoZW1hX3ZlcnNpb24iOiIxIn0=",
          "dependencies": [
            "aws_security_group.alb",
            "aws_security_group.ecs_tasks",
            "aws_vpc.main"
          ]
        }
      ]
    },
    {
      "mode": "managed",
      "type": "aws_security_group",
      "name": "ecs_tasks",
      "provider": "provider[\"registry.terraform.io/hashicorp/aws\"]",
      "instances": [
        {
          "schema_version": 1,
          "attributes": {
            "arn": "arn:aws:ec2:ap-south-2:186703948765:security-group/sg-0de4e4ce6ab88de34",
            "description": "Access to the ECS tasks from the ALB only",
            "egress": [
              {
                "cidr_blocks": [
                  "0.0.0.0/0"
                ],
                "description": "",
                "from_port": 0,
                "ipv6_cidr_blocks": [],
                "prefix_list_ids": [],
                "protocol": "-1",
                "security_groups": [],
                "self": false,
                "to_port": 0
              }
            ],
            "id": "sg-0de4e4ce6ab88de34",
            "ingress": [
              {
                "cidr_blocks": [],
                "description": "",
                "from_port": 0,
                "ipv6_cidr_blocks": [],
                "prefix_list_ids": [],
                "protocol": "-1",
                "security_groups": [],
                "self": true,
                "to_port": 0
              },
              {
                "cidr_blocks": [],
                "description": "",
                "from_port": 0,
                "ipv6_cidr_blocks": [],
                "prefix_list_ids": [],
                "protocol": "tcp",
                "security_groups": [
                  "sg-0aabc44983e7cfd4d"
                ],
                "self": false,
                "to_port": 65535
              }
            ],
            "name": "ecs-fargate-tasks-sg-20260811044420190900000011",
            "name_prefix": "ecs-fargate-tasks-sg-",
            "owner_id": "186703948765",
            "revoke_rules_on_delete": false,
            "tags": {
              "Name": "ecs-fargate-tasks-sg"
            },
            "tags_all": {
              "CostCenter": "10001",
              "Environment": "Dev",
              "Name": "ecs-fargate-tasks-sg",
              "Owner": "Sravan",
              "Project": "It_Support_System"
            },
            "timeouts": null,
            "vpc_id": "vpc-00327659d6d3f9781"
          },
          "sensitive_attributes": [],
          "identity_schema_version": 0,
          "private": "eyJlMmJmYjczMC1lY2FhLTExZTYtOGY4OC0zNDM2M2JjN2M0YzAiOnsiY3JlYXRlIjo2MDAwMDAwMDAwMDAsImRlbGV0ZSI6OTAwMDAwMDAwMDAwfSwic2NoZW1hX3ZlcnNpb24iOiIxIn0=",
          "dependencies": [
            "aws_security_group.alb",
            "aws_vpc.main"
          ]
        }
      ]
    },
    {
      "mode": "managed",
      "type": "aws_subnet",
      "name": "private_1",
      "provider": "provider[\"registry.terraform.io/hashicorp/aws\"]",
      "instances": [
        {
          "schema_version": 1,
          "attributes": {
            "arn": "arn:aws:ec2:ap-south-2:186703948765:subnet/subnet-0e9dc01ebadfc677d",
            "assign_ipv6_address_on_creation": false,
            "availability_zone": "ap-south-2a",
            "availability_zone_id": "aps2-az1",
            "cidr_block": "10.0.3.0/24",
            "customer_owned_ipv4_pool": "",
            "enable_dns64": false,
            "enable_lni_at_device_index": 0,
            "enable_resource_name_dns_a_record_on_launch": false,
            "enable_resource_name_dns_aaaa_record_on_launch": false,
            "id": "subnet-0e9dc01ebadfc677d",
            "ipv6_cidr_block": "",
            "ipv6_cidr_block_association_id": "",
            "ipv6_native": false,
            "map_customer_owned_ip_on_launch": false,
            "map_public_ip_on_launch": false,
            "outpost_arn": "",
            "owner_id": "186703948765",
            "private_dns_hostname_type_on_launch": "ip-name",
            "tags": {
              "Name": "ecs-fargate-private-1"
            },
            "tags_all": {
              "CostCenter": "10001",
              "Environment": "Dev",
              "Name": "ecs-fargate-private-1",
              "Owner": "Sravan",
              "Project": "It_Support_System"
            },
            "timeouts": null,
            "vpc_id": "vpc-00327659d6d3f9781"
          },
          "sensitive_attributes": [],
          "identity_schema_version": 0,
          "private": "eyJlMmJmYjczMC1lY2FhLTExZTYtOGY4OC0zNDM2M2JjN2M0YzAiOnsiY3JlYXRlIjo2MDAwMDAwMDAwMDAsImRlbGV0ZSI6MTIwMDAwMDAwMDAwMH0sInNjaGVtYV92ZXJzaW9uIjoiMSJ9",
          "dependencies": [
            "aws_vpc.main"
          ]
        }
      ]
    },
    {
      "mode": "managed",
      "type": "aws_subnet",
      "name": "private_2",
      "provider": "provider[\"registry.terraform.io/hashicorp/aws\"]",
      "instances": [
        {
          "schema_version": 1,
          "attributes": {
            "arn": "arn:aws:ec2:ap-south-2:186703948765:subnet/subnet-041e20723d56a7fbb",
            "assign_ipv6_address_on_creation": false,
            "availability_zone": "ap-south-2b",
            "availability_zone_id": "aps2-az2",
            "cidr_block": "10.0.4.0/24",
            "customer_owned_ipv4_pool": "",
            "enable_dns64": false,
            "enable_lni_at_device_index": 0,
            "enable_resource_name_dns_a_record_on_launch": false,
            "enable_resource_name_dns_aaaa_record_on_launch": false,
            "id": "subnet-041e20723d56a7fbb",
            "ipv6_cidr_block": "",
            "ipv6_cidr_block_association_id": "",
            "ipv6_native": false,
            "map_customer_owned_ip_on_launch": false,
            "map_public_ip_on_launch": false,
            "outpost_arn": "",
            "owner_id": "186703948765",
            "private_dns_hostname_type_on_launch": "ip-name",
            "tags": {
              "Name": "ecs-fargate-private-2"
            },
            "tags_all": {
              "CostCenter": "10001",
              "Environment": "Dev",
              "Name": "ecs-fargate-private-2",
              "Owner": "Sravan",
              "Project": "It_Support_System"
            },
            "timeouts": null,
            "vpc_id": "vpc-00327659d6d3f9781"
          },
          "sensitive_attributes": [],
          "identity_schema_version": 0,
          "private": "eyJlMmJmYjczMC1lY2FhLTExZTYtOGY4OC0zNDM2M2JjN2M0YzAiOnsiY3JlYXRlIjo2MDAwMDAwMDAwMDAsImRlbGV0ZSI6MTIwMDAwMDAwMDAwMH0sInNjaGVtYV92ZXJzaW9uIjoiMSJ9",
          "dependencies": [
            "aws_vpc.main"
          ]
        }
      ]
    },
    {
      "mode": "managed",
      "type": "aws_vpc",
      "name": "main",
      "provider": "provider[\"registry.terraform.io/hashicorp/aws\"]",
      "instances": [
        {
          "schema_version": 1,
          "attributes": {
            "arn": "arn:aws:ec2:ap-south-2:186703948765:vpc/vpc-00327659d6d3f9781",
            "assign_generated_ipv6_cidr_block": false,
            "cidr_block": "10.0.0.0/16",
            "default_network_acl_id": "acl-0024e1fd05d24e54b",
            "default_route_table_id": "rtb-09a63d3738fb318b7",
            "default_security_group_id": "sg-04931e55cf01aa00e",
            "dhcp_options_id": "dopt-09abdeb224ea09d01",
            "enable_dns_hostnames": true,
            "enable_dns_support": true,
            "enable_network_address_usage_metrics": false,
            "id": "vpc-00327659d6d3f9781",
            "instance_tenancy": "default",
            "ipv4_ipam_pool_id": null,
            "ipv4_netmask_length": null,
            "ipv6_association_id": "",
            "ipv6_cidr_block": "",
            "ipv6_cidr_block_network_border_group": "",
            "ipv6_ipam_pool_id": "",
            "ipv6_netmask_length": 0,
            "main_route_table_id": "rtb-09a63d3738fb318b7",
            "owner_id": "186703948765",
            "tags": {
              "Name": "ecs-fargate-vpc"
            },
            "tags_all": {
              "CostCenter": "10001",
              "Environment": "Dev",
              "Name": "ecs-fargate-vpc",
              "Owner": "Sravan",
              "Project": "It_Support_System"
            }
          },
          "sensitive_attributes": [],
          "identity_schema_version": 0,
          "private": "eyJzY2hlbWFfdmVyc2lvbiI6IjEifQ=="
        }
      ]
    }
  ],
  "check_results": null
}
