{
  "version": 4,
  "terraform_version": "1.15.8",
  "serial": 438,
  "lineage": "df8d8f10-7443-b134-c78f-6991d8cfef38",
  "outputs": {},
  "resources": [
    {
      "mode": "managed",
      "type": "aws_ecr_repository",
      "name": "repos",
      "provider": "provider[\"registry.terraform.io/hashicorp/aws\"]",
      "instances": [
        {
          "index_key": "api-gateway",
          "schema_version": 0,
          "attributes": {
            "arn": "arn:aws:ecr:ap-south-2:186703948765:repository/api-gateway",
            "encryption_configuration": [
              {
                "encryption_type": "AES256",
                "kms_key": ""
              }
            ],
            "force_delete": null,
            "id": "api-gateway",
            "image_scanning_configuration": [
              {
                "scan_on_push": true
              }
            ],
            "image_tag_mutability": "MUTABLE",
            "name": "api-gateway",
            "registry_id": "186703948765",
            "repository_url": "186703948765.dkr.ecr.ap-south-2.amazonaws.com/api-gateway",
            "tags": {
              "Environment": "Dev"
            },
            "tags_all": {
              "CostCenter": "10001",
              "Environment": "Dev",
              "Owner": "Sravan",
              "Project": "It_Support_System"
            },
            "timeouts": null
          },
          "sensitive_attributes": [],
          "identity_schema_version": 0,
          "private": "eyJlMmJmYjczMC1lY2FhLTExZTYtOGY4OC0zNDM2M2JjN2M0YzAiOnsiZGVsZXRlIjoxMjAwMDAwMDAwMDAwfX0="
        },
        {
          "index_key": "attachment-service",
          "schema_version": 0,
          "attributes": {
            "arn": "arn:aws:ecr:ap-south-2:186703948765:repository/attachment-service",
            "encryption_configuration": [
              {
                "encryption_type": "AES256",
                "kms_key": ""
              }
            ],
            "force_delete": null,
            "id": "attachment-service",
            "image_scanning_configuration": [
              {
                "scan_on_push": true
              }
            ],
            "image_tag_mutability": "MUTABLE",
            "name": "attachment-service",
            "registry_id": "186703948765",
            "repository_url": "186703948765.dkr.ecr.ap-south-2.amazonaws.com/attachment-service",
            "tags": {
              "Environment": "Dev"
            },
            "tags_all": {
              "CostCenter": "10001",
              "Environment": "Dev",
              "Owner": "Sravan",
              "Project": "It_Support_System"
            },
            "timeouts": null
          },
          "sensitive_attributes": [],
          "identity_schema_version": 0,
          "private": "eyJlMmJmYjczMC1lY2FhLTExZTYtOGY4OC0zNDM2M2JjN2M0YzAiOnsiZGVsZXRlIjoxMjAwMDAwMDAwMDAwfX0="
        },
        {
          "index_key": "auth-service",
          "schema_version": 0,
          "attributes": {
            "arn": "arn:aws:ecr:ap-south-2:186703948765:repository/auth-service",
            "encryption_configuration": [
              {
                "encryption_type": "AES256",
                "kms_key": ""
              }
            ],
            "force_delete": null,
            "id": "auth-service",
            "image_scanning_configuration": [
              {
                "scan_on_push": true
              }
            ],
            "image_tag_mutability": "MUTABLE",
            "name": "auth-service",
            "registry_id": "186703948765",
            "repository_url": "186703948765.dkr.ecr.ap-south-2.amazonaws.com/auth-service",
            "tags": {
              "Environment": "Dev"
            },
            "tags_all": {
              "CostCenter": "10001",
              "Environment": "Dev",
              "Owner": "Sravan",
              "Project": "It_Support_System"
            },
            "timeouts": null
          },
          "sensitive_attributes": [],
          "identity_schema_version": 0,
          "private": "eyJlMmJmYjczMC1lY2FhLTExZTYtOGY4OC0zNDM2M2JjN2M0YzAiOnsiZGVsZXRlIjoxMjAwMDAwMDAwMDAwfX0="
        },
        {
          "index_key": "config-server",
          "schema_version": 0,
          "attributes": {
            "arn": "arn:aws:ecr:ap-south-2:186703948765:repository/config-server",
            "encryption_configuration": [
              {
                "encryption_type": "AES256",
                "kms_key": ""
              }
            ],
            "force_delete": null,
            "id": "config-server",
            "image_scanning_configuration": [
              {
                "scan_on_push": true
              }
            ],
            "image_tag_mutability": "MUTABLE",
            "name": "config-server",
            "registry_id": "186703948765",
            "repository_url": "186703948765.dkr.ecr.ap-south-2.amazonaws.com/config-server",
            "tags": {
              "Environment": "Dev"
            },
            "tags_all": {
              "CostCenter": "10001",
              "Environment": "Dev",
              "Owner": "Sravan",
              "Project": "It_Support_System"
            },
            "timeouts": null
          },
          "sensitive_attributes": [],
          "identity_schema_version": 0,
          "private": "eyJlMmJmYjczMC1lY2FhLTExZTYtOGY4OC0zNDM2M2JjN2M0YzAiOnsiZGVsZXRlIjoxMjAwMDAwMDAwMDAwfX0="
        },
        {
          "index_key": "discovery-server",
          "schema_version": 0,
          "attributes": {
            "arn": "arn:aws:ecr:ap-south-2:186703948765:repository/discovery-server",
            "encryption_configuration": [
              {
                "encryption_type": "AES256",
                "kms_key": ""
              }
            ],
            "force_delete": null,
            "id": "discovery-server",
            "image_scanning_configuration": [
              {
                "scan_on_push": true
              }
            ],
            "image_tag_mutability": "MUTABLE",
            "name": "discovery-server",
            "registry_id": "186703948765",
            "repository_url": "186703948765.dkr.ecr.ap-south-2.amazonaws.com/discovery-server",
            "tags": {
              "Environment": "Dev"
            },
            "tags_all": {
              "CostCenter": "10001",
              "Environment": "Dev",
              "Owner": "Sravan",
              "Project": "It_Support_System"
            },
            "timeouts": null
          },
          "sensitive_attributes": [],
          "identity_schema_version": 0,
          "private": "eyJlMmJmYjczMC1lY2FhLTExZTYtOGY4OC0zNDM2M2JjN2M0YzAiOnsiZGVsZXRlIjoxMjAwMDAwMDAwMDAwfX0="
        },
        {
          "index_key": "notification-service",
          "schema_version": 0,
          "attributes": {
            "arn": "arn:aws:ecr:ap-south-2:186703948765:repository/notification-service",
            "encryption_configuration": [
              {
                "encryption_type": "AES256",
                "kms_key": ""
              }
            ],
            "force_delete": null,
            "id": "notification-service",
            "image_scanning_configuration": [
              {
                "scan_on_push": true
              }
            ],
            "image_tag_mutability": "MUTABLE",
            "name": "notification-service",
            "registry_id": "186703948765",
            "repository_url": "186703948765.dkr.ecr.ap-south-2.amazonaws.com/notification-service",
            "tags": {
              "Environment": "Dev"
            },
            "tags_all": {
              "CostCenter": "10001",
              "Environment": "Dev",
              "Owner": "Sravan",
              "Project": "It_Support_System"
            },
            "timeouts": null
          },
          "sensitive_attributes": [],
          "identity_schema_version": 0,
          "private": "eyJlMmJmYjczMC1lY2FhLTExZTYtOGY4OC0zNDM2M2JjN2M0YzAiOnsiZGVsZXRlIjoxMjAwMDAwMDAwMDAwfX0="
        },
        {
          "index_key": "ticket-service",
          "schema_version": 0,
          "attributes": {
            "arn": "arn:aws:ecr:ap-south-2:186703948765:repository/ticket-service",
            "encryption_configuration": [
              {
                "encryption_type": "AES256",
                "kms_key": ""
              }
            ],
            "force_delete": null,
            "id": "ticket-service",
            "image_scanning_configuration": [
              {
                "scan_on_push": true
              }
            ],
            "image_tag_mutability": "MUTABLE",
            "name": "ticket-service",
            "registry_id": "186703948765",
            "repository_url": "186703948765.dkr.ecr.ap-south-2.amazonaws.com/ticket-service",
            "tags": {
              "Environment": "Dev"
            },
            "tags_all": {
              "CostCenter": "10001",
              "Environment": "Dev",
              "Owner": "Sravan",
              "Project": "It_Support_System"
            },
            "timeouts": null
          },
          "sensitive_attributes": [],
          "identity_schema_version": 0,
          "private": "eyJlMmJmYjczMC1lY2FhLTExZTYtOGY4OC0zNDM2M2JjN2M0YzAiOnsiZGVsZXRlIjoxMjAwMDAwMDAwMDAwfX0="
        },
        {
          "index_key": "ticketdesk-ui",
          "schema_version": 0,
          "attributes": {
            "arn": "arn:aws:ecr:ap-south-2:186703948765:repository/ticketdesk-ui",
            "encryption_configuration": [
              {
                "encryption_type": "AES256",
                "kms_key": ""
              }
            ],
            "force_delete": null,
            "id": "ticketdesk-ui",
            "image_scanning_configuration": [
              {
                "scan_on_push": true
              }
            ],
            "image_tag_mutability": "MUTABLE",
            "name": "ticketdesk-ui",
            "registry_id": "186703948765",
            "repository_url": "186703948765.dkr.ecr.ap-south-2.amazonaws.com/ticketdesk-ui",
            "tags": {
              "Environment": "Dev"
            },
            "tags_all": {
              "CostCenter": "10001",
              "Environment": "Dev",
              "Owner": "Sravan",
              "Project": "It_Support_System"
            },
            "timeouts": null
          },
          "sensitive_attributes": [],
          "identity_schema_version": 0,
          "private": "eyJlMmJmYjczMC1lY2FhLTExZTYtOGY4OC0zNDM2M2JjN2M0YzAiOnsiZGVsZXRlIjoxMjAwMDAwMDAwMDAwfX0="
        }
      ]
    }
  ],
  "check_results": null
}
